<?xml version="1.0" encoding="utf-8"?>
<Project ToolsVersion="4.0" xmlns="http://schemas.microsoft.com/developer/msbuild/2003">
  <ItemGroup>
    <Filter Include="Source Files">
      <UniqueIdentifier>{4FC737F1-C7A5-4376-A066-2A32D752A2FF}</UniqueIdentifier>
      <Extensions>cpp;c;cc;cxx;def;odl;idl;hpj;bat;asm;asmx</Extensions>
    </Filter>
    <Filter Include="Header Files">
      <UniqueIdentifier>{93995380-89BD-4b04-88EB-625FBE52EBFB}</UniqueIdentifier>
      <Extensions>h;hh;hpp;hxx;hm;inl;inc;xsd</Extensions>
    </Filter>
    <Filter Include="Resource Files">
      <UniqueIdentifier>{67DA6AB6-F800-4c08-8B7A-83BB121AAD01}</UniqueIdentifier>
      <Extensions>rc;ico;cur;bmp;dlg;rc2;rct;bin;rgs;gif;jpg;jpeg;jpe;resx;tiff;tif;png;wav;mfcribbon-ms</Extensions>
    </Filter>
  </ItemGroup>
  <ItemGroup>
    <ClCompile Include="Algorithms.cpp">
      <Filter>Source Files</Filter>
    </ClCompile>
    <ClCompile Include="AllocationException.cpp">
      <Filter>Source Files</Filter>
    </ClCompile>
    <ClCompile Include="AssertionException.cpp">
      <Filter>Source Files</Filter>
    </ClCompile>
    <ClCompile Include="CfgBitParm.cpp">
      <Filter>Source Files</Filter>
    </ClCompile>
    <ClCompile Include="CfgBoolParm.cpp">
      <Filter>Source Files</Filter>
    </ClCompile>
    <ClCompile Include="CfgFlagParm.cpp">
      <Filter>Source Files</Filter>
    </ClCompile>
    <ClCompile Include="CfgIntParm.cpp">
      <Filter>Source Files</Filter>
    </ClCompile>
    <ClCompile Include="CfgParm.cpp">
      <Filter>Source Files</Filter>
    </ClCompile>
    <ClCompile Include="CfgParmRegistry.cpp">
      <Filter>Source Files</Filter>
    </ClCompile>
    <ClCompile Include="CfgStrParm.cpp">
      <Filter>Source Files</Filter>
    </ClCompile>
    <ClCompile Include="CfgTuple.cpp">
      <Filter>Source Files</Filter>
    </ClCompile>
    <ClCompile Include="CinThread.cpp">
      <Filter>Source Files</Filter>
    </ClCompile>
    <ClCompile Include="Class.cpp">
      <Filter>Source Files</Filter>
    </ClCompile>
    <ClCompile Include="ClassRegistry.cpp">
      <Filter>Source Files</Filter>
    </ClCompile>
    <ClCompile Include="CliAppData.cpp">
      <Filter>Source Files</Filter>
    </ClCompile>
    <ClCompile Include="CliBoolParm.cpp">
      <Filter>Source Files</Filter>
    </ClCompile>
    <ClCompile Include="CliBuffer.cpp">
      <Filter>Source Files</Filter>
    </ClCompile>
    <ClCompile Include="CliCharParm.cpp">
      <Filter>Source Files</Filter>
    </ClCompile>
    <ClCompile Include="CliCommand.cpp">
      <Filter>Source Files</Filter>
    </ClCompile>
    <ClCompile Include="CliCommandSet.cpp">
      <Filter>Source Files</Filter>
    </ClCompile>
    <ClCompile Include="CliCookie.cpp">
      <Filter>Source Files</Filter>
    </ClCompile>
    <ClCompile Include="CliIncrement.cpp">
      <Filter>Source Files</Filter>
    </ClCompile>
    <ClCompile Include="CliIntParm.cpp">
      <Filter>Source Files</Filter>
    </ClCompile>
    <ClCompile Include="CliParm.cpp">
      <Filter>Source Files</Filter>
    </ClCompile>
    <ClCompile Include="CliPtrParm.cpp">
      <Filter>Source Files</Filter>
    </ClCompile>
    <ClCompile Include="CliRegistry.cpp">
      <Filter>Source Files</Filter>
    </ClCompile>
    <ClCompile Include="CliStack.cpp">
      <Filter>Source Files</Filter>
    </ClCompile>
    <ClCompile Include="CliText.cpp">
      <Filter>Source Files</Filter>
    </ClCompile>
    <ClCompile Include="CliTextParm.cpp">
      <Filter>Source Files</Filter>
    </ClCompile>
    <ClCompile Include="CliThread.cpp">
      <Filter>Source Files</Filter>
    </ClCompile>
    <ClCompile Include="CoutThread.cpp">
      <Filter>Source Files</Filter>
    </ClCompile>
    <ClCompile Include="Debug.cpp">
      <Filter>Source Files</Filter>
    </ClCompile>
    <ClCompile Include="Element.cpp">
      <Filter>Source Files</Filter>
    </ClCompile>
    <ClCompile Include="ElementException.cpp">
      <Filter>Source Files</Filter>
    </ClCompile>
    <ClCompile Include="Exception.cpp">
      <Filter>Source Files</Filter>
    </ClCompile>
    <ClCompile Include="FileThread.cpp">
      <Filter>Source Files</Filter>
    </ClCompile>
    <ClCompile Include="Formatters.cpp">
      <Filter>Source Files</Filter>
    </ClCompile>
    <ClCompile Include="FunctionGuard.cpp">
      <Filter>Source Files</Filter>
    </ClCompile>
    <ClCompile Include="FunctionTrace.cpp">
      <Filter>Source Files</Filter>
    </ClCompile>
    <ClCompile Include="InitFlags.cpp">
      <Filter>Source Files</Filter>
    </ClCompile>
    <ClCompile Include="InitThread.cpp">
      <Filter>Source Files</Filter>
    </ClCompile>
    <ClCompile Include="LeakyBucketCounter.cpp">
      <Filter>Source Files</Filter>
    </ClCompile>
    <ClCompile Include="LogThread.cpp">
      <Filter>Source Files</Filter>
    </ClCompile>
    <ClCompile Include="Memory.cpp">
      <Filter>Source Files</Filter>
    </ClCompile>
    <ClCompile Include="MemoryTrace.cpp">
      <Filter>Source Files</Filter>
    </ClCompile>
    <ClCompile Include="Module.cpp">
      <Filter>Source Files</Filter>
    </ClCompile>
    <ClCompile Include="MsgBuffer.cpp">
      <Filter>Source Files</Filter>
    </ClCompile>
    <ClCompile Include="MutexGuard.cpp">
      <Filter>Source Files</Filter>
    </ClCompile>
    <ClCompile Include="NbCliParms.cpp">
      <Filter>Source Files</Filter>
    </ClCompile>
    <ClCompile Include="NbIncrement.cpp">
      <Filter>Source Files</Filter>
    </ClCompile>
    <ClCompile Include="NbModule.cpp">
      <Filter>Source Files</Filter>
    </ClCompile>
    <ClCompile Include="NbPools.cpp">
      <Filter>Source Files</Filter>
    </ClCompile>
    <ClCompile Include="NbSignals.cpp">
      <Filter>Source Files</Filter>
    </ClCompile>
    <ClCompile Include="NbTracer.cpp">
      <Filter>Source Files</Filter>
    </ClCompile>
    <ClCompile Include="ObjectPool.cpp">
      <Filter>Source Files</Filter>
    </ClCompile>
    <ClCompile Include="ObjectPoolAudit.cpp">
      <Filter>Source Files</Filter>
    </ClCompile>
    <ClCompile Include="ObjectPoolRegistry.cpp">
      <Filter>Source Files</Filter>
    </ClCompile>
    <ClCompile Include="ObjectPoolTrace.cpp">
      <Filter>Source Files</Filter>
    </ClCompile>
    <ClCompile Include="PooledClass.cpp">
      <Filter>Source Files</Filter>
    </ClCompile>
    <ClCompile Include="PosixSignal.cpp">
      <Filter>Source Files</Filter>
    </ClCompile>
    <ClCompile Include="PosixSignalRegistry.cpp">
      <Filter>Source Files</Filter>
    </ClCompile>
    <ClCompile Include="Q1Link.cpp">
      <Filter>Source Files</Filter>
    </ClCompile>
    <ClCompile Include="Q2Link.cpp">
      <Filter>Source Files</Filter>
    </ClCompile>
    <ClCompile Include="RegCell.cpp">
      <Filter>Source Files</Filter>
    </ClCompile>
    <ClCompile Include="Restart.cpp">
      <Filter>Source Files</Filter>
    </ClCompile>
    <ClCompile Include="RootThread.cpp">
      <Filter>Source Files</Filter>
    </ClCompile>
    <ClCompile Include="SignalException.cpp">
      <Filter>Source Files</Filter>
    </ClCompile>
    <ClCompile Include="Singletons.cpp">
      <Filter>Source Files</Filter>
    </ClCompile>
    <ClCompile Include="SoftwareException.cpp">
      <Filter>Source Files</Filter>
    </ClCompile>
    <ClCompile Include="Statistics.cpp">
      <Filter>Source Files</Filter>
    </ClCompile>
    <ClCompile Include="StatisticsGroup.cpp">
      <Filter>Source Files</Filter>
    </ClCompile>
    <ClCompile Include="StatisticsRegistry.cpp">
      <Filter>Source Files</Filter>
    </ClCompile>
    <ClCompile Include="StatisticsThread.cpp">
      <Filter>Source Files</Filter>
    </ClCompile>
    <ClCompile Include="StreamRequest.cpp">
      <Filter>Source Files</Filter>
    </ClCompile>
    <ClCompile Include="Symbol.cpp">
      <Filter>Source Files</Filter>
    </ClCompile>
    <ClCompile Include="SymbolRegistry.cpp">
      <Filter>Source Files</Filter>
    </ClCompile>
    <ClCompile Include="SysConsole.cpp">
      <Filter>Source Files</Filter>
    </ClCompile>
    <ClCompile Include="SysFile.cpp">
      <Filter>Source Files</Filter>
    </ClCompile>
    <ClCompile Include="SysHeap.win.cpp">
      <Filter>Source Files</Filter>
    </ClCompile>
    <ClCompile Include="SysMemory.win.cpp">
      <Filter>Source Files</Filter>
    </ClCompile>
    <ClCompile Include="SysMutex.cpp">
      <Filter>Source Files</Filter>
    </ClCompile>
    <ClCompile Include="SysMutex.win.cpp">
      <Filter>Source Files</Filter>
    </ClCompile>
    <ClCompile Include="SysSignals.cpp">
      <Filter>Source Files</Filter>
    </ClCompile>
    <ClCompile Include="SysSignals.win.cpp">
      <Filter>Source Files</Filter>
    </ClCompile>
    <ClCompile Include="SysThread.win.cpp">
      <Filter>Source Files</Filter>
    </ClCompile>
    <ClCompile Include="SysTickTimer.win.cpp">
      <Filter>Source Files</Filter>
    </ClCompile>
    <ClCompile Include="SysTime.cpp">
      <Filter>Source Files</Filter>
    </ClCompile>
    <ClCompile Include="SysTime.win.cpp">
      <Filter>Source Files</Filter>
    </ClCompile>
    <ClCompile Include="SysTypes.cpp">
      <Filter>Source Files</Filter>
    </ClCompile>
    <ClCompile Include="ThisThread.cpp">
      <Filter>Source Files</Filter>
    </ClCompile>
    <ClCompile Include="Thread.cpp">
      <Filter>Source Files</Filter>
    </ClCompile>
    <ClCompile Include="ThreadAdmin.cpp">
      <Filter>Source Files</Filter>
    </ClCompile>
    <ClCompile Include="ThreadRegistry.cpp">
      <Filter>Source Files</Filter>
    </ClCompile>
    <ClCompile Include="TimedRecord.cpp">
      <Filter>Source Files</Filter>
    </ClCompile>
    <ClCompile Include="Tool.cpp">
      <Filter>Source Files</Filter>
    </ClCompile>
    <ClCompile Include="ToolRegistry.cpp">
      <Filter>Source Files</Filter>
    </ClCompile>
    <ClCompile Include="ToolTypes.cpp">
      <Filter>Source Files</Filter>
    </ClCompile>
    <ClCompile Include="TraceBuffer.cpp">
      <Filter>Source Files</Filter>
    </ClCompile>
    <ClCompile Include="TraceDump.cpp">
      <Filter>Source Files</Filter>
    </ClCompile>
    <ClCompile Include="TraceRecord.cpp">
      <Filter>Source Files</Filter>
    </ClCompile>
    <ClCompile Include="ModuleRegistry.cpp">
      <Filter>Source Files</Filter>
    </ClCompile>
    <ClCompile Include="FunctionName.cpp">
      <Filter>Source Files</Filter>
    </ClCompile>
    <ClCompile Include="Log.cpp">
      <Filter>Source Files</Filter>
    </ClCompile>
    <ClCompile Include="SysThreadStack.win.cpp">
      <Filter>Source Files</Filter>
    </ClCompile>
    <ClCompile Include="PermanentHeap.cpp">
      <Filter>Source Files</Filter>
    </ClCompile>
    <ClCompile Include="SysThread.cpp">
      <Filter>Source Files</Filter>
    </ClCompile>
    <ClCompile Include="NbTypes.cpp">
      <Filter>Source Files</Filter>
    </ClCompile>
    <ClCompile Include="Immutable.cpp">
      <Filter>Source Files</Filter>
    </ClCompile>
    <ClCompile Include="Dynamic.cpp">
      <Filter>Source Files</Filter>
    </ClCompile>
    <ClCompile Include="Permanent.cpp">
      <Filter>Source Files</Filter>
    </ClCompile>
    <ClCompile Include="Protected.cpp">
      <Filter>Source Files</Filter>
    </ClCompile>
    <ClCompile Include="Pooled.cpp">
      <Filter>Source Files</Filter>
    </ClCompile>
    <ClCompile Include="Base.cpp">
      <Filter>Source Files</Filter>
    </ClCompile>
    <ClCompile Include="Object.cpp">
      <Filter>Source Files</Filter>
    </ClCompile>
    <ClCompile Include="Temporary.cpp">
      <Filter>Source Files</Filter>
    </ClCompile>
    <ClCompile Include="SysFile.win.cpp">
      <Filter>Source Files</Filter>
    </ClCompile>
    <ClCompile Include="SysConsole.win.cpp">
      <Filter>Source Files</Filter>
    </ClCompile>
    <ClCompile Include="LogGroupRegistry.cpp">
      <Filter>Source Files</Filter>
    </ClCompile>
    <ClCompile Include="LogGroup.cpp">
      <Filter>Source Files</Filter>
    </ClCompile>
    <ClCompile Include="LogBuffer.cpp">
      <Filter>Source Files</Filter>
    </ClCompile>
    <ClCompile Include="Alarm.cpp">
      <Filter>Source Files</Filter>
    </ClCompile>
    <ClCompile Include="AlarmRegistry.cpp">
      <Filter>Source Files</Filter>
    </ClCompile>
    <ClCompile Include="LogBufferRegistry.cpp">
      <Filter>Source Files</Filter>
    </ClCompile>
    <ClCompile Include="NbLogs.cpp">
      <Filter>Source Files</Filter>
    </ClCompile>
    <ClCompile Include="MutexRegistry.cpp">
      <Filter>Source Files</Filter>
    </ClCompile>
    <ClCompile Include="Daemon.cpp">
      <Filter>Source Files</Filter>
    </ClCompile>
    <ClCompile Include="DaemonRegistry.cpp">
      <Filter>Source Files</Filter>
    </ClCompile>
    <ClCompile Include="NbDaemons.cpp">
      <Filter>Source Files</Filter>
    </ClCompile>
    <ClCompile Include="SysLock.cpp">
      <Filter>Source Files</Filter>
    </ClCompile>
    <ClCompile Include="SysLock.win.cpp">
      <Filter>Source Files</Filter>
    </ClCompile>
    <ClCompile Include="Persistent.cpp">
      <Filter>Source Files</Filter>
    </ClCompile>
    <ClCompile Include="Heap.cpp">
      <Filter>Source Files</Filter>
    </ClCompile>
    <ClCompile Include="NbHeap.cpp">
      <Filter>Source Files</Filter>
    </ClCompile>
    <ClCompile Include="MainArgs.cpp">
      <Filter>Source Files</Filter>
    </ClCompile>
    <ClCompile Include="Duration.cpp">
      <Filter>Source Files</Filter>
    </ClCompile>
    <ClCompile Include="TimePoint.cpp">
      <Filter>Source Files</Filter>
    </ClCompile>
    <ClCompile Include="SysTickTimer.cpp">
      <Filter>Source Files</Filter>
    </ClCompile>
  </ItemGroup>
  <ItemGroup>
    <ClInclude Include="Algorithms.h">
      <Filter>Header Files</Filter>
    </ClInclude>
    <ClInclude Include="AllocationException.h">
      <Filter>Header Files</Filter>
    </ClInclude>
    <ClInclude Include="AssertionException.h">
      <Filter>Header Files</Filter>
    </ClInclude>
    <ClInclude Include="CfgBitParm.h">
      <Filter>Header Files</Filter>
    </ClInclude>
    <ClInclude Include="CfgBoolParm.h">
      <Filter>Header Files</Filter>
    </ClInclude>
    <ClInclude Include="CfgFlagParm.h">
      <Filter>Header Files</Filter>
    </ClInclude>
    <ClInclude Include="CfgIntParm.h">
      <Filter>Header Files</Filter>
    </ClInclude>
    <ClInclude Include="CfgParm.h">
      <Filter>Header Files</Filter>
    </ClInclude>
    <ClInclude Include="CfgParmRegistry.h">
      <Filter>Header Files</Filter>
    </ClInclude>
    <ClInclude Include="CfgStrParm.h">
      <Filter>Header Files</Filter>
    </ClInclude>
    <ClInclude Include="CfgTuple.h">
      <Filter>Header Files</Filter>
    </ClInclude>
    <ClInclude Include="CinThread.h">
      <Filter>Header Files</Filter>
    </ClInclude>
    <ClInclude Include="Class.h">
      <Filter>Header Files</Filter>
    </ClInclude>
    <ClInclude Include="ClassRegistry.h">
      <Filter>Header Files</Filter>
    </ClInclude>
    <ClInclude Include="CliAppData.h">
      <Filter>Header Files</Filter>
    </ClInclude>
    <ClInclude Include="CliBoolParm.h">
      <Filter>Header Files</Filter>
    </ClInclude>
    <ClInclude Include="CliBuffer.h">
      <Filter>Header Files</Filter>
    </ClInclude>
    <ClInclude Include="CliCharParm.h">
      <Filter>Header Files</Filter>
    </ClInclude>
    <ClInclude Include="CliCommand.h">
      <Filter>Header Files</Filter>
    </ClInclude>
    <ClInclude Include="CliCommandSet.h">
      <Filter>Header Files</Filter>
    </ClInclude>
    <ClInclude Include="CliCookie.h">
      <Filter>Header Files</Filter>
    </ClInclude>
    <ClInclude Include="CliIncrement.h">
      <Filter>Header Files</Filter>
    </ClInclude>
    <ClInclude Include="CliIntParm.h">
      <Filter>Header Files</Filter>
    </ClInclude>
    <ClInclude Include="CliParm.h">
      <Filter>Header Files</Filter>
    </ClInclude>
    <ClInclude Include="CliPtrParm.h">
      <Filter>Header Files</Filter>
    </ClInclude>
    <ClInclude Include="CliRegistry.h">
      <Filter>Header Files</Filter>
    </ClInclude>
    <ClInclude Include="CliStack.h">
      <Filter>Header Files</Filter>
    </ClInclude>
    <ClInclude Include="CliText.h">
      <Filter>Header Files</Filter>
    </ClInclude>
    <ClInclude Include="CliTextParm.h">
      <Filter>Header Files</Filter>
    </ClInclude>
    <ClInclude Include="CliThread.h">
      <Filter>Header Files</Filter>
    </ClInclude>
    <ClInclude Include="CoutThread.h">
      <Filter>Header Files</Filter>
    </ClInclude>
    <ClInclude Include="Debug.h">
      <Filter>Header Files</Filter>
    </ClInclude>
    <ClInclude Include="Element.h">
      <Filter>Header Files</Filter>
    </ClInclude>
    <ClInclude Include="ElementException.h">
      <Filter>Header Files</Filter>
    </ClInclude>
    <ClInclude Include="Exception.h">
      <Filter>Header Files</Filter>
    </ClInclude>
    <ClInclude Include="FileThread.h">
      <Filter>Header Files</Filter>
    </ClInclude>
    <ClInclude Include="Formatters.h">
      <Filter>Header Files</Filter>
    </ClInclude>
    <ClInclude Include="FunctionGuard.h">
      <Filter>Header Files</Filter>
    </ClInclude>
    <ClInclude Include="FunctionTrace.h">
      <Filter>Header Files</Filter>
    </ClInclude>
    <ClInclude Include="InitFlags.h">
      <Filter>Header Files</Filter>
    </ClInclude>
    <ClInclude Include="InitThread.h">
      <Filter>Header Files</Filter>
    </ClInclude>
    <ClInclude Include="LeakyBucketCounter.h">
      <Filter>Header Files</Filter>
    </ClInclude>
    <ClInclude Include="LogThread.h">
      <Filter>Header Files</Filter>
    </ClInclude>
    <ClInclude Include="Memory.h">
      <Filter>Header Files</Filter>
    </ClInclude>
    <ClInclude Include="MemoryTrace.h">
      <Filter>Header Files</Filter>
    </ClInclude>
    <ClInclude Include="Module.h">
      <Filter>Header Files</Filter>
    </ClInclude>
    <ClInclude Include="MsgBuffer.h">
      <Filter>Header Files</Filter>
    </ClInclude>
    <ClInclude Include="MutexGuard.h">
      <Filter>Header Files</Filter>
    </ClInclude>
    <ClInclude Include="NbAppIds.h">
      <Filter>Header Files</Filter>
    </ClInclude>
    <ClInclude Include="NbCliParms.h">
      <Filter>Header Files</Filter>
    </ClInclude>
    <ClInclude Include="NbIncrement.h">
      <Filter>Header Files</Filter>
    </ClInclude>
    <ClInclude Include="NbModule.h">
      <Filter>Header Files</Filter>
    </ClInclude>
    <ClInclude Include="NbPools.h">
      <Filter>Header Files</Filter>
    </ClInclude>
    <ClInclude Include="NbSignals.h">
      <Filter>Header Files</Filter>
    </ClInclude>
    <ClInclude Include="NbTracer.h">
      <Filter>Header Files</Filter>
    </ClInclude>
    <ClInclude Include="NbTypes.h">
      <Filter>Header Files</Filter>
    </ClInclude>
    <ClInclude Include="ObjectPool.h">
      <Filter>Header Files</Filter>
    </ClInclude>
    <ClInclude Include="ObjectPoolAudit.h">
      <Filter>Header Files</Filter>
    </ClInclude>
    <ClInclude Include="ObjectPoolRegistry.h">
      <Filter>Header Files</Filter>
    </ClInclude>
    <ClInclude Include="ObjectPoolTrace.h">
      <Filter>Header Files</Filter>
    </ClInclude>
    <ClInclude Include="PooledClass.h">
      <Filter>Header Files</Filter>
    </ClInclude>
    <ClInclude Include="PosixSignal.h">
      <Filter>Header Files</Filter>
    </ClInclude>
    <ClInclude Include="PosixSignalRegistry.h">
      <Filter>Header Files</Filter>
    </ClInclude>
    <ClInclude Include="Q1Link.h">
      <Filter>Header Files</Filter>
    </ClInclude>
    <ClInclude Include="Q1Way.h">
      <Filter>Header Files</Filter>
    </ClInclude>
    <ClInclude Include="Q2Link.h">
      <Filter>Header Files</Filter>
    </ClInclude>
    <ClInclude Include="Q2Way.h">
      <Filter>Header Files</Filter>
    </ClInclude>
    <ClInclude Include="RegCell.h">
      <Filter>Header Files</Filter>
    </ClInclude>
    <ClInclude Include="Registry.h">
      <Filter>Header Files</Filter>
    </ClInclude>
    <ClInclude Include="Restart.h">
      <Filter>Header Files</Filter>
    </ClInclude>
    <ClInclude Include="RootThread.h">
      <Filter>Header Files</Filter>
    </ClInclude>
    <ClInclude Include="SignalException.h">
      <Filter>Header Files</Filter>
    </ClInclude>
    <ClInclude Include="Singleton.h">
      <Filter>Header Files</Filter>
    </ClInclude>
    <ClInclude Include="Singletons.h">
      <Filter>Header Files</Filter>
    </ClInclude>
    <ClInclude Include="SoftwareException.h">
      <Filter>Header Files</Filter>
    </ClInclude>
    <ClInclude Include="Statistics.h">
      <Filter>Header Files</Filter>
    </ClInclude>
    <ClInclude Include="StatisticsGroup.h">
      <Filter>Header Files</Filter>
    </ClInclude>
    <ClInclude Include="StatisticsRegistry.h">
      <Filter>Header Files</Filter>
    </ClInclude>
    <ClInclude Include="StatisticsThread.h">
      <Filter>Header Files</Filter>
    </ClInclude>
    <ClInclude Include="StreamRequest.h">
      <Filter>Header Files</Filter>
    </ClInclude>
    <ClInclude Include="Symbol.h">
      <Filter>Header Files</Filter>
    </ClInclude>
    <ClInclude Include="SymbolRegistry.h">
      <Filter>Header Files</Filter>
    </ClInclude>
    <ClInclude Include="SysConsole.h">
      <Filter>Header Files</Filter>
    </ClInclude>
    <ClInclude Include="SysFile.h">
      <Filter>Header Files</Filter>
    </ClInclude>
    <ClInclude Include="SysHeap.h">
      <Filter>Header Files</Filter>
    </ClInclude>
    <ClInclude Include="SysMemory.h">
      <Filter>Header Files</Filter>
    </ClInclude>
    <ClInclude Include="SysMutex.h">
      <Filter>Header Files</Filter>
    </ClInclude>
    <ClInclude Include="SysSignals.h">
      <Filter>Header Files</Filter>
    </ClInclude>
    <ClInclude Include="SysThread.h">
      <Filter>Header Files</Filter>
    </ClInclude>
    <ClInclude Include="SysTickTimer.h">
      <Filter>Header Files</Filter>
    </ClInclude>
    <ClInclude Include="SysTime.h">
      <Filter>Header Files</Filter>
    </ClInclude>
    <ClInclude Include="SysTypes.h">
      <Filter>Header Files</Filter>
    </ClInclude>
    <ClInclude Include="ThisThread.h">
      <Filter>Header Files</Filter>
    </ClInclude>
    <ClInclude Include="Thread.h">
      <Filter>Header Files</Filter>
    </ClInclude>
    <ClInclude Include="ThreadAdmin.h">
      <Filter>Header Files</Filter>
    </ClInclude>
    <ClInclude Include="ThreadRegistry.h">
      <Filter>Header Files</Filter>
    </ClInclude>
    <ClInclude Include="TimedRecord.h">
      <Filter>Header Files</Filter>
    </ClInclude>
    <ClInclude Include="Tool.h">
      <Filter>Header Files</Filter>
    </ClInclude>
    <ClInclude Include="ToolRegistry.h">
      <Filter>Header Files</Filter>
    </ClInclude>
    <ClInclude Include="ToolTypes.h">
      <Filter>Header Files</Filter>
    </ClInclude>
    <ClInclude Include="TraceBuffer.h">
      <Filter>Header Files</Filter>
    </ClInclude>
    <ClInclude Include="TraceDump.h">
      <Filter>Header Files</Filter>
    </ClInclude>
    <ClInclude Include="TraceRecord.h">
      <Filter>Header Files</Filter>
    </ClInclude>
    <ClInclude Include="ModuleRegistry.h">
      <Filter>Header Files</Filter>
    </ClInclude>
    <ClInclude Include="FunctionName.h">
      <Filter>Header Files</Filter>
    </ClInclude>
    <ClInclude Include="Log.h">
      <Filter>Header Files</Filter>
    </ClInclude>
    <ClInclude Include="SysThreadStack.h">
      <Filter>Header Files</Filter>
    </ClInclude>
    <ClInclude Include="Array.h">
      <Filter>Header Files</Filter>
    </ClInclude>
    <ClInclude Include="PermanentHeap.h">
      <Filter>Header Files</Filter>
    </ClInclude>
    <ClInclude Include="Allocators.h">
      <Filter>Header Files</Filter>
    </ClInclude>
    <ClInclude Include="SysDecls.h">
      <Filter>Header Files</Filter>
    </ClInclude>
    <ClInclude Include="Immutable.h">
      <Filter>Header Files</Filter>
    </ClInclude>
    <ClInclude Include="Dynamic.h">
      <Filter>Header Files</Filter>
    </ClInclude>
    <ClInclude Include="Permanent.h">
      <Filter>Header Files</Filter>
    </ClInclude>
    <ClInclude Include="Protected.h">
      <Filter>Header Files</Filter>
    </ClInclude>
    <ClInclude Include="Pooled.h">
      <Filter>Header Files</Filter>
    </ClInclude>
    <ClInclude Include="Base.h">
      <Filter>Header Files</Filter>
    </ClInclude>
    <ClInclude Include="Object.h">
      <Filter>Header Files</Filter>
    </ClInclude>
    <ClInclude Include="Temporary.h">
      <Filter>Header Files</Filter>
    </ClInclude>
    <ClInclude Include="LogGroupRegistry.h">
      <Filter>Header Files</Filter>
    </ClInclude>
    <ClInclude Include="LogGroup.h">
      <Filter>Header Files</Filter>
    </ClInclude>
    <ClInclude Include="LogBuffer.h">
      <Filter>Header Files</Filter>
    </ClInclude>
    <ClInclude Include="Alarm.h">
      <Filter>Header Files</Filter>
    </ClInclude>
    <ClInclude Include="AlarmRegistry.h">
      <Filter>Header Files</Filter>
    </ClInclude>
    <ClInclude Include="LogBufferRegistry.h">
      <Filter>Header Files</Filter>
    </ClInclude>
    <ClInclude Include="NbLogs.h">
      <Filter>Header Files</Filter>
    </ClInclude>
    <ClInclude Include="CallbackRequest.h">
      <Filter>Header Files</Filter>
    </ClInclude>
    <ClInclude Include="MutexRegistry.h">
      <Filter>Header Files</Filter>
    </ClInclude>
    <ClInclude Include="Daemon.h">
      <Filter>Header Files</Filter>
    </ClInclude>
    <ClInclude Include="DaemonRegistry.h">
      <Filter>Header Files</Filter>
    </ClInclude>
    <ClInclude Include="NbDaemons.h">
      <Filter>Header Files</Filter>
    </ClInclude>
    <ClInclude Include="SysLock.h">
      <Filter>Header Files</Filter>
    </ClInclude>
    <ClInclude Include="Persistent.h">
      <Filter>Header Files</Filter>
    </ClInclude>
    <ClInclude Include="Heap.h">
      <Filter>Header Files</Filter>
    </ClInclude>
    <ClInclude Include="NbHeap.h">
      <Filter>Header Files</Filter>
    </ClInclude>
    <ClInclude Include="MainArgs.h">
      <Filter>Header Files</Filter>
    </ClInclude>
    <ClInclude Include="Duration.h">
      <Filter>Header Files</Filter>
    </ClInclude>
    <ClInclude Include="TimePoint.h">
      <Filter>Header Files</Filter>
    </ClInclude>
  </ItemGroup>
</Project>