<?xml version="1.0" encoding="utf-8"?>
<Project ToolsVersion="4.0" xmlns="http://schemas.microsoft.com/developer/msbuild/2003">
  <ItemGroup>
    <Filter Include="Source Files">
      <UniqueIdentifier>{4FC737F1-C7A5-4376-A066-2A32D752A2FF}</UniqueIdentifier>
      <Extensions>cpp;c;cc;cxx;def;odl;idl;hpj;bat;asm;asmx</Extensions>
    </Filter>
    <Filter Include="Header Files">
      <UniqueIdentifier>{93995380-89BD-4b04-88EB-625FBE52EBFB}</UniqueIdentifier>
      <Extensions>h;hh;hpp;hxx;hm;inl;inc;xsd</Extensions>
    </Filter>
    <Filter Include="Resource Files">
      <UniqueIdentifier>{67DA6AB6-F800-4c08-8B7A-83BB121AAD01}</UniqueIdentifier>
      <Extensions>rc;ico;cur;bmp;dlg;rc2;rct;bin;rgs;gif;jpg;jpeg;jpe;resx;tiff;tif;png;wav;mfcribbon-ms</Extensions>
    </Filter>
  </ItemGroup>
  <ItemGroup>
    <ClCompile Include="Circuit.cpp">
      <Filter>Source Files</Filter>
    </ClCompile>
    <ClCompile Include="MbModule.cpp">
      <Filter>Source Files</Filter>
    </ClCompile>
    <ClCompile Include="MbPools.cpp">
      <Filter>Source Files</Filter>
    </ClCompile>
    <ClCompile Include="MediaEndpt.cpp">
      <Filter>Source Files</Filter>
    </ClCompile>
    <ClCompile Include="MediaFailureEvent.cpp">
      <Filter>Source Files</Filter>
    </ClCompile>
    <ClCompile Include="MediaParameter.cpp">
      <Filter>Source Files</Filter>
    </ClCompile>
    <ClCompile Include="MediaPsm.cpp">
      <Filter>Source Files</Filter>
    </ClCompile>
    <ClCompile Include="MediaSsm.cpp">
      <Filter>Source Files</Filter>
    </ClCompile>
    <ClCompile Include="Switch.cpp">
      <Filter>Source Files</Filter>
    </ClCompile>
    <ClCompile Include="ToneRegistry.cpp">
      <Filter>Source Files</Filter>
    </ClCompile>
    <ClCompile Include="Tones.cpp">
      <Filter>Source Files</Filter>
    </ClCompile>
  </ItemGroup>
  <ItemGroup>
    <ClInclude Include="Circuit.h">
      <Filter>Header Files</Filter>
    </ClInclude>
    <ClInclude Include="MbModule.h">
      <Filter>Header Files</Filter>
    </ClInclude>
    <ClInclude Include="MbPools.h">
      <Filter>Header Files</Filter>
    </ClInclude>
    <ClInclude Include="MediaEndpt.h">
      <Filter>Header Files</Filter>
    </ClInclude>
    <ClInclude Include="MediaFailureEvent.h">
      <Filter>Header Files</Filter>
    </ClInclude>
    <ClInclude Include="MediaParameter.h">
      <Filter>Header Files</Filter>
    </ClInclude>
    <ClInclude Include="MediaPsm.h">
      <Filter>Header Files</Filter>
    </ClInclude>
    <ClInclude Include="MediaSsm.h">
      <Filter>Header Files</Filter>
    </ClInclude>
    <ClInclude Include="Switch.h">
      <Filter>Header Files</Filter>
    </ClInclude>
    <ClInclude Include="ToneRegistry.h">
      <Filter>Header Files</Filter>
    </ClInclude>
    <ClInclude Include="Tones.h">
      <Filter>Header Files</Filter>
    </ClInclude>
  </ItemGroup>
</Project>