<?xml version="1.0" encoding="utf-8"?>
<Project ToolsVersion="4.0" xmlns="http://schemas.microsoft.com/developer/msbuild/2003">
  <ItemGroup>
    <Filter Include="Source Files">
      <UniqueIdentifier>{4FC737F1-C7A5-4376-A066-2A32D752A2FF}</UniqueIdentifier>
      <Extensions>cpp;c;cc;cxx;def;odl;idl;hpj;bat;asm;asmx</Extensions>
    </Filter>
    <Filter Include="Header Files">
      <UniqueIdentifier>{93995380-89BD-4b04-88EB-625FBE52EBFB}</UniqueIdentifier>
      <Extensions>h;hh;hpp;hxx;hm;inl;inc;xsd</Extensions>
    </Filter>
    <Filter Include="Resource Files">
      <UniqueIdentifier>{67DA6AB6-F800-4c08-8B7A-83BB121AAD01}</UniqueIdentifier>
      <Extensions>rc;ico;cur;bmp;dlg;rc2;rct;bin;rgs;gif;jpg;jpeg;jpe;resx;tiff;tif;png;wav;mfcribbon-ms</Extensions>
    </Filter>
  </ItemGroup>
  <ItemGroup>
    <ClInclude Include="SnModule.h">
      <Filter>Header Files</Filter>
    </ClInclude>
    <ClInclude Include="PotsBcHandlers.h">
      <Filter>Header Files</Filter>
    </ClInclude>
    <ClInclude Include="PotsBicService.h">
      <Filter>Header Files</Filter>
    </ClInclude>
    <ClInclude Include="PotsBocService.h">
      <Filter>Header Files</Filter>
    </ClInclude>
    <ClInclude Include="PotsCcwService.h">
      <Filter>Header Files</Filter>
    </ClInclude>
    <ClInclude Include="PotsCfbService.h">
      <Filter>Header Files</Filter>
    </ClInclude>
    <ClInclude Include="PotsCfnService.h">
      <Filter>Header Files</Filter>
    </ClInclude>
    <ClInclude Include="PotsCfuService.h">
      <Filter>Header Files</Filter>
    </ClInclude>
    <ClInclude Include="PotsCfxService.h">
      <Filter>Header Files</Filter>
    </ClInclude>
    <ClInclude Include="PotsCwtService.h">
      <Filter>Header Files</Filter>
    </ClInclude>
    <ClInclude Include="PotsHtlService.h">
      <Filter>Header Files</Filter>
    </ClInclude>
    <ClInclude Include="PotsMultiplexer.h">
      <Filter>Header Files</Filter>
    </ClInclude>
    <ClInclude Include="PotsProxyHandlers.h">
      <Filter>Header Files</Filter>
    </ClInclude>
    <ClInclude Include="PotsProxySessions.h">
      <Filter>Header Files</Filter>
    </ClInclude>
    <ClInclude Include="PotsSessions.h">
      <Filter>Header Files</Filter>
    </ClInclude>
    <ClInclude Include="PotsStatistics.h">
      <Filter>Header Files</Filter>
    </ClInclude>
    <ClInclude Include="PotsSusService.h">
      <Filter>Header Files</Filter>
    </ClInclude>
    <ClInclude Include="PotsTreatmentRegistry.h">
      <Filter>Header Files</Filter>
    </ClInclude>
    <ClInclude Include="PotsTreatments.h">
      <Filter>Header Files</Filter>
    </ClInclude>
    <ClInclude Include="PotsWmlService.h">
      <Filter>Header Files</Filter>
    </ClInclude>
    <ClInclude Include="SnIncrement.h">
      <Filter>Header Files</Filter>
    </ClInclude>
  </ItemGroup>
  <ItemGroup>
    <ClCompile Include="PotsBcHandlers.cpp">
      <Filter>Source Files</Filter>
    </ClCompile>
    <ClCompile Include="PotsBcService.cpp">
      <Filter>Source Files</Filter>
    </ClCompile>
    <ClCompile Include="PotsBcSsm.cpp">
      <Filter>Source Files</Filter>
    </ClCompile>
    <ClCompile Include="PotsBcStates.cpp">
      <Filter>Source Files</Filter>
    </ClCompile>
    <ClCompile Include="PotsBcTriggers.cpp">
      <Filter>Source Files</Filter>
    </ClCompile>
    <ClCompile Include="PotsBicService.cpp">
      <Filter>Source Files</Filter>
    </ClCompile>
    <ClCompile Include="PotsBocService.cpp">
      <Filter>Source Files</Filter>
    </ClCompile>
    <ClCompile Include="PotsCallFactory.cpp">
      <Filter>Source Files</Filter>
    </ClCompile>
    <ClCompile Include="PotsCallHandler.cpp">
      <Filter>Source Files</Filter>
    </ClCompile>
    <ClCompile Include="PotsCallIpService.cpp">
      <Filter>Source Files</Filter>
    </ClCompile>
    <ClCompile Include="PotsCallPsm.cpp">
      <Filter>Source Files</Filter>
    </ClCompile>
    <ClCompile Include="PotsCcwService.cpp">
      <Filter>Source Files</Filter>
    </ClCompile>
    <ClCompile Include="PotsCfbService.cpp">
      <Filter>Source Files</Filter>
    </ClCompile>
    <ClCompile Include="PotsCfnService.cpp">
      <Filter>Source Files</Filter>
    </ClCompile>
    <ClCompile Include="PotsCfuService.cpp">
      <Filter>Source Files</Filter>
    </ClCompile>
    <ClCompile Include="PotsCfxService.cpp">
      <Filter>Source Files</Filter>
    </ClCompile>
    <ClCompile Include="PotsCwmService.cpp">
      <Filter>Source Files</Filter>
    </ClCompile>
    <ClCompile Include="PotsCwtService.cpp">
      <Filter>Source Files</Filter>
    </ClCompile>
    <ClCompile Include="PotsDiscService.cpp">
      <Filter>Source Files</Filter>
    </ClCompile>
    <ClCompile Include="PotsHtlService.cpp">
      <Filter>Source Files</Filter>
    </ClCompile>
    <ClCompile Include="PotsMultiplexer.cpp">
      <Filter>Source Files</Filter>
    </ClCompile>
    <ClCompile Include="PotsProxyHandlers.cpp">
      <Filter>Source Files</Filter>
    </ClCompile>
    <ClCompile Include="PotsProxySessions.cpp">
      <Filter>Source Files</Filter>
    </ClCompile>
    <ClCompile Include="PotsStatistics.cpp">
      <Filter>Source Files</Filter>
    </ClCompile>
    <ClCompile Include="PotsSusService.cpp">
      <Filter>Source Files</Filter>
    </ClCompile>
    <ClCompile Include="PotsTreatmentRegistry.cpp">
      <Filter>Source Files</Filter>
    </ClCompile>
    <ClCompile Include="PotsTreatments.cpp">
      <Filter>Source Files</Filter>
    </ClCompile>
    <ClCompile Include="PotsWmlService.cpp">
      <Filter>Source Files</Filter>
    </ClCompile>
    <ClCompile Include="SnIncrement.cpp">
      <Filter>Source Files</Filter>
    </ClCompile>
    <ClCompile Include="SnModule.cpp">
      <Filter>Source Files</Filter>
    </ClCompile>
  </ItemGroup>
</Project>