<?xml version="1.0" encoding="utf-8"?>
<Project ToolsVersion="4.0" xmlns="http://schemas.microsoft.com/developer/msbuild/2003">
  <ItemGroup>
    <Filter Include="Source Files">
      <UniqueIdentifier>{4FC737F1-C7A5-4376-A066-2A32D752A2FF}</UniqueIdentifier>
      <Extensions>cpp;c;cc;cxx;def;odl;idl;hpj;bat;asm;asmx</Extensions>
    </Filter>
    <Filter Include="Header Files">
      <UniqueIdentifier>{93995380-89BD-4b04-88EB-625FBE52EBFB}</UniqueIdentifier>
      <Extensions>h;hh;hpp;hxx;hm;inl;inc;xsd</Extensions>
    </Filter>
    <Filter Include="Resource Files">
      <UniqueIdentifier>{67DA6AB6-F800-4c08-8B7A-83BB121AAD01}</UniqueIdentifier>
      <Extensions>rc;ico;cur;bmp;dlg;rc2;rct;bin;rgs;gif;jpg;jpeg;jpe;resx;tiff;tif;png;wav;mfcribbon-ms</Extensions>
    </Filter>
  </ItemGroup>
  <ItemGroup>
    <ClCompile Include="CodeDir.cpp">
      <Filter>Source Files</Filter>
    </ClCompile>
    <ClCompile Include="CodeDirSet.cpp">
      <Filter>Source Files</Filter>
    </ClCompile>
    <ClCompile Include="CodeFile.cpp">
      <Filter>Source Files</Filter>
    </ClCompile>
    <ClCompile Include="CodeFileSet.cpp">
      <Filter>Source Files</Filter>
    </ClCompile>
    <ClCompile Include="CodeIncrement.cpp">
      <Filter>Source Files</Filter>
    </ClCompile>
    <ClCompile Include="CodeSet.cpp">
      <Filter>Source Files</Filter>
    </ClCompile>
    <ClCompile Include="CodeTypes.cpp">
      <Filter>Source Files</Filter>
    </ClCompile>
    <ClCompile Include="CtModule.cpp">
      <Filter>Source Files</Filter>
    </ClCompile>
    <ClCompile Include="Cxx.cpp">
      <Filter>Source Files</Filter>
    </ClCompile>
    <ClCompile Include="CxxArea.cpp">
      <Filter>Source Files</Filter>
    </ClCompile>
    <ClCompile Include="CxxExecute.cpp">
      <Filter>Source Files</Filter>
    </ClCompile>
    <ClCompile Include="CxxNamed.cpp">
      <Filter>Source Files</Filter>
    </ClCompile>
    <ClCompile Include="CxxRoot.cpp">
      <Filter>Source Files</Filter>
    </ClCompile>
    <ClCompile Include="CxxScoped.cpp">
      <Filter>Source Files</Filter>
    </ClCompile>
    <ClCompile Include="CxxStatement.cpp">
      <Filter>Source Files</Filter>
    </ClCompile>
    <ClCompile Include="CxxString.cpp">
      <Filter>Source Files</Filter>
    </ClCompile>
    <ClCompile Include="CxxSymbols.cpp">
      <Filter>Source Files</Filter>
    </ClCompile>
    <ClCompile Include="CxxToken.cpp">
      <Filter>Source Files</Filter>
    </ClCompile>
    <ClCompile Include="Interpreter.cpp">
      <Filter>Source Files</Filter>
    </ClCompile>
    <ClCompile Include="Lexer.cpp">
      <Filter>Source Files</Filter>
    </ClCompile>
    <ClCompile Include="Library.cpp">
      <Filter>Source Files</Filter>
    </ClCompile>
    <ClCompile Include="LibraryErrSet.cpp">
      <Filter>Source Files</Filter>
    </ClCompile>
    <ClCompile Include="LibraryItem.cpp">
      <Filter>Source Files</Filter>
    </ClCompile>
    <ClCompile Include="LibrarySet.cpp">
      <Filter>Source Files</Filter>
    </ClCompile>
    <ClCompile Include="LibraryVarSet.cpp">
      <Filter>Source Files</Filter>
    </ClCompile>
    <ClCompile Include="Parser.cpp">
      <Filter>Source Files</Filter>
    </ClCompile>
    <ClCompile Include="SetOperations.cpp">
      <Filter>Source Files</Filter>
    </ClCompile>
    <ClCompile Include="LibraryTypes.cpp">
      <Filter>Source Files</Filter>
    </ClCompile>
    <ClCompile Include="CxxScope.cpp">
      <Filter>Source Files</Filter>
    </ClCompile>
    <ClCompile Include="CxxDirective.cpp">
      <Filter>Source Files</Filter>
    </ClCompile>
    <ClCompile Include="Editor.cpp">
      <Filter>Source Files</Filter>
    </ClCompile>
    <ClCompile Include="CodeWarning.cpp">
      <Filter>Source Files</Filter>
    </ClCompile>
    <ClCompile Include="CodeCoverage.cpp">
      <Filter>Source Files</Filter>
    </ClCompile>
  </ItemGroup>
  <ItemGroup>
    <ClInclude Include="CodeDir.h">
      <Filter>Header Files</Filter>
    </ClInclude>
    <ClInclude Include="CodeDirSet.h">
      <Filter>Header Files</Filter>
    </ClInclude>
    <ClInclude Include="CodeFile.h">
      <Filter>Header Files</Filter>
    </ClInclude>
    <ClInclude Include="CodeFileSet.h">
      <Filter>Header Files</Filter>
    </ClInclude>
    <ClInclude Include="CodeIncrement.h">
      <Filter>Header Files</Filter>
    </ClInclude>
    <ClInclude Include="CodeSet.h">
      <Filter>Header Files</Filter>
    </ClInclude>
    <ClInclude Include="CodeTypes.h">
      <Filter>Header Files</Filter>
    </ClInclude>
    <ClInclude Include="CtModule.h">
      <Filter>Header Files</Filter>
    </ClInclude>
    <ClInclude Include="Cxx.h">
      <Filter>Header Files</Filter>
    </ClInclude>
    <ClInclude Include="CxxArea.h">
      <Filter>Header Files</Filter>
    </ClInclude>
    <ClInclude Include="CxxExecute.h">
      <Filter>Header Files</Filter>
    </ClInclude>
    <ClInclude Include="CxxFwd.h">
      <Filter>Header Files</Filter>
    </ClInclude>
    <ClInclude Include="CxxNamed.h">
      <Filter>Header Files</Filter>
    </ClInclude>
    <ClInclude Include="CxxRoot.h">
      <Filter>Header Files</Filter>
    </ClInclude>
    <ClInclude Include="CxxScope.h">
      <Filter>Header Files</Filter>
    </ClInclude>
    <ClInclude Include="CxxScoped.h">
      <Filter>Header Files</Filter>
    </ClInclude>
    <ClInclude Include="CxxStatement.h">
      <Filter>Header Files</Filter>
    </ClInclude>
    <ClInclude Include="CxxString.h">
      <Filter>Header Files</Filter>
    </ClInclude>
    <ClInclude Include="CxxSymbols.h">
      <Filter>Header Files</Filter>
    </ClInclude>
    <ClInclude Include="CxxToken.h">
      <Filter>Header Files</Filter>
    </ClInclude>
    <ClInclude Include="Interpreter.h">
      <Filter>Header Files</Filter>
    </ClInclude>
    <ClInclude Include="Lexer.h">
      <Filter>Header Files</Filter>
    </ClInclude>
    <ClInclude Include="Library.h">
      <Filter>Header Files</Filter>
    </ClInclude>
    <ClInclude Include="LibraryErrSet.h">
      <Filter>Header Files</Filter>
    </ClInclude>
    <ClInclude Include="LibraryItem.h">
      <Filter>Header Files</Filter>
    </ClInclude>
    <ClInclude Include="LibrarySet.h">
      <Filter>Header Files</Filter>
    </ClInclude>
    <ClInclude Include="LibraryTypes.h">
      <Filter>Header Files</Filter>
    </ClInclude>
    <ClInclude Include="LibraryVarSet.h">
      <Filter>Header Files</Filter>
    </ClInclude>
    <ClInclude Include="Parser.h">
      <Filter>Header Files</Filter>
    </ClInclude>
    <ClInclude Include="SetOperations.h">
      <Filter>Header Files</Filter>
    </ClInclude>
    <ClInclude Include="CxxDirective.h">
      <Filter>Header Files</Filter>
    </ClInclude>
    <ClInclude Include="Editor.h">
      <Filter>Header Files</Filter>
    </ClInclude>
    <ClInclude Include="CodeWarning.h">
      <Filter>Header Files</Filter>
    </ClInclude>
    <ClInclude Include="CodeCoverage.h">
      <Filter>Header Files</Filter>
    </ClInclude>
  </ItemGroup>
</Project>