
Microsoft Visual Studio Solution File, Format Version 12.00
# Visual Studio 15
VisualStudioVersion = 15.0.27004.2002
MinimumVisualStudioVersion = 10.0.40219.1
Project("{8BC9CEB8-8B4A-11D0-8D11-00A0C91BC942}") = "nb", "nb\nb.vcxproj", "{50814A14-CC19-45A3-9F0A-C9BD6CC0E1FB}"
EndProject
Project("{8BC9CEB8-8B4A-11D0-8D11-00A0C91BC942}") = "nt", "nt\nt.vcxproj", "{9AD2CF38-7B5E-4584-9028-F637787DE098}"
EndProject
Project("{8BC9CEB8-8B4A-11D0-8D11-00A0C91BC942}") = "ct", "ct\ct.vcxproj", "{57309C43-59CE-40E0-BE61-CF240EDB14EF}"
EndProject
Project("{8BC9CEB8-8B4A-11D0-8D11-00A0C91BC942}") = "nw", "nw\nw.vcxproj", "{F6873BBE-818E-4991-9FD9-D7214E9371A1}"
EndProject
Project("{8BC9CEB8-8B4A-11D0-8D11-00A0C91BC942}") = "sb", "sb\sb.vcxproj", "{F38CD809-F188-49AF-BD46-0F2B08DD0746}"
EndProject
Project("{8BC9CEB8-8B4A-11D0-8D11-00A0C91BC942}") = "st", "st\st.vcxproj", "{868CF7DA-D9F6-40BD-8005-8C94EDE5CEB7}"
EndProject
Project("{8BC9CEB8-8B4A-11D0-8D11-00A0C91BC942}") = "mb", "mb\mb.vcxproj", "{D3133157-1E87-42BF-84F2-61140DC2B773}"
EndProject
Project("{8BC9CEB8-8B4A-11D0-8D11-00A0C91BC942}") = "cb", "cb\cb.vcxproj", "{81EDFBC1-362E-4082-A9C5-E1B116AD0302}"
	ProjectSection(ProjectDependencies) = postProject
		{9AD2CF38-7B5E-4584-9028-F637787DE098} = {9AD2CF38-7B5E-4584-9028-F637787DE098}
	EndProjectSection
EndProject
Project("{8BC9CEB8-8B4A-11D0-8D11-00A0C91BC942}") = "pb", "pb\pb.vcxproj", "{A1D355BA-591F-412B-B3E9-AB88248A5552}"
EndProject
Project("{8BC9CEB8-8B4A-11D0-8D11-00A0C91BC942}") = "rn", "rn\rn.vcxproj", "{07785EA1-6817-4DED-AC74-329C64429E23}"
	ProjectSection(ProjectDependencies) = postProject
		{D3133157-1E87-42BF-84F2-61140DC2B773} = {D3133157-1E87-42BF-84F2-61140DC2B773}
	EndProjectSection
EndProject
Project("{8BC9CEB8-8B4A-11D0-8D11-00A0C91BC942}") = "cn", "cn\cn.vcxproj", "{C32EF89C-A415-4E15-8251-BBE1F1411F35}"
EndProject
Project("{8BC9CEB8-8B4A-11D0-8D11-00A0C91BC942}") = "an", "an\an.vcxproj", "{FF8ADB07-F57D-4477-8867-9C45948A0220}"
EndProject
Project("{8BC9CEB8-8B4A-11D0-8D11-00A0C91BC942}") = "sn", "sn\sn.vcxproj", "{0DFBBCDB-D579-419D-B58B-62FE99735C7A}"
	ProjectSection(ProjectDependencies) = postProject
		{F38CD809-F188-49AF-BD46-0F2B08DD0746} = {F38CD809-F188-49AF-BD46-0F2B08DD0746}
		{50814A14-CC19-45A3-9F0A-C9BD6CC0E1FB} = {50814A14-CC19-45A3-9F0A-C9BD6CC0E1FB}
		{D3133157-1E87-42BF-84F2-61140DC2B773} = {D3133157-1E87-42BF-84F2-61140DC2B773}
		{A1D355BA-591F-412B-B3E9-AB88248A5552} = {A1D355BA-591F-412B-B3E9-AB88248A5552}
		{F6873BBE-818E-4991-9FD9-D7214E9371A1} = {F6873BBE-818E-4991-9FD9-D7214E9371A1}
		{81EDFBC1-362E-4082-A9C5-E1B116AD0302} = {81EDFBC1-362E-4082-A9C5-E1B116AD0302}
	EndProjectSection
EndProject
Project("{8BC9CEB8-8B4A-11D0-8D11-00A0C91BC942}") = "on", "on\on.vcxproj", "{C95D31FD-A747-4692-A561-A10AEA211979}"
EndProject
Project("{8BC9CEB8-8B4A-11D0-8D11-00A0C91BC942}") = "subs", "subs\subs.vcxproj", "{492210D0-6169-4BE9-9AE3-5D669361F69E}"
EndProject
Project("{8BC9CEB8-8B4A-11D0-8D11-00A0C91BC942}") = "rsc", "rsc\rsc.vcxproj", "{307BE7A7-2E82-488B-91FB-C83D87F9726D}"
EndProject
Project("{2150E333-8FDC-42A3-9474-1A3956D46DE8}") = "shared", "shared", "{333602AC-BA85-4464-AED6-339C2395689A}"
	ProjectSection(SolutionItems) = preProject
		shared\RSC Common.props = shared\RSC Common.props
	EndProjectSection
EndProject
Global
	GlobalSection(SolutionConfigurationPlatforms) = preSolution
		Debug|x64 = Debug|x64
		Debug|x86 = Debug|x86
		Release|x64 = Release|x64
		Release|x86 = Release|x86
	EndGlobalSection
	GlobalSection(ProjectConfigurationPlatforms) = postSolution
		{50814A14-CC19-45A3-9F0A-C9BD6CC0E1FB}.Debug|x64.ActiveCfg = Debug|x64
		{50814A14-CC19-45A3-9F0A-C9BD6CC0E1FB}.Debug|x64.Build.0 = Debug|x64
		{50814A14-CC19-45A3-9F0A-C9BD6CC0E1FB}.Debug|x86.ActiveCfg = Debug|Win32
		{50814A14-CC19-45A3-9F0A-C9BD6CC0E1FB}.Debug|x86.Build.0 = Debug|Win32
		{50814A14-CC19-45A3-9F0A-C9BD6CC0E1FB}.Release|x64.ActiveCfg = Release|x64
		{50814A14-CC19-45A3-9F0A-C9BD6CC0E1FB}.Release|x64.Build.0 = Release|x64
		{50814A14-CC19-45A3-9F0A-C9BD6CC0E1FB}.Release|x86.ActiveCfg = Release|Win32
		{50814A14-CC19-45A3-9F0A-C9BD6CC0E1FB}.Release|x86.Build.0 = Release|Win32
		{9AD2CF38-7B5E-4584-9028-F637787DE098}.Debug|x64.ActiveCfg = Debug|x64
		{9AD2CF38-7B5E-4584-9028-F637787DE098}.Debug|x64.Build.0 = Debug|x64
		{9AD2CF38-7B5E-4584-9028-F637787DE098}.Debug|x86.ActiveCfg = Debug|Win32
		{9AD2CF38-7B5E-4584-9028-F637787DE098}.Debug|x86.Build.0 = Debug|Win32
		{9AD2CF38-7B5E-4584-9028-F637787DE098}.Release|x64.ActiveCfg = Release|x64
		{9AD2CF38-7B5E-4584-9028-F637787DE098}.Release|x64.Build.0 = Release|x64
		{9AD2CF38-7B5E-4584-9028-F637787DE098}.Release|x86.ActiveCfg = Release|Win32
		{9AD2CF38-7B5E-4584-9028-F637787DE098}.Release|x86.Build.0 = Release|Win32
		{57309C43-59CE-40E0-BE61-CF240EDB14EF}.Debug|x64.ActiveCfg = Debug|x64
		{57309C43-59CE-40E0-BE61-CF240EDB14EF}.Debug|x64.Build.0 = Debug|x64
		{57309C43-59CE-40E0-BE61-CF240EDB14EF}.Debug|x86.ActiveCfg = Debug|Win32
		{57309C43-59CE-40E0-BE61-CF240EDB14EF}.Debug|x86.Build.0 = Debug|Win32
		{57309C43-59CE-40E0-BE61-CF240EDB14EF}.Release|x64.ActiveCfg = Release|x64
		{57309C43-59CE-40E0-BE61-CF240EDB14EF}.Release|x64.Build.0 = Release|x64
		{57309C43-59CE-40E0-BE61-CF240EDB14EF}.Release|x86.ActiveCfg = Release|Win32
		{57309C43-59CE-40E0-BE61-CF240EDB14EF}.Release|x86.Build.0 = Release|Win32
		{F6873BBE-818E-4991-9FD9-D7214E9371A1}.Debug|x64.ActiveCfg = Debug|x64
		{F6873BBE-818E-4991-9FD9-D7214E9371A1}.Debug|x64.Build.0 = Debug|x64
		{F6873BBE-818E-4991-9FD9-D7214E9371A1}.Debug|x86.ActiveCfg = Debug|Win32
		{F6873BBE-818E-4991-9FD9-D7214E9371A1}.Debug|x86.Build.0 = Debug|Win32
		{F6873BBE-818E-4991-9FD9-D7214E9371A1}.Release|x64.ActiveCfg = Release|x64
		{F6873BBE-818E-4991-9FD9-D7214E9371A1}.Release|x64.Build.0 = Release|x64
		{F6873BBE-818E-4991-9FD9-D7214E9371A1}.Release|x86.ActiveCfg = Release|Win32
		{F6873BBE-818E-4991-9FD9-D7214E9371A1}.Release|x86.Build.0 = Release|Win32
		{F38CD809-F188-49AF-BD46-0F2B08DD0746}.Debug|x64.ActiveCfg = Debug|x64
		{F38CD809-F188-49AF-BD46-0F2B08DD0746}.Debug|x64.Build.0 = Debug|x64
		{F38CD809-F188-49AF-BD46-0F2B08DD0746}.Debug|x86.ActiveCfg = Debug|Win32
		{F38CD809-F188-49AF-BD46-0F2B08DD0746}.Debug|x86.Build.0 = Debug|Win32
		{F38CD809-F188-49AF-BD46-0F2B08DD0746}.Release|x64.ActiveCfg = Release|x64
		{F38CD809-F188-49AF-BD46-0F2B08DD0746}.Release|x64.Build.0 = Release|x64
		{F38CD809-F188-49AF-BD46-0F2B08DD0746}.Release|x86.ActiveCfg = Release|Win32
		{F38CD809-F188-49AF-BD46-0F2B08DD0746}.Release|x86.Build.0 = Release|Win32
		{868CF7DA-D9F6-40BD-8005-8C94EDE5CEB7}.Debug|x64.ActiveCfg = Debug|x64
		{868CF7DA-D9F6-40BD-8005-8C94EDE5CEB7}.Debug|x64.Build.0 = Debug|x64
		{868CF7DA-D9F6-40BD-8005-8C94EDE5CEB7}.Debug|x86.ActiveCfg = Debug|Win32
		{868CF7DA-D9F6-40BD-8005-8C94EDE5CEB7}.Debug|x86.Build.0 = Debug|Win32
		{868CF7DA-D9F6-40BD-8005-8C94EDE5CEB7}.Release|x64.ActiveCfg = Release|x64
		{868CF7DA-D9F6-40BD-8005-8C94EDE5CEB7}.Release|x64.Build.0 = Release|x64
		{868CF7DA-D9F6-40BD-8005-8C94EDE5CEB7}.Release|x86.ActiveCfg = Release|Win32
		{868CF7DA-D9F6-40BD-8005-8C94EDE5CEB7}.Release|x86.Build.0 = Release|Win32
		{D3133157-1E87-42BF-84F2-61140DC2B773}.Debug|x64.ActiveCfg = Debug|x64
		{D3133157-1E87-42BF-84F2-61140DC2B773}.Debug|x64.Build.0 = Debug|x64
		{D3133157-1E87-42BF-84F2-61140DC2B773}.Debug|x86.ActiveCfg = Debug|Win32
		{D3133157-1E87-42BF-84F2-61140DC2B773}.Debug|x86.Build.0 = Debug|Win32
		{D3133157-1E87-42BF-84F2-61140DC2B773}.Release|x64.ActiveCfg = Release|x64
		{D3133157-1E87-42BF-84F2-61140DC2B773}.Release|x64.Build.0 = Release|x64
		{D3133157-1E87-42BF-84F2-61140DC2B773}.Release|x86.ActiveCfg = Release|Win32
		{D3133157-1E87-42BF-84F2-61140DC2B773}.Release|x86.Build.0 = Release|Win32
		{81EDFBC1-362E-4082-A9C5-E1B116AD0302}.Debug|x64.ActiveCfg = Debug|x64
		{81EDFBC1-362E-4082-A9C5-E1B116AD0302}.Debug|x64.Build.0 = Debug|x64
		{81EDFBC1-362E-4082-A9C5-E1B116AD0302}.Debug|x86.ActiveCfg = Debug|Win32
		{81EDFBC1-362E-4082-A9C5-E1B116AD0302}.Debug|x86.Build.0 = Debug|Win32
		{81EDFBC1-362E-4082-A9C5-E1B116AD0302}.Release|x64.ActiveCfg = Release|x64
		{81EDFBC1-362E-4082-A9C5-E1B116AD0302}.Release|x64.Build.0 = Release|x64
		{81EDFBC1-362E-4082-A9C5-E1B116AD0302}.Release|x86.ActiveCfg = Release|Win32
		{81EDFBC1-362E-4082-A9C5-E1B116AD0302}.Release|x86.Build.0 = Release|Win32
		{A1D355BA-591F-412B-B3E9-AB88248A5552}.Debug|x64.ActiveCfg = Debug|x64
		{A1D355BA-591F-412B-B3E9-AB88248A5552}.Debug|x64.Build.0 = Debug|x64
		{A1D355BA-591F-412B-B3E9-AB88248A5552}.Debug|x86.ActiveCfg = Debug|Win32
		{A1D355BA-591F-412B-B3E9-AB88248A5552}.Debug|x86.Build.0 = Debug|Win32
		{A1D355BA-591F-412B-B3E9-AB88248A5552}.Release|x64.ActiveCfg = Release|x64
		{A1D355BA-591F-412B-B3E9-AB88248A5552}.Release|x64.Build.0 = Release|x64
		{A1D355BA-591F-412B-B3E9-AB88248A5552}.Release|x86.ActiveCfg = Release|Win32
		{A1D355BA-591F-412B-B3E9-AB88248A5552}.Release|x86.Build.0 = Release|Win32
		{07785EA1-6817-4DED-AC74-329C64429E23}.Debug|x64.ActiveCfg = Debug|x64
		{07785EA1-6817-4DED-AC74-329C64429E23}.Debug|x64.Build.0 = Debug|x64
		{07785EA1-6817-4DED-AC74-329C64429E23}.Debug|x86.ActiveCfg = Debug|Win32
		{07785EA1-6817-4DED-AC74-329C64429E23}.Debug|x86.Build.0 = Debug|Win32
		{07785EA1-6817-4DED-AC74-329C64429E23}.Release|x64.ActiveCfg = Release|x64
		{07785EA1-6817-4DED-AC74-329C64429E23}.Release|x64.Build.0 = Release|x64
		{07785EA1-6817-4DED-AC74-329C64429E23}.Release|x86.ActiveCfg = Release|Win32
		{07785EA1-6817-4DED-AC74-329C64429E23}.Release|x86.Build.0 = Release|Win32
		{C32EF89C-A415-4E15-8251-BBE1F1411F35}.Debug|x64.ActiveCfg = Debug|x64
		{C32EF89C-A415-4E15-8251-BBE1F1411F35}.Debug|x64.Build.0 = Debug|x64
		{C32EF89C-A415-4E15-8251-BBE1F1411F35}.Debug|x86.ActiveCfg = Debug|Win32
		{C32EF89C-A415-4E15-8251-BBE1F1411F35}.Debug|x86.Build.0 = Debug|Win32
		{C32EF89C-A415-4E15-8251-BBE1F1411F35}.Release|x64.ActiveCfg = Release|x64
		{C32EF89C-A415-4E15-8251-BBE1F1411F35}.Release|x64.Build.0 = Release|x64
		{C32EF89C-A415-4E15-8251-BBE1F1411F35}.Release|x86.ActiveCfg = Release|Win32
		{C32EF89C-A415-4E15-8251-BBE1F1411F35}.Release|x86.Build.0 = Release|Win32
		{FF8ADB07-F57D-4477-8867-9C45948A0220}.Debug|x64.ActiveCfg = Debug|x64
		{FF8ADB07-F57D-4477-8867-9C45948A0220}.Debug|x64.Build.0 = Debug|x64
		{FF8ADB07-F57D-4477-8867-9C45948A0220}.Debug|x86.ActiveCfg = Debug|Win32
		{FF8ADB07-F57D-4477-8867-9C45948A0220}.Debug|x86.Build.0 = Debug|Win32
		{FF8ADB07-F57D-4477-8867-9C45948A0220}.Release|x64.ActiveCfg = Release|x64
		{FF8ADB07-F57D-4477-8867-9C45948A0220}.Release|x64.Build.0 = Release|x64
		{FF8ADB07-F57D-4477-8867-9C45948A0220}.Release|x86.ActiveCfg = Release|Win32
		{FF8ADB07-F57D-4477-8867-9C45948A0220}.Release|x86.Build.0 = Release|Win32
		{0DFBBCDB-D579-419D-B58B-62FE99735C7A}.Debug|x64.ActiveCfg = Debug|x64
		{0DFBBCDB-D579-419D-B58B-62FE99735C7A}.Debug|x64.Build.0 = Debug|x64
		{0DFBBCDB-D579-419D-B58B-62FE99735C7A}.Debug|x86.ActiveCfg = Debug|Win32
		{0DFBBCDB-D579-419D-B58B-62FE99735C7A}.Debug|x86.Build.0 = Debug|Win32
		{0DFBBCDB-D579-419D-B58B-62FE99735C7A}.Release|x64.ActiveCfg = Release|x64
		{0DFBBCDB-D579-419D-B58B-62FE99735C7A}.Release|x64.Build.0 = Release|x64
		{0DFBBCDB-D579-419D-B58B-62FE99735C7A}.Release|x86.ActiveCfg = Release|Win32
		{0DFBBCDB-D579-419D-B58B-62FE99735C7A}.Release|x86.Build.0 = Release|Win32
		{C95D31FD-A747-4692-A561-A10AEA211979}.Debug|x64.ActiveCfg = Debug|x64
		{C95D31FD-A747-4692-A561-A10AEA211979}.Debug|x64.Build.0 = Debug|x64
		{C95D31FD-A747-4692-A561-A10AEA211979}.Debug|x86.ActiveCfg = Debug|Win32
		{C95D31FD-A747-4692-A561-A10AEA211979}.Debug|x86.Build.0 = Debug|Win32
		{C95D31FD-A747-4692-A561-A10AEA211979}.Release|x64.ActiveCfg = Release|x64
		{C95D31FD-A747-4692-A561-A10AEA211979}.Release|x64.Build.0 = Release|x64
		{C95D31FD-A747-4692-A561-A10AEA211979}.Release|x86.ActiveCfg = Release|Win32
		{C95D31FD-A747-4692-A561-A10AEA211979}.Release|x86.Build.0 = Release|Win32
		{492210D0-6169-4BE9-9AE3-5D669361F69E}.Debug|x64.ActiveCfg = Debug|x64
		{492210D0-6169-4BE9-9AE3-5D669361F69E}.Debug|x64.Build.0 = Debug|x64
		{492210D0-6169-4BE9-9AE3-5D669361F69E}.Debug|x86.ActiveCfg = Debug|Win32
		{492210D0-6169-4BE9-9AE3-5D669361F69E}.Debug|x86.Build.0 = Debug|Win32
		{492210D0-6169-4BE9-9AE3-5D669361F69E}.Release|x64.ActiveCfg = Release|x64
		{492210D0-6169-4BE9-9AE3-5D669361F69E}.Release|x64.Build.0 = Release|x64
		{492210D0-6169-4BE9-9AE3-5D669361F69E}.Release|x86.ActiveCfg = Release|Win32
		{492210D0-6169-4BE9-9AE3-5D669361F69E}.Release|x86.Build.0 = Release|Win32
		{307BE7A7-2E82-488B-91FB-C83D87F9726D}.Debug|x64.ActiveCfg = Debug|x64
		{307BE7A7-2E82-488B-91FB-C83D87F9726D}.Debug|x64.Build.0 = Debug|x64
		{307BE7A7-2E82-488B-91FB-C83D87F9726D}.Debug|x86.ActiveCfg = Debug|Win32
		{307BE7A7-2E82-488B-91FB-C83D87F9726D}.Debug|x86.Build.0 = Debug|Win32
		{307BE7A7-2E82-488B-91FB-C83D87F9726D}.Release|x64.ActiveCfg = Release|x64
		{307BE7A7-2E82-488B-91FB-C83D87F9726D}.Release|x64.Build.0 = Release|x64
		{307BE7A7-2E82-488B-91FB-C83D87F9726D}.Release|x86.ActiveCfg = Release|Win32
		{307BE7A7-2E82-488B-91FB-C83D87F9726D}.Release|x86.Build.0 = Release|Win32
	EndGlobalSection
	GlobalSection(SolutionProperties) = preSolution
		HideSolutionNode = FALSE
	EndGlobalSection
	GlobalSection(ExtensibilityGlobals) = postSolution
		SolutionGuid = {DF80D2B6-D150-466A-8655-A2F955EF09EE}
	EndGlobalSection
EndGlobal
