<?xml version="1.0" encoding="utf-8"?>
<Project ToolsVersion="17.0" xmlns="http://schemas.microsoft.com/developer/msbuild/2003">
  <ItemGroup>
    <ClCompile Include="C:\Users\Greg\Documents\rsc\rsc\src\nw\ByteBuffer.cpp">
      <Filter>Source Files</Filter>
    </ClCompile>
    <ClCompile Include="C:\Users\Greg\Documents\rsc\rsc\src\nw\InputHandler.cpp">
      <Filter>Source Files</Filter>
    </ClCompile>
    <ClCompile Include="C:\Users\Greg\Documents\rsc\rsc\src\nw\IoThread.cpp">
      <Filter>Source Files</Filter>
    </ClCompile>
    <ClCompile Include="C:\Users\Greg\Documents\rsc\rsc\src\nw\IpBuffer.cpp">
      <Filter>Source Files</Filter>
    </ClCompile>
    <ClCompile Include="C:\Users\Greg\Documents\rsc\rsc\src\nw\IpPort.cpp">
      <Filter>Source Files</Filter>
    </ClCompile>
    <ClCompile Include="C:\Users\Greg\Documents\rsc\rsc\src\nw\IpPortRegistry.cpp">
      <Filter>Source Files</Filter>
    </ClCompile>
    <ClCompile Include="C:\Users\Greg\Documents\rsc\rsc\src\nw\IpService.cpp">
      <Filter>Source Files</Filter>
    </ClCompile>
    <ClCompile Include="C:\Users\Greg\Documents\rsc\rsc\src\nw\IpServiceCfg.cpp">
      <Filter>Source Files</Filter>
    </ClCompile>
    <ClCompile Include="C:\Users\Greg\Documents\rsc\rsc\src\nw\IpServiceRegistry.cpp">
      <Filter>Source Files</Filter>
    </ClCompile>
    <ClCompile Include="C:\Users\Greg\Documents\rsc\rsc\src\nw\LocalAddrTest.cpp">
      <Filter>Source Files</Filter>
    </ClCompile>
    <ClCompile Include="C:\Users\Greg\Documents\rsc\rsc\src\nw\NwCliParms.cpp">
      <Filter>Source Files</Filter>
    </ClCompile>
    <ClCompile Include="C:\Users\Greg\Documents\rsc\rsc\src\nw\NwDaemons.cpp">
      <Filter>Source Files</Filter>
    </ClCompile>
    <ClCompile Include="C:\Users\Greg\Documents\rsc\rsc\src\nw\NwIncrement.cpp">
      <Filter>Source Files</Filter>
    </ClCompile>
    <ClCompile Include="C:\Users\Greg\Documents\rsc\rsc\src\nw\NwLogs.cpp">
      <Filter>Source Files</Filter>
    </ClCompile>
    <ClCompile Include="C:\Users\Greg\Documents\rsc\rsc\src\nw\NwModule.cpp">
      <Filter>Source Files</Filter>
    </ClCompile>
    <ClCompile Include="C:\Users\Greg\Documents\rsc\rsc\src\nw\NwPools.cpp">
      <Filter>Source Files</Filter>
    </ClCompile>
    <ClCompile Include="C:\Users\Greg\Documents\rsc\rsc\src\nw\NwTrace.cpp">
      <Filter>Source Files</Filter>
    </ClCompile>
    <ClCompile Include="C:\Users\Greg\Documents\rsc\rsc\src\nw\NwTracer.cpp">
      <Filter>Source Files</Filter>
    </ClCompile>
    <ClCompile Include="C:\Users\Greg\Documents\rsc\rsc\src\nw\NwTypes.cpp">
      <Filter>Source Files</Filter>
    </ClCompile>
    <ClCompile Include="C:\Users\Greg\Documents\rsc\rsc\src\nw\SysIpL2Addr.cpp">
      <Filter>Source Files</Filter>
    </ClCompile>
    <ClCompile Include="C:\Users\Greg\Documents\rsc\rsc\src\nw\SysIpL2Addr.win.cpp">
      <Filter>Source Files</Filter>
    </ClCompile>
    <ClCompile Include="C:\Users\Greg\Documents\rsc\rsc\src\nw\SysIpL3Addr.cpp">
      <Filter>Source Files</Filter>
    </ClCompile>
    <ClCompile Include="C:\Users\Greg\Documents\rsc\rsc\src\nw\SysIpL3Addr.win.cpp">
      <Filter>Source Files</Filter>
    </ClCompile>
    <ClCompile Include="C:\Users\Greg\Documents\rsc\rsc\src\nw\SysSocket.cpp">
      <Filter>Source Files</Filter>
    </ClCompile>
    <ClCompile Include="C:\Users\Greg\Documents\rsc\rsc\src\nw\SysSocket.win.cpp">
      <Filter>Source Files</Filter>
    </ClCompile>
    <ClCompile Include="C:\Users\Greg\Documents\rsc\rsc\src\nw\SysTcpSocket.cpp">
      <Filter>Source Files</Filter>
    </ClCompile>
    <ClCompile Include="C:\Users\Greg\Documents\rsc\rsc\src\nw\SysTcpSocket.win.cpp">
      <Filter>Source Files</Filter>
    </ClCompile>
    <ClCompile Include="C:\Users\Greg\Documents\rsc\rsc\src\nw\SysUdpSocket.cpp">
      <Filter>Source Files</Filter>
    </ClCompile>
    <ClCompile Include="C:\Users\Greg\Documents\rsc\rsc\src\nw\SysUdpSocket.win.cpp">
      <Filter>Source Files</Filter>
    </ClCompile>
    <ClCompile Include="C:\Users\Greg\Documents\rsc\rsc\src\nw\TcpIoThread.cpp">
      <Filter>Source Files</Filter>
    </ClCompile>
    <ClCompile Include="C:\Users\Greg\Documents\rsc\rsc\src\nw\TcpIpPort.cpp">
      <Filter>Source Files</Filter>
    </ClCompile>
    <ClCompile Include="C:\Users\Greg\Documents\rsc\rsc\src\nw\TcpIpService.cpp">
      <Filter>Source Files</Filter>
    </ClCompile>
    <ClCompile Include="C:\Users\Greg\Documents\rsc\rsc\src\nw\UdpIoThread.cpp">
      <Filter>Source Files</Filter>
    </ClCompile>
    <ClCompile Include="C:\Users\Greg\Documents\rsc\rsc\src\nw\UdpIpPort.cpp">
      <Filter>Source Files</Filter>
    </ClCompile>
    <ClCompile Include="C:\Users\Greg\Documents\rsc\rsc\src\nw\UdpIpService.cpp">
      <Filter>Source Files</Filter>
    </ClCompile>
  </ItemGroup>
  <ItemGroup>
    <ClInclude Include="C:\Users\Greg\Documents\rsc\rsc\src\nw\ByteBuffer.h">
      <Filter>Header Files</Filter>
    </ClInclude>
    <ClInclude Include="C:\Users\Greg\Documents\rsc\rsc\src\nw\InputHandler.h">
      <Filter>Header Files</Filter>
    </ClInclude>
    <ClInclude Include="C:\Users\Greg\Documents\rsc\rsc\src\nw\IoThread.h">
      <Filter>Header Files</Filter>
    </ClInclude>
    <ClInclude Include="C:\Users\Greg\Documents\rsc\rsc\src\nw\IpBuffer.h">
      <Filter>Header Files</Filter>
    </ClInclude>
    <ClInclude Include="C:\Users\Greg\Documents\rsc\rsc\src\nw\IpPort.h">
      <Filter>Header Files</Filter>
    </ClInclude>
    <ClInclude Include="C:\Users\Greg\Documents\rsc\rsc\src\nw\IpPortRegistry.h">
      <Filter>Header Files</Filter>
    </ClInclude>
    <ClInclude Include="C:\Users\Greg\Documents\rsc\rsc\src\nw\IpService.h">
      <Filter>Header Files</Filter>
    </ClInclude>
    <ClInclude Include="C:\Users\Greg\Documents\rsc\rsc\src\nw\IpServiceCfg.h">
      <Filter>Header Files</Filter>
    </ClInclude>
    <ClInclude Include="C:\Users\Greg\Documents\rsc\rsc\src\nw\IpServiceRegistry.h">
      <Filter>Header Files</Filter>
    </ClInclude>
    <ClInclude Include="C:\Users\Greg\Documents\rsc\rsc\src\nw\LocalAddrTest.h">
      <Filter>Header Files</Filter>
    </ClInclude>
    <ClInclude Include="C:\Users\Greg\Documents\rsc\rsc\src\nw\NwCliParms.h">
      <Filter>Header Files</Filter>
    </ClInclude>
    <ClInclude Include="C:\Users\Greg\Documents\rsc\rsc\src\nw\NwDaemons.h">
      <Filter>Header Files</Filter>
    </ClInclude>
    <ClInclude Include="C:\Users\Greg\Documents\rsc\rsc\src\nw\NwIncrement.h">
      <Filter>Header Files</Filter>
    </ClInclude>
    <ClInclude Include="C:\Users\Greg\Documents\rsc\rsc\src\nw\NwLogs.h">
      <Filter>Header Files</Filter>
    </ClInclude>
    <ClInclude Include="C:\Users\Greg\Documents\rsc\rsc\src\nw\NwModule.h">
      <Filter>Header Files</Filter>
    </ClInclude>
    <ClInclude Include="C:\Users\Greg\Documents\rsc\rsc\src\nw\NwPools.h">
      <Filter>Header Files</Filter>
    </ClInclude>
    <ClInclude Include="C:\Users\Greg\Documents\rsc\rsc\src\nw\NwTrace.h">
      <Filter>Header Files</Filter>
    </ClInclude>
    <ClInclude Include="C:\Users\Greg\Documents\rsc\rsc\src\nw\NwTracer.h">
      <Filter>Header Files</Filter>
    </ClInclude>
    <ClInclude Include="C:\Users\Greg\Documents\rsc\rsc\src\nw\NwTypes.h">
      <Filter>Header Files</Filter>
    </ClInclude>
    <ClInclude Include="C:\Users\Greg\Documents\rsc\rsc\src\nw\SysIpL2Addr.h">
      <Filter>Header Files</Filter>
    </ClInclude>
    <ClInclude Include="C:\Users\Greg\Documents\rsc\rsc\src\nw\SysIpL3Addr.h">
      <Filter>Header Files</Filter>
    </ClInclude>
    <ClInclude Include="C:\Users\Greg\Documents\rsc\rsc\src\nw\SysSocket.h">
      <Filter>Header Files</Filter>
    </ClInclude>
    <ClInclude Include="C:\Users\Greg\Documents\rsc\rsc\src\nw\SysTcpSocket.h">
      <Filter>Header Files</Filter>
    </ClInclude>
    <ClInclude Include="C:\Users\Greg\Documents\rsc\rsc\src\nw\SysUdpSocket.h">
      <Filter>Header Files</Filter>
    </ClInclude>
    <ClInclude Include="C:\Users\Greg\Documents\rsc\rsc\src\nw\TcpIoThread.h">
      <Filter>Header Files</Filter>
    </ClInclude>
    <ClInclude Include="C:\Users\Greg\Documents\rsc\rsc\src\nw\TcpIpPort.h">
      <Filter>Header Files</Filter>
    </ClInclude>
    <ClInclude Include="C:\Users\Greg\Documents\rsc\rsc\src\nw\TcpIpService.h">
      <Filter>Header Files</Filter>
    </ClInclude>
    <ClInclude Include="C:\Users\Greg\Documents\rsc\rsc\src\nw\UdpIoThread.h">
      <Filter>Header Files</Filter>
    </ClInclude>
    <ClInclude Include="C:\Users\Greg\Documents\rsc\rsc\src\nw\UdpIpPort.h">
      <Filter>Header Files</Filter>
    </ClInclude>
    <ClInclude Include="C:\Users\Greg\Documents\rsc\rsc\src\nw\UdpIpService.h">
      <Filter>Header Files</Filter>
    </ClInclude>
  </ItemGroup>
  <ItemGroup>
    <CustomBuild Include="C:\Users\Greg\Documents\rsc\rsc\src\nw\CMakeLists.txt" />
  </ItemGroup>
  <ItemGroup>
    <Filter Include="Header Files">
      <UniqueIdentifier>{7D8225C1-7BE3-391A-ACD6-AA9F106BA8F2}</UniqueIdentifier>
    </Filter>
    <Filter Include="Source Files">
      <UniqueIdentifier>{CD31E931-6416-3FC6-A175-57F96F638153}</UniqueIdentifier>
    </Filter>
  </ItemGroup>
</Project>
