<?xml version="1.0" encoding="utf-8"?>
<Project ToolsVersion="17.0" xmlns="http://schemas.microsoft.com/developer/msbuild/2003">
  <ItemGroup>
    <ClCompile Include="C:\Users\Greg\Documents\rsc\rsc\src\sn\PotsBcHandlers.cpp">
      <Filter>Source Files</Filter>
    </ClCompile>
    <ClCompile Include="C:\Users\Greg\Documents\rsc\rsc\src\sn\PotsBcService.cpp">
      <Filter>Source Files</Filter>
    </ClCompile>
    <ClCompile Include="C:\Users\Greg\Documents\rsc\rsc\src\sn\PotsBcSsm.cpp">
      <Filter>Source Files</Filter>
    </ClCompile>
    <ClCompile Include="C:\Users\Greg\Documents\rsc\rsc\src\sn\PotsBcStates.cpp">
      <Filter>Source Files</Filter>
    </ClCompile>
    <ClCompile Include="C:\Users\Greg\Documents\rsc\rsc\src\sn\PotsBcTriggers.cpp">
      <Filter>Source Files</Filter>
    </ClCompile>
    <ClCompile Include="C:\Users\Greg\Documents\rsc\rsc\src\sn\PotsBicService.cpp">
      <Filter>Source Files</Filter>
    </ClCompile>
    <ClCompile Include="C:\Users\Greg\Documents\rsc\rsc\src\sn\PotsBocService.cpp">
      <Filter>Source Files</Filter>
    </ClCompile>
    <ClCompile Include="C:\Users\Greg\Documents\rsc\rsc\src\sn\PotsCallFactory.cpp">
      <Filter>Source Files</Filter>
    </ClCompile>
    <ClCompile Include="C:\Users\Greg\Documents\rsc\rsc\src\sn\PotsCallHandler.cpp">
      <Filter>Source Files</Filter>
    </ClCompile>
    <ClCompile Include="C:\Users\Greg\Documents\rsc\rsc\src\sn\PotsCallIpService.cpp">
      <Filter>Source Files</Filter>
    </ClCompile>
    <ClCompile Include="C:\Users\Greg\Documents\rsc\rsc\src\sn\PotsCallPsm.cpp">
      <Filter>Source Files</Filter>
    </ClCompile>
    <ClCompile Include="C:\Users\Greg\Documents\rsc\rsc\src\sn\PotsCcwService.cpp">
      <Filter>Source Files</Filter>
    </ClCompile>
    <ClCompile Include="C:\Users\Greg\Documents\rsc\rsc\src\sn\PotsCfbService.cpp">
      <Filter>Source Files</Filter>
    </ClCompile>
    <ClCompile Include="C:\Users\Greg\Documents\rsc\rsc\src\sn\PotsCfnService.cpp">
      <Filter>Source Files</Filter>
    </ClCompile>
    <ClCompile Include="C:\Users\Greg\Documents\rsc\rsc\src\sn\PotsCfuService.cpp">
      <Filter>Source Files</Filter>
    </ClCompile>
    <ClCompile Include="C:\Users\Greg\Documents\rsc\rsc\src\sn\PotsCfxService.cpp">
      <Filter>Source Files</Filter>
    </ClCompile>
    <ClCompile Include="C:\Users\Greg\Documents\rsc\rsc\src\sn\PotsCwmService.cpp">
      <Filter>Source Files</Filter>
    </ClCompile>
    <ClCompile Include="C:\Users\Greg\Documents\rsc\rsc\src\sn\PotsCwtService.cpp">
      <Filter>Source Files</Filter>
    </ClCompile>
    <ClCompile Include="C:\Users\Greg\Documents\rsc\rsc\src\sn\PotsDiscService.cpp">
      <Filter>Source Files</Filter>
    </ClCompile>
    <ClCompile Include="C:\Users\Greg\Documents\rsc\rsc\src\sn\PotsHtlService.cpp">
      <Filter>Source Files</Filter>
    </ClCompile>
    <ClCompile Include="C:\Users\Greg\Documents\rsc\rsc\src\sn\PotsMultiplexer.cpp">
      <Filter>Source Files</Filter>
    </ClCompile>
    <ClCompile Include="C:\Users\Greg\Documents\rsc\rsc\src\sn\PotsProxyHandlers.cpp">
      <Filter>Source Files</Filter>
    </ClCompile>
    <ClCompile Include="C:\Users\Greg\Documents\rsc\rsc\src\sn\PotsProxySessions.cpp">
      <Filter>Source Files</Filter>
    </ClCompile>
    <ClCompile Include="C:\Users\Greg\Documents\rsc\rsc\src\sn\PotsStatistics.cpp">
      <Filter>Source Files</Filter>
    </ClCompile>
    <ClCompile Include="C:\Users\Greg\Documents\rsc\rsc\src\sn\PotsSusService.cpp">
      <Filter>Source Files</Filter>
    </ClCompile>
    <ClCompile Include="C:\Users\Greg\Documents\rsc\rsc\src\sn\PotsTreatmentRegistry.cpp">
      <Filter>Source Files</Filter>
    </ClCompile>
    <ClCompile Include="C:\Users\Greg\Documents\rsc\rsc\src\sn\PotsTreatments.cpp">
      <Filter>Source Files</Filter>
    </ClCompile>
    <ClCompile Include="C:\Users\Greg\Documents\rsc\rsc\src\sn\PotsWmlService.cpp">
      <Filter>Source Files</Filter>
    </ClCompile>
    <ClCompile Include="C:\Users\Greg\Documents\rsc\rsc\src\sn\SnIncrement.cpp">
      <Filter>Source Files</Filter>
    </ClCompile>
    <ClCompile Include="C:\Users\Greg\Documents\rsc\rsc\src\sn\SnModule.cpp">
      <Filter>Source Files</Filter>
    </ClCompile>
  </ItemGroup>
  <ItemGroup>
    <ClInclude Include="C:\Users\Greg\Documents\rsc\rsc\src\sn\PotsBcHandlers.h">
      <Filter>Header Files</Filter>
    </ClInclude>
    <ClInclude Include="C:\Users\Greg\Documents\rsc\rsc\src\sn\PotsBicService.h">
      <Filter>Header Files</Filter>
    </ClInclude>
    <ClInclude Include="C:\Users\Greg\Documents\rsc\rsc\src\sn\PotsBocService.h">
      <Filter>Header Files</Filter>
    </ClInclude>
    <ClInclude Include="C:\Users\Greg\Documents\rsc\rsc\src\sn\PotsCcwService.h">
      <Filter>Header Files</Filter>
    </ClInclude>
    <ClInclude Include="C:\Users\Greg\Documents\rsc\rsc\src\sn\PotsCfbService.h">
      <Filter>Header Files</Filter>
    </ClInclude>
    <ClInclude Include="C:\Users\Greg\Documents\rsc\rsc\src\sn\PotsCfnService.h">
      <Filter>Header Files</Filter>
    </ClInclude>
    <ClInclude Include="C:\Users\Greg\Documents\rsc\rsc\src\sn\PotsCfuService.h">
      <Filter>Header Files</Filter>
    </ClInclude>
    <ClInclude Include="C:\Users\Greg\Documents\rsc\rsc\src\sn\PotsCfxService.h">
      <Filter>Header Files</Filter>
    </ClInclude>
    <ClInclude Include="C:\Users\Greg\Documents\rsc\rsc\src\sn\PotsCwtService.h">
      <Filter>Header Files</Filter>
    </ClInclude>
    <ClInclude Include="C:\Users\Greg\Documents\rsc\rsc\src\sn\PotsHtlService.h">
      <Filter>Header Files</Filter>
    </ClInclude>
    <ClInclude Include="C:\Users\Greg\Documents\rsc\rsc\src\sn\PotsMultiplexer.h">
      <Filter>Header Files</Filter>
    </ClInclude>
    <ClInclude Include="C:\Users\Greg\Documents\rsc\rsc\src\sn\PotsProxyHandlers.h">
      <Filter>Header Files</Filter>
    </ClInclude>
    <ClInclude Include="C:\Users\Greg\Documents\rsc\rsc\src\sn\PotsProxySessions.h">
      <Filter>Header Files</Filter>
    </ClInclude>
    <ClInclude Include="C:\Users\Greg\Documents\rsc\rsc\src\sn\PotsSessions.h">
      <Filter>Header Files</Filter>
    </ClInclude>
    <ClInclude Include="C:\Users\Greg\Documents\rsc\rsc\src\sn\PotsStatistics.h">
      <Filter>Header Files</Filter>
    </ClInclude>
    <ClInclude Include="C:\Users\Greg\Documents\rsc\rsc\src\sn\PotsSusService.h">
      <Filter>Header Files</Filter>
    </ClInclude>
    <ClInclude Include="C:\Users\Greg\Documents\rsc\rsc\src\sn\PotsTreatmentRegistry.h">
      <Filter>Header Files</Filter>
    </ClInclude>
    <ClInclude Include="C:\Users\Greg\Documents\rsc\rsc\src\sn\PotsTreatments.h">
      <Filter>Header Files</Filter>
    </ClInclude>
    <ClInclude Include="C:\Users\Greg\Documents\rsc\rsc\src\sn\PotsWmlService.h">
      <Filter>Header Files</Filter>
    </ClInclude>
    <ClInclude Include="C:\Users\Greg\Documents\rsc\rsc\src\sn\SnIncrement.h">
      <Filter>Header Files</Filter>
    </ClInclude>
    <ClInclude Include="C:\Users\Greg\Documents\rsc\rsc\src\sn\SnModule.h">
      <Filter>Header Files</Filter>
    </ClInclude>
  </ItemGroup>
  <ItemGroup>
    <CustomBuild Include="C:\Users\Greg\Documents\rsc\rsc\src\sn\CMakeLists.txt" />
  </ItemGroup>
  <ItemGroup>
    <Filter Include="Header Files">
      <UniqueIdentifier>{7D8225C1-7BE3-391A-ACD6-AA9F106BA8F2}</UniqueIdentifier>
    </Filter>
    <Filter Include="Source Files">
      <UniqueIdentifier>{CD31E931-6416-3FC6-A175-57F96F638153}</UniqueIdentifier>
    </Filter>
  </ItemGroup>
</Project>
