<?xml version="1.0" encoding="utf-8"?>
<Project ToolsVersion="4.0" xmlns="http://schemas.microsoft.com/developer/msbuild/2003">
  <ItemGroup>
    <Filter Include="Source Files">
      <UniqueIdentifier>{4FC737F1-C7A5-4376-A066-2A32D752A2FF}</UniqueIdentifier>
      <Extensions>cpp;c;cc;cxx;def;odl;idl;hpj;bat;asm;asmx</Extensions>
    </Filter>
    <Filter Include="Header Files">
      <UniqueIdentifier>{93995380-89BD-4b04-88EB-625FBE52EBFB}</UniqueIdentifier>
      <Extensions>h;hh;hpp;hxx;hm;inl;inc;xsd</Extensions>
    </Filter>
    <Filter Include="Resource Files">
      <UniqueIdentifier>{67DA6AB6-F800-4c08-8B7A-83BB121AAD01}</UniqueIdentifier>
      <Extensions>rc;ico;cur;bmp;dlg;rc2;rct;bin;rgs;gif;jpg;jpeg;jpe;resx;tiff;tif;png;wav;mfcribbon-ms</Extensions>
    </Filter>
  </ItemGroup>
  <ItemGroup>
    <None Include="atomic" />
    <None Include="bitset" />
    <None Include="cctype" />
    <None Include="cmath" />
    <None Include="cstddef" />
    <None Include="cstdint" />
    <None Include="cstdio" />
    <None Include="cstdlib" />
    <None Include="cstring" />
    <None Include="ctime" />
    <None Include="exception" />
    <None Include="fstream" />
    <None Include="iomanip" />
    <None Include="ios" />
    <None Include="iosfwd" />
    <None Include="iostream" />
    <None Include="istream" />
    <None Include="iterator" />
    <None Include="map" />
    <None Include="memory" />
    <None Include="new" />
    <None Include="ostream" />
    <None Include="queue" />
    <None Include="set" />
    <None Include="sstream" />
    <None Include="stack" />
    <None Include="string" />
    <None Include="typeinfo" />
    <None Include="unordered_map" />
    <None Include="utility" />
    <None Include="vector" />
    <None Include="csignal" />
    <None Include="algorithm" />
  </ItemGroup>
  <ItemGroup>
    <ClInclude Include="direct.h">
      <Filter>Header Files</Filter>
    </ClInclude>
    <ClInclude Include="io.h">
      <Filter>Header Files</Filter>
    </ClInclude>
    <ClInclude Include="timeb.h">
      <Filter>Header Files</Filter>
    </ClInclude>
    <ClInclude Include="dbghelp.h">
      <Filter>Header Files</Filter>
    </ClInclude>
    <ClInclude Include="intsafe.h">
      <Filter>Header Files</Filter>
    </ClInclude>
    <ClInclude Include="windows.h">
      <Filter>Header Files</Filter>
    </ClInclude>
    <ClInclude Include="winsock2.h">
      <Filter>Header Files</Filter>
    </ClInclude>
    <ClInclude Include="ws2tcpip.h">
      <Filter>Header Files</Filter>
    </ClInclude>
    <ClInclude Include="list">
      <Filter>Header Files</Filter>
    </ClInclude>
    <ClInclude Include="functional">
      <Filter>Header Files</Filter>
    </ClInclude>
    <ClInclude Include="winerror.h">
      <Filter>Header Files</Filter>
    </ClInclude>
  </ItemGroup>
  <ItemGroup>
    <ClCompile Include="subs.cpp">
      <Filter>Source Files</Filter>
    </ClCompile>
  </ItemGroup>
</Project>