<?xml version="1.0" encoding="utf-8"?>
<Project ToolsVersion="17.0" xmlns="http://schemas.microsoft.com/developer/msbuild/2003">
  <ItemGroup>
    <ClCompile Include="C:\Users\Greg\Documents\rsc\rsc\src\nb\Alarm.cpp">
      <Filter>Source Files</Filter>
    </ClCompile>
    <ClCompile Include="C:\Users\Greg\Documents\rsc\rsc\src\nb\AlarmRegistry.cpp">
      <Filter>Source Files</Filter>
    </ClCompile>
    <ClCompile Include="C:\Users\Greg\Documents\rsc\rsc\src\nb\Algorithms.cpp">
      <Filter>Source Files</Filter>
    </ClCompile>
    <ClCompile Include="C:\Users\Greg\Documents\rsc\rsc\src\nb\AllocationException.cpp">
      <Filter>Source Files</Filter>
    </ClCompile>
    <ClCompile Include="C:\Users\Greg\Documents\rsc\rsc\src\nb\AssertionException.cpp">
      <Filter>Source Files</Filter>
    </ClCompile>
    <ClCompile Include="C:\Users\Greg\Documents\rsc\rsc\src\nb\Base.cpp">
      <Filter>Source Files</Filter>
    </ClCompile>
    <ClCompile Include="C:\Users\Greg\Documents\rsc\rsc\src\nb\CfgBitParm.cpp">
      <Filter>Source Files</Filter>
    </ClCompile>
    <ClCompile Include="C:\Users\Greg\Documents\rsc\rsc\src\nb\CfgBoolParm.cpp">
      <Filter>Source Files</Filter>
    </ClCompile>
    <ClCompile Include="C:\Users\Greg\Documents\rsc\rsc\src\nb\CfgFlagParm.cpp">
      <Filter>Source Files</Filter>
    </ClCompile>
    <ClCompile Include="C:\Users\Greg\Documents\rsc\rsc\src\nb\CfgIntParm.cpp">
      <Filter>Source Files</Filter>
    </ClCompile>
    <ClCompile Include="C:\Users\Greg\Documents\rsc\rsc\src\nb\CfgParm.cpp">
      <Filter>Source Files</Filter>
    </ClCompile>
    <ClCompile Include="C:\Users\Greg\Documents\rsc\rsc\src\nb\CfgParmRegistry.cpp">
      <Filter>Source Files</Filter>
    </ClCompile>
    <ClCompile Include="C:\Users\Greg\Documents\rsc\rsc\src\nb\CfgStrParm.cpp">
      <Filter>Source Files</Filter>
    </ClCompile>
    <ClCompile Include="C:\Users\Greg\Documents\rsc\rsc\src\nb\CfgTuple.cpp">
      <Filter>Source Files</Filter>
    </ClCompile>
    <ClCompile Include="C:\Users\Greg\Documents\rsc\rsc\src\nb\CinThread.cpp">
      <Filter>Source Files</Filter>
    </ClCompile>
    <ClCompile Include="C:\Users\Greg\Documents\rsc\rsc\src\nb\Class.cpp">
      <Filter>Source Files</Filter>
    </ClCompile>
    <ClCompile Include="C:\Users\Greg\Documents\rsc\rsc\src\nb\ClassRegistry.cpp">
      <Filter>Source Files</Filter>
    </ClCompile>
    <ClCompile Include="C:\Users\Greg\Documents\rsc\rsc\src\nb\CliAppData.cpp">
      <Filter>Source Files</Filter>
    </ClCompile>
    <ClCompile Include="C:\Users\Greg\Documents\rsc\rsc\src\nb\CliBoolParm.cpp">
      <Filter>Source Files</Filter>
    </ClCompile>
    <ClCompile Include="C:\Users\Greg\Documents\rsc\rsc\src\nb\CliBuffer.cpp">
      <Filter>Source Files</Filter>
    </ClCompile>
    <ClCompile Include="C:\Users\Greg\Documents\rsc\rsc\src\nb\CliCharParm.cpp">
      <Filter>Source Files</Filter>
    </ClCompile>
    <ClCompile Include="C:\Users\Greg\Documents\rsc\rsc\src\nb\CliCommand.cpp">
      <Filter>Source Files</Filter>
    </ClCompile>
    <ClCompile Include="C:\Users\Greg\Documents\rsc\rsc\src\nb\CliCommandSet.cpp">
      <Filter>Source Files</Filter>
    </ClCompile>
    <ClCompile Include="C:\Users\Greg\Documents\rsc\rsc\src\nb\CliCookie.cpp">
      <Filter>Source Files</Filter>
    </ClCompile>
    <ClCompile Include="C:\Users\Greg\Documents\rsc\rsc\src\nb\CliIncrement.cpp">
      <Filter>Source Files</Filter>
    </ClCompile>
    <ClCompile Include="C:\Users\Greg\Documents\rsc\rsc\src\nb\CliIntParm.cpp">
      <Filter>Source Files</Filter>
    </ClCompile>
    <ClCompile Include="C:\Users\Greg\Documents\rsc\rsc\src\nb\CliParm.cpp">
      <Filter>Source Files</Filter>
    </ClCompile>
    <ClCompile Include="C:\Users\Greg\Documents\rsc\rsc\src\nb\CliPtrParm.cpp">
      <Filter>Source Files</Filter>
    </ClCompile>
    <ClCompile Include="C:\Users\Greg\Documents\rsc\rsc\src\nb\CliRegistry.cpp">
      <Filter>Source Files</Filter>
    </ClCompile>
    <ClCompile Include="C:\Users\Greg\Documents\rsc\rsc\src\nb\CliStack.cpp">
      <Filter>Source Files</Filter>
    </ClCompile>
    <ClCompile Include="C:\Users\Greg\Documents\rsc\rsc\src\nb\CliText.cpp">
      <Filter>Source Files</Filter>
    </ClCompile>
    <ClCompile Include="C:\Users\Greg\Documents\rsc\rsc\src\nb\CliTextParm.cpp">
      <Filter>Source Files</Filter>
    </ClCompile>
    <ClCompile Include="C:\Users\Greg\Documents\rsc\rsc\src\nb\CliThread.cpp">
      <Filter>Source Files</Filter>
    </ClCompile>
    <ClCompile Include="C:\Users\Greg\Documents\rsc\rsc\src\nb\CoutThread.cpp">
      <Filter>Source Files</Filter>
    </ClCompile>
    <ClCompile Include="C:\Users\Greg\Documents\rsc\rsc\src\nb\Daemon.cpp">
      <Filter>Source Files</Filter>
    </ClCompile>
    <ClCompile Include="C:\Users\Greg\Documents\rsc\rsc\src\nb\DaemonRegistry.cpp">
      <Filter>Source Files</Filter>
    </ClCompile>
    <ClCompile Include="C:\Users\Greg\Documents\rsc\rsc\src\nb\Debug.cpp">
      <Filter>Source Files</Filter>
    </ClCompile>
    <ClCompile Include="C:\Users\Greg\Documents\rsc\rsc\src\nb\Deferred.cpp">
      <Filter>Source Files</Filter>
    </ClCompile>
    <ClCompile Include="C:\Users\Greg\Documents\rsc\rsc\src\nb\DeferredRegistry.cpp">
      <Filter>Source Files</Filter>
    </ClCompile>
    <ClCompile Include="C:\Users\Greg\Documents\rsc\rsc\src\nb\DeferredThread.cpp">
      <Filter>Source Files</Filter>
    </ClCompile>
    <ClCompile Include="C:\Users\Greg\Documents\rsc\rsc\src\nb\Duration.cpp">
      <Filter>Source Files</Filter>
    </ClCompile>
    <ClCompile Include="C:\Users\Greg\Documents\rsc\rsc\src\nb\Dynamic.cpp">
      <Filter>Source Files</Filter>
    </ClCompile>
    <ClCompile Include="C:\Users\Greg\Documents\rsc\rsc\src\nb\Element.cpp">
      <Filter>Source Files</Filter>
    </ClCompile>
    <ClCompile Include="C:\Users\Greg\Documents\rsc\rsc\src\nb\ElementException.cpp">
      <Filter>Source Files</Filter>
    </ClCompile>
    <ClCompile Include="C:\Users\Greg\Documents\rsc\rsc\src\nb\Exception.cpp">
      <Filter>Source Files</Filter>
    </ClCompile>
    <ClCompile Include="C:\Users\Greg\Documents\rsc\rsc\src\nb\FileThread.cpp">
      <Filter>Source Files</Filter>
    </ClCompile>
    <ClCompile Include="C:\Users\Greg\Documents\rsc\rsc\src\nb\Formatters.cpp">
      <Filter>Source Files</Filter>
    </ClCompile>
    <ClCompile Include="C:\Users\Greg\Documents\rsc\rsc\src\nb\FunctionGuard.cpp">
      <Filter>Source Files</Filter>
    </ClCompile>
    <ClCompile Include="C:\Users\Greg\Documents\rsc\rsc\src\nb\FunctionName.cpp">
      <Filter>Source Files</Filter>
    </ClCompile>
    <ClCompile Include="C:\Users\Greg\Documents\rsc\rsc\src\nb\FunctionTrace.cpp">
      <Filter>Source Files</Filter>
    </ClCompile>
    <ClCompile Include="C:\Users\Greg\Documents\rsc\rsc\src\nb\Heap.cpp">
      <Filter>Source Files</Filter>
    </ClCompile>
    <ClCompile Include="C:\Users\Greg\Documents\rsc\rsc\src\nb\Immutable.cpp">
      <Filter>Source Files</Filter>
    </ClCompile>
    <ClCompile Include="C:\Users\Greg\Documents\rsc\rsc\src\nb\InitFlags.cpp">
      <Filter>Source Files</Filter>
    </ClCompile>
    <ClCompile Include="C:\Users\Greg\Documents\rsc\rsc\src\nb\InitThread.cpp">
      <Filter>Source Files</Filter>
    </ClCompile>
    <ClCompile Include="C:\Users\Greg\Documents\rsc\rsc\src\nb\LeakyBucketCounter.cpp">
      <Filter>Source Files</Filter>
    </ClCompile>
    <ClCompile Include="C:\Users\Greg\Documents\rsc\rsc\src\nb\Log.cpp">
      <Filter>Source Files</Filter>
    </ClCompile>
    <ClCompile Include="C:\Users\Greg\Documents\rsc\rsc\src\nb\LogBuffer.cpp">
      <Filter>Source Files</Filter>
    </ClCompile>
    <ClCompile Include="C:\Users\Greg\Documents\rsc\rsc\src\nb\LogBufferRegistry.cpp">
      <Filter>Source Files</Filter>
    </ClCompile>
    <ClCompile Include="C:\Users\Greg\Documents\rsc\rsc\src\nb\LogGroup.cpp">
      <Filter>Source Files</Filter>
    </ClCompile>
    <ClCompile Include="C:\Users\Greg\Documents\rsc\rsc\src\nb\LogGroupRegistry.cpp">
      <Filter>Source Files</Filter>
    </ClCompile>
    <ClCompile Include="C:\Users\Greg\Documents\rsc\rsc\src\nb\LogThread.cpp">
      <Filter>Source Files</Filter>
    </ClCompile>
    <ClCompile Include="C:\Users\Greg\Documents\rsc\rsc\src\nb\MainArgs.cpp">
      <Filter>Source Files</Filter>
    </ClCompile>
    <ClCompile Include="C:\Users\Greg\Documents\rsc\rsc\src\nb\Memory.cpp">
      <Filter>Source Files</Filter>
    </ClCompile>
    <ClCompile Include="C:\Users\Greg\Documents\rsc\rsc\src\nb\MemoryTrace.cpp">
      <Filter>Source Files</Filter>
    </ClCompile>
    <ClCompile Include="C:\Users\Greg\Documents\rsc\rsc\src\nb\Module.cpp">
      <Filter>Source Files</Filter>
    </ClCompile>
    <ClCompile Include="C:\Users\Greg\Documents\rsc\rsc\src\nb\ModuleRegistry.cpp">
      <Filter>Source Files</Filter>
    </ClCompile>
    <ClCompile Include="C:\Users\Greg\Documents\rsc\rsc\src\nb\MsgBuffer.cpp">
      <Filter>Source Files</Filter>
    </ClCompile>
    <ClCompile Include="C:\Users\Greg\Documents\rsc\rsc\src\nb\MutexGuard.cpp">
      <Filter>Source Files</Filter>
    </ClCompile>
    <ClCompile Include="C:\Users\Greg\Documents\rsc\rsc\src\nb\MutexRegistry.cpp">
      <Filter>Source Files</Filter>
    </ClCompile>
    <ClCompile Include="C:\Users\Greg\Documents\rsc\rsc\src\nb\NbCliParms.cpp">
      <Filter>Source Files</Filter>
    </ClCompile>
    <ClCompile Include="C:\Users\Greg\Documents\rsc\rsc\src\nb\NbDaemons.cpp">
      <Filter>Source Files</Filter>
    </ClCompile>
    <ClCompile Include="C:\Users\Greg\Documents\rsc\rsc\src\nb\NbHeap.cpp">
      <Filter>Source Files</Filter>
    </ClCompile>
    <ClCompile Include="C:\Users\Greg\Documents\rsc\rsc\src\nb\NbIncrement.cpp">
      <Filter>Source Files</Filter>
    </ClCompile>
    <ClCompile Include="C:\Users\Greg\Documents\rsc\rsc\src\nb\NbLogs.cpp">
      <Filter>Source Files</Filter>
    </ClCompile>
    <ClCompile Include="C:\Users\Greg\Documents\rsc\rsc\src\nb\NbModule.cpp">
      <Filter>Source Files</Filter>
    </ClCompile>
    <ClCompile Include="C:\Users\Greg\Documents\rsc\rsc\src\nb\NbPools.cpp">
      <Filter>Source Files</Filter>
    </ClCompile>
    <ClCompile Include="C:\Users\Greg\Documents\rsc\rsc\src\nb\NbSignals.cpp">
      <Filter>Source Files</Filter>
    </ClCompile>
    <ClCompile Include="C:\Users\Greg\Documents\rsc\rsc\src\nb\NbTracer.cpp">
      <Filter>Source Files</Filter>
    </ClCompile>
    <ClCompile Include="C:\Users\Greg\Documents\rsc\rsc\src\nb\NbTypes.cpp">
      <Filter>Source Files</Filter>
    </ClCompile>
    <ClCompile Include="C:\Users\Greg\Documents\rsc\rsc\src\nb\Object.cpp">
      <Filter>Source Files</Filter>
    </ClCompile>
    <ClCompile Include="C:\Users\Greg\Documents\rsc\rsc\src\nb\ObjectPool.cpp">
      <Filter>Source Files</Filter>
    </ClCompile>
    <ClCompile Include="C:\Users\Greg\Documents\rsc\rsc\src\nb\ObjectPoolAudit.cpp">
      <Filter>Source Files</Filter>
    </ClCompile>
    <ClCompile Include="C:\Users\Greg\Documents\rsc\rsc\src\nb\ObjectPoolRegistry.cpp">
      <Filter>Source Files</Filter>
    </ClCompile>
    <ClCompile Include="C:\Users\Greg\Documents\rsc\rsc\src\nb\ObjectPoolTrace.cpp">
      <Filter>Source Files</Filter>
    </ClCompile>
    <ClCompile Include="C:\Users\Greg\Documents\rsc\rsc\src\nb\Permanent.cpp">
      <Filter>Source Files</Filter>
    </ClCompile>
    <ClCompile Include="C:\Users\Greg\Documents\rsc\rsc\src\nb\PermanentHeap.cpp">
      <Filter>Source Files</Filter>
    </ClCompile>
    <ClCompile Include="C:\Users\Greg\Documents\rsc\rsc\src\nb\Persistent.cpp">
      <Filter>Source Files</Filter>
    </ClCompile>
    <ClCompile Include="C:\Users\Greg\Documents\rsc\rsc\src\nb\Pooled.cpp">
      <Filter>Source Files</Filter>
    </ClCompile>
    <ClCompile Include="C:\Users\Greg\Documents\rsc\rsc\src\nb\PooledClass.cpp">
      <Filter>Source Files</Filter>
    </ClCompile>
    <ClCompile Include="C:\Users\Greg\Documents\rsc\rsc\src\nb\PosixSignal.cpp">
      <Filter>Source Files</Filter>
    </ClCompile>
    <ClCompile Include="C:\Users\Greg\Documents\rsc\rsc\src\nb\PosixSignalRegistry.cpp">
      <Filter>Source Files</Filter>
    </ClCompile>
    <ClCompile Include="C:\Users\Greg\Documents\rsc\rsc\src\nb\Protected.cpp">
      <Filter>Source Files</Filter>
    </ClCompile>
    <ClCompile Include="C:\Users\Greg\Documents\rsc\rsc\src\nb\Q1Link.cpp">
      <Filter>Source Files</Filter>
    </ClCompile>
    <ClCompile Include="C:\Users\Greg\Documents\rsc\rsc\src\nb\Q2Link.cpp">
      <Filter>Source Files</Filter>
    </ClCompile>
    <ClCompile Include="C:\Users\Greg\Documents\rsc\rsc\src\nb\RegCell.cpp">
      <Filter>Source Files</Filter>
    </ClCompile>
    <ClCompile Include="C:\Users\Greg\Documents\rsc\rsc\src\nb\Restart.cpp">
      <Filter>Source Files</Filter>
    </ClCompile>
    <ClCompile Include="C:\Users\Greg\Documents\rsc\rsc\src\nb\RootThread.cpp">
      <Filter>Source Files</Filter>
    </ClCompile>
    <ClCompile Include="C:\Users\Greg\Documents\rsc\rsc\src\nb\SignalException.cpp">
      <Filter>Source Files</Filter>
    </ClCompile>
    <ClCompile Include="C:\Users\Greg\Documents\rsc\rsc\src\nb\Singletons.cpp">
      <Filter>Source Files</Filter>
    </ClCompile>
    <ClCompile Include="C:\Users\Greg\Documents\rsc\rsc\src\nb\SoftwareException.cpp">
      <Filter>Source Files</Filter>
    </ClCompile>
    <ClCompile Include="C:\Users\Greg\Documents\rsc\rsc\src\nb\Statistics.cpp">
      <Filter>Source Files</Filter>
    </ClCompile>
    <ClCompile Include="C:\Users\Greg\Documents\rsc\rsc\src\nb\StatisticsGroup.cpp">
      <Filter>Source Files</Filter>
    </ClCompile>
    <ClCompile Include="C:\Users\Greg\Documents\rsc\rsc\src\nb\StatisticsRegistry.cpp">
      <Filter>Source Files</Filter>
    </ClCompile>
    <ClCompile Include="C:\Users\Greg\Documents\rsc\rsc\src\nb\StatisticsThread.cpp">
      <Filter>Source Files</Filter>
    </ClCompile>
    <ClCompile Include="C:\Users\Greg\Documents\rsc\rsc\src\nb\StreamRequest.cpp">
      <Filter>Source Files</Filter>
    </ClCompile>
    <ClCompile Include="C:\Users\Greg\Documents\rsc\rsc\src\nb\Symbol.cpp">
      <Filter>Source Files</Filter>
    </ClCompile>
    <ClCompile Include="C:\Users\Greg\Documents\rsc\rsc\src\nb\SymbolRegistry.cpp">
      <Filter>Source Files</Filter>
    </ClCompile>
    <ClCompile Include="C:\Users\Greg\Documents\rsc\rsc\src\nb\SysConsole.cpp">
      <Filter>Source Files</Filter>
    </ClCompile>
    <ClCompile Include="C:\Users\Greg\Documents\rsc\rsc\src\nb\SysConsole.win.cpp">
      <Filter>Source Files</Filter>
    </ClCompile>
    <ClCompile Include="C:\Users\Greg\Documents\rsc\rsc\src\nb\SysFile.cpp">
      <Filter>Source Files</Filter>
    </ClCompile>
    <ClCompile Include="C:\Users\Greg\Documents\rsc\rsc\src\nb\SysFile.win.cpp">
      <Filter>Source Files</Filter>
    </ClCompile>
    <ClCompile Include="C:\Users\Greg\Documents\rsc\rsc\src\nb\SysHeap.win.cpp">
      <Filter>Source Files</Filter>
    </ClCompile>
    <ClCompile Include="C:\Users\Greg\Documents\rsc\rsc\src\nb\SysLock.cpp">
      <Filter>Source Files</Filter>
    </ClCompile>
    <ClCompile Include="C:\Users\Greg\Documents\rsc\rsc\src\nb\SysLock.win.cpp">
      <Filter>Source Files</Filter>
    </ClCompile>
    <ClCompile Include="C:\Users\Greg\Documents\rsc\rsc\src\nb\SysMemory.win.cpp">
      <Filter>Source Files</Filter>
    </ClCompile>
    <ClCompile Include="C:\Users\Greg\Documents\rsc\rsc\src\nb\SysMutex.cpp">
      <Filter>Source Files</Filter>
    </ClCompile>
    <ClCompile Include="C:\Users\Greg\Documents\rsc\rsc\src\nb\SysMutex.win.cpp">
      <Filter>Source Files</Filter>
    </ClCompile>
    <ClCompile Include="C:\Users\Greg\Documents\rsc\rsc\src\nb\SysSignals.cpp">
      <Filter>Source Files</Filter>
    </ClCompile>
    <ClCompile Include="C:\Users\Greg\Documents\rsc\rsc\src\nb\SysSignals.win.cpp">
      <Filter>Source Files</Filter>
    </ClCompile>
    <ClCompile Include="C:\Users\Greg\Documents\rsc\rsc\src\nb\SysThread.cpp">
      <Filter>Source Files</Filter>
    </ClCompile>
    <ClCompile Include="C:\Users\Greg\Documents\rsc\rsc\src\nb\SysThread.win.cpp">
      <Filter>Source Files</Filter>
    </ClCompile>
    <ClCompile Include="C:\Users\Greg\Documents\rsc\rsc\src\nb\SysThreadStack.win.cpp">
      <Filter>Source Files</Filter>
    </ClCompile>
    <ClCompile Include="C:\Users\Greg\Documents\rsc\rsc\src\nb\SysTickTimer.cpp">
      <Filter>Source Files</Filter>
    </ClCompile>
    <ClCompile Include="C:\Users\Greg\Documents\rsc\rsc\src\nb\SysTickTimer.win.cpp">
      <Filter>Source Files</Filter>
    </ClCompile>
    <ClCompile Include="C:\Users\Greg\Documents\rsc\rsc\src\nb\SysTime.cpp">
      <Filter>Source Files</Filter>
    </ClCompile>
    <ClCompile Include="C:\Users\Greg\Documents\rsc\rsc\src\nb\SysTime.win.cpp">
      <Filter>Source Files</Filter>
    </ClCompile>
    <ClCompile Include="C:\Users\Greg\Documents\rsc\rsc\src\nb\SysTypes.cpp">
      <Filter>Source Files</Filter>
    </ClCompile>
    <ClCompile Include="C:\Users\Greg\Documents\rsc\rsc\src\nb\Temporary.cpp">
      <Filter>Source Files</Filter>
    </ClCompile>
    <ClCompile Include="C:\Users\Greg\Documents\rsc\rsc\src\nb\ThisThread.cpp">
      <Filter>Source Files</Filter>
    </ClCompile>
    <ClCompile Include="C:\Users\Greg\Documents\rsc\rsc\src\nb\Thread.cpp">
      <Filter>Source Files</Filter>
    </ClCompile>
    <ClCompile Include="C:\Users\Greg\Documents\rsc\rsc\src\nb\ThreadAdmin.cpp">
      <Filter>Source Files</Filter>
    </ClCompile>
    <ClCompile Include="C:\Users\Greg\Documents\rsc\rsc\src\nb\ThreadRegistry.cpp">
      <Filter>Source Files</Filter>
    </ClCompile>
    <ClCompile Include="C:\Users\Greg\Documents\rsc\rsc\src\nb\TimedRecord.cpp">
      <Filter>Source Files</Filter>
    </ClCompile>
    <ClCompile Include="C:\Users\Greg\Documents\rsc\rsc\src\nb\TimePoint.cpp">
      <Filter>Source Files</Filter>
    </ClCompile>
    <ClCompile Include="C:\Users\Greg\Documents\rsc\rsc\src\nb\Tool.cpp">
      <Filter>Source Files</Filter>
    </ClCompile>
    <ClCompile Include="C:\Users\Greg\Documents\rsc\rsc\src\nb\ToolRegistry.cpp">
      <Filter>Source Files</Filter>
    </ClCompile>
    <ClCompile Include="C:\Users\Greg\Documents\rsc\rsc\src\nb\ToolTypes.cpp">
      <Filter>Source Files</Filter>
    </ClCompile>
    <ClCompile Include="C:\Users\Greg\Documents\rsc\rsc\src\nb\TraceBuffer.cpp">
      <Filter>Source Files</Filter>
    </ClCompile>
    <ClCompile Include="C:\Users\Greg\Documents\rsc\rsc\src\nb\TraceDump.cpp">
      <Filter>Source Files</Filter>
    </ClCompile>
    <ClCompile Include="C:\Users\Greg\Documents\rsc\rsc\src\nb\TraceRecord.cpp">
      <Filter>Source Files</Filter>
    </ClCompile>
  </ItemGroup>
  <ItemGroup>
    <ClInclude Include="C:\Users\Greg\Documents\rsc\rsc\src\nb\Alarm.h">
      <Filter>Header Files</Filter>
    </ClInclude>
    <ClInclude Include="C:\Users\Greg\Documents\rsc\rsc\src\nb\AlarmRegistry.h">
      <Filter>Header Files</Filter>
    </ClInclude>
    <ClInclude Include="C:\Users\Greg\Documents\rsc\rsc\src\nb\Algorithms.h">
      <Filter>Header Files</Filter>
    </ClInclude>
    <ClInclude Include="C:\Users\Greg\Documents\rsc\rsc\src\nb\AllocationException.h">
      <Filter>Header Files</Filter>
    </ClInclude>
    <ClInclude Include="C:\Users\Greg\Documents\rsc\rsc\src\nb\Allocators.h">
      <Filter>Header Files</Filter>
    </ClInclude>
    <ClInclude Include="C:\Users\Greg\Documents\rsc\rsc\src\nb\Array.h">
      <Filter>Header Files</Filter>
    </ClInclude>
    <ClInclude Include="C:\Users\Greg\Documents\rsc\rsc\src\nb\AssertionException.h">
      <Filter>Header Files</Filter>
    </ClInclude>
    <ClInclude Include="C:\Users\Greg\Documents\rsc\rsc\src\nb\Base.h">
      <Filter>Header Files</Filter>
    </ClInclude>
    <ClInclude Include="C:\Users\Greg\Documents\rsc\rsc\src\nb\CallbackRequest.h">
      <Filter>Header Files</Filter>
    </ClInclude>
    <ClInclude Include="C:\Users\Greg\Documents\rsc\rsc\src\nb\CfgBitParm.h">
      <Filter>Header Files</Filter>
    </ClInclude>
    <ClInclude Include="C:\Users\Greg\Documents\rsc\rsc\src\nb\CfgBoolParm.h">
      <Filter>Header Files</Filter>
    </ClInclude>
    <ClInclude Include="C:\Users\Greg\Documents\rsc\rsc\src\nb\CfgFlagParm.h">
      <Filter>Header Files</Filter>
    </ClInclude>
    <ClInclude Include="C:\Users\Greg\Documents\rsc\rsc\src\nb\CfgIntParm.h">
      <Filter>Header Files</Filter>
    </ClInclude>
    <ClInclude Include="C:\Users\Greg\Documents\rsc\rsc\src\nb\CfgParm.h">
      <Filter>Header Files</Filter>
    </ClInclude>
    <ClInclude Include="C:\Users\Greg\Documents\rsc\rsc\src\nb\CfgParmRegistry.h">
      <Filter>Header Files</Filter>
    </ClInclude>
    <ClInclude Include="C:\Users\Greg\Documents\rsc\rsc\src\nb\CfgStrParm.h">
      <Filter>Header Files</Filter>
    </ClInclude>
    <ClInclude Include="C:\Users\Greg\Documents\rsc\rsc\src\nb\CfgTuple.h">
      <Filter>Header Files</Filter>
    </ClInclude>
    <ClInclude Include="C:\Users\Greg\Documents\rsc\rsc\src\nb\CinThread.h">
      <Filter>Header Files</Filter>
    </ClInclude>
    <ClInclude Include="C:\Users\Greg\Documents\rsc\rsc\src\nb\Class.h">
      <Filter>Header Files</Filter>
    </ClInclude>
    <ClInclude Include="C:\Users\Greg\Documents\rsc\rsc\src\nb\ClassRegistry.h">
      <Filter>Header Files</Filter>
    </ClInclude>
    <ClInclude Include="C:\Users\Greg\Documents\rsc\rsc\src\nb\CliAppData.h">
      <Filter>Header Files</Filter>
    </ClInclude>
    <ClInclude Include="C:\Users\Greg\Documents\rsc\rsc\src\nb\CliBoolParm.h">
      <Filter>Header Files</Filter>
    </ClInclude>
    <ClInclude Include="C:\Users\Greg\Documents\rsc\rsc\src\nb\CliBuffer.h">
      <Filter>Header Files</Filter>
    </ClInclude>
    <ClInclude Include="C:\Users\Greg\Documents\rsc\rsc\src\nb\CliCharParm.h">
      <Filter>Header Files</Filter>
    </ClInclude>
    <ClInclude Include="C:\Users\Greg\Documents\rsc\rsc\src\nb\CliCommand.h">
      <Filter>Header Files</Filter>
    </ClInclude>
    <ClInclude Include="C:\Users\Greg\Documents\rsc\rsc\src\nb\CliCommandSet.h">
      <Filter>Header Files</Filter>
    </ClInclude>
    <ClInclude Include="C:\Users\Greg\Documents\rsc\rsc\src\nb\CliCookie.h">
      <Filter>Header Files</Filter>
    </ClInclude>
    <ClInclude Include="C:\Users\Greg\Documents\rsc\rsc\src\nb\CliIncrement.h">
      <Filter>Header Files</Filter>
    </ClInclude>
    <ClInclude Include="C:\Users\Greg\Documents\rsc\rsc\src\nb\CliIntParm.h">
      <Filter>Header Files</Filter>
    </ClInclude>
    <ClInclude Include="C:\Users\Greg\Documents\rsc\rsc\src\nb\CliParm.h">
      <Filter>Header Files</Filter>
    </ClInclude>
    <ClInclude Include="C:\Users\Greg\Documents\rsc\rsc\src\nb\CliPtrParm.h">
      <Filter>Header Files</Filter>
    </ClInclude>
    <ClInclude Include="C:\Users\Greg\Documents\rsc\rsc\src\nb\CliRegistry.h">
      <Filter>Header Files</Filter>
    </ClInclude>
    <ClInclude Include="C:\Users\Greg\Documents\rsc\rsc\src\nb\CliStack.h">
      <Filter>Header Files</Filter>
    </ClInclude>
    <ClInclude Include="C:\Users\Greg\Documents\rsc\rsc\src\nb\CliText.h">
      <Filter>Header Files</Filter>
    </ClInclude>
    <ClInclude Include="C:\Users\Greg\Documents\rsc\rsc\src\nb\CliTextParm.h">
      <Filter>Header Files</Filter>
    </ClInclude>
    <ClInclude Include="C:\Users\Greg\Documents\rsc\rsc\src\nb\CliThread.h">
      <Filter>Header Files</Filter>
    </ClInclude>
    <ClInclude Include="C:\Users\Greg\Documents\rsc\rsc\src\nb\CoutThread.h">
      <Filter>Header Files</Filter>
    </ClInclude>
    <ClInclude Include="C:\Users\Greg\Documents\rsc\rsc\src\nb\Daemon.h">
      <Filter>Header Files</Filter>
    </ClInclude>
    <ClInclude Include="C:\Users\Greg\Documents\rsc\rsc\src\nb\DaemonRegistry.h">
      <Filter>Header Files</Filter>
    </ClInclude>
    <ClInclude Include="C:\Users\Greg\Documents\rsc\rsc\src\nb\Debug.h">
      <Filter>Header Files</Filter>
    </ClInclude>
    <ClInclude Include="C:\Users\Greg\Documents\rsc\rsc\src\nb\Deferred.h">
      <Filter>Header Files</Filter>
    </ClInclude>
    <ClInclude Include="C:\Users\Greg\Documents\rsc\rsc\src\nb\DeferredRegistry.h">
      <Filter>Header Files</Filter>
    </ClInclude>
    <ClInclude Include="C:\Users\Greg\Documents\rsc\rsc\src\nb\DeferredThread.h">
      <Filter>Header Files</Filter>
    </ClInclude>
    <ClInclude Include="C:\Users\Greg\Documents\rsc\rsc\src\nb\Duration.h">
      <Filter>Header Files</Filter>
    </ClInclude>
    <ClInclude Include="C:\Users\Greg\Documents\rsc\rsc\src\nb\Dynamic.h">
      <Filter>Header Files</Filter>
    </ClInclude>
    <ClInclude Include="C:\Users\Greg\Documents\rsc\rsc\src\nb\Element.h">
      <Filter>Header Files</Filter>
    </ClInclude>
    <ClInclude Include="C:\Users\Greg\Documents\rsc\rsc\src\nb\ElementException.h">
      <Filter>Header Files</Filter>
    </ClInclude>
    <ClInclude Include="C:\Users\Greg\Documents\rsc\rsc\src\nb\Exception.h">
      <Filter>Header Files</Filter>
    </ClInclude>
    <ClInclude Include="C:\Users\Greg\Documents\rsc\rsc\src\nb\FileThread.h">
      <Filter>Header Files</Filter>
    </ClInclude>
    <ClInclude Include="C:\Users\Greg\Documents\rsc\rsc\src\nb\Formatters.h">
      <Filter>Header Files</Filter>
    </ClInclude>
    <ClInclude Include="C:\Users\Greg\Documents\rsc\rsc\src\nb\FunctionGuard.h">
      <Filter>Header Files</Filter>
    </ClInclude>
    <ClInclude Include="C:\Users\Greg\Documents\rsc\rsc\src\nb\FunctionName.h">
      <Filter>Header Files</Filter>
    </ClInclude>
    <ClInclude Include="C:\Users\Greg\Documents\rsc\rsc\src\nb\FunctionTrace.h">
      <Filter>Header Files</Filter>
    </ClInclude>
    <ClInclude Include="C:\Users\Greg\Documents\rsc\rsc\src\nb\Heap.h">
      <Filter>Header Files</Filter>
    </ClInclude>
    <ClInclude Include="C:\Users\Greg\Documents\rsc\rsc\src\nb\Immutable.h">
      <Filter>Header Files</Filter>
    </ClInclude>
    <ClInclude Include="C:\Users\Greg\Documents\rsc\rsc\src\nb\InitFlags.h">
      <Filter>Header Files</Filter>
    </ClInclude>
    <ClInclude Include="C:\Users\Greg\Documents\rsc\rsc\src\nb\InitThread.h">
      <Filter>Header Files</Filter>
    </ClInclude>
    <ClInclude Include="C:\Users\Greg\Documents\rsc\rsc\src\nb\LeakyBucketCounter.h">
      <Filter>Header Files</Filter>
    </ClInclude>
    <ClInclude Include="C:\Users\Greg\Documents\rsc\rsc\src\nb\Log.h">
      <Filter>Header Files</Filter>
    </ClInclude>
    <ClInclude Include="C:\Users\Greg\Documents\rsc\rsc\src\nb\LogBuffer.h">
      <Filter>Header Files</Filter>
    </ClInclude>
    <ClInclude Include="C:\Users\Greg\Documents\rsc\rsc\src\nb\LogBufferRegistry.h">
      <Filter>Header Files</Filter>
    </ClInclude>
    <ClInclude Include="C:\Users\Greg\Documents\rsc\rsc\src\nb\LogGroup.h">
      <Filter>Header Files</Filter>
    </ClInclude>
    <ClInclude Include="C:\Users\Greg\Documents\rsc\rsc\src\nb\LogGroupRegistry.h">
      <Filter>Header Files</Filter>
    </ClInclude>
    <ClInclude Include="C:\Users\Greg\Documents\rsc\rsc\src\nb\LogThread.h">
      <Filter>Header Files</Filter>
    </ClInclude>
    <ClInclude Include="C:\Users\Greg\Documents\rsc\rsc\src\nb\MainArgs.h">
      <Filter>Header Files</Filter>
    </ClInclude>
    <ClInclude Include="C:\Users\Greg\Documents\rsc\rsc\src\nb\Memory.h">
      <Filter>Header Files</Filter>
    </ClInclude>
    <ClInclude Include="C:\Users\Greg\Documents\rsc\rsc\src\nb\MemoryTrace.h">
      <Filter>Header Files</Filter>
    </ClInclude>
    <ClInclude Include="C:\Users\Greg\Documents\rsc\rsc\src\nb\Module.h">
      <Filter>Header Files</Filter>
    </ClInclude>
    <ClInclude Include="C:\Users\Greg\Documents\rsc\rsc\src\nb\ModuleRegistry.h">
      <Filter>Header Files</Filter>
    </ClInclude>
    <ClInclude Include="C:\Users\Greg\Documents\rsc\rsc\src\nb\MsgBuffer.h">
      <Filter>Header Files</Filter>
    </ClInclude>
    <ClInclude Include="C:\Users\Greg\Documents\rsc\rsc\src\nb\MutexGuard.h">
      <Filter>Header Files</Filter>
    </ClInclude>
    <ClInclude Include="C:\Users\Greg\Documents\rsc\rsc\src\nb\MutexRegistry.h">
      <Filter>Header Files</Filter>
    </ClInclude>
    <ClInclude Include="C:\Users\Greg\Documents\rsc\rsc\src\nb\NbAppIds.h">
      <Filter>Header Files</Filter>
    </ClInclude>
    <ClInclude Include="C:\Users\Greg\Documents\rsc\rsc\src\nb\NbCliParms.h">
      <Filter>Header Files</Filter>
    </ClInclude>
    <ClInclude Include="C:\Users\Greg\Documents\rsc\rsc\src\nb\NbDaemons.h">
      <Filter>Header Files</Filter>
    </ClInclude>
    <ClInclude Include="C:\Users\Greg\Documents\rsc\rsc\src\nb\NbHeap.h">
      <Filter>Header Files</Filter>
    </ClInclude>
    <ClInclude Include="C:\Users\Greg\Documents\rsc\rsc\src\nb\NbIncrement.h">
      <Filter>Header Files</Filter>
    </ClInclude>
    <ClInclude Include="C:\Users\Greg\Documents\rsc\rsc\src\nb\NbLogs.h">
      <Filter>Header Files</Filter>
    </ClInclude>
    <ClInclude Include="C:\Users\Greg\Documents\rsc\rsc\src\nb\NbModule.h">
      <Filter>Header Files</Filter>
    </ClInclude>
    <ClInclude Include="C:\Users\Greg\Documents\rsc\rsc\src\nb\NbPools.h">
      <Filter>Header Files</Filter>
    </ClInclude>
    <ClInclude Include="C:\Users\Greg\Documents\rsc\rsc\src\nb\NbSignals.h">
      <Filter>Header Files</Filter>
    </ClInclude>
    <ClInclude Include="C:\Users\Greg\Documents\rsc\rsc\src\nb\NbTracer.h">
      <Filter>Header Files</Filter>
    </ClInclude>
    <ClInclude Include="C:\Users\Greg\Documents\rsc\rsc\src\nb\NbTypes.h">
      <Filter>Header Files</Filter>
    </ClInclude>
    <ClInclude Include="C:\Users\Greg\Documents\rsc\rsc\src\nb\Object.h">
      <Filter>Header Files</Filter>
    </ClInclude>
    <ClInclude Include="C:\Users\Greg\Documents\rsc\rsc\src\nb\ObjectPool.h">
      <Filter>Header Files</Filter>
    </ClInclude>
    <ClInclude Include="C:\Users\Greg\Documents\rsc\rsc\src\nb\ObjectPoolAudit.h">
      <Filter>Header Files</Filter>
    </ClInclude>
    <ClInclude Include="C:\Users\Greg\Documents\rsc\rsc\src\nb\ObjectPoolRegistry.h">
      <Filter>Header Files</Filter>
    </ClInclude>
    <ClInclude Include="C:\Users\Greg\Documents\rsc\rsc\src\nb\ObjectPoolTrace.h">
      <Filter>Header Files</Filter>
    </ClInclude>
    <ClInclude Include="C:\Users\Greg\Documents\rsc\rsc\src\nb\Permanent.h">
      <Filter>Header Files</Filter>
    </ClInclude>
    <ClInclude Include="C:\Users\Greg\Documents\rsc\rsc\src\nb\PermanentHeap.h">
      <Filter>Header Files</Filter>
    </ClInclude>
    <ClInclude Include="C:\Users\Greg\Documents\rsc\rsc\src\nb\Persistent.h">
      <Filter>Header Files</Filter>
    </ClInclude>
    <ClInclude Include="C:\Users\Greg\Documents\rsc\rsc\src\nb\Pooled.h">
      <Filter>Header Files</Filter>
    </ClInclude>
    <ClInclude Include="C:\Users\Greg\Documents\rsc\rsc\src\nb\PooledClass.h">
      <Filter>Header Files</Filter>
    </ClInclude>
    <ClInclude Include="C:\Users\Greg\Documents\rsc\rsc\src\nb\PosixSignal.h">
      <Filter>Header Files</Filter>
    </ClInclude>
    <ClInclude Include="C:\Users\Greg\Documents\rsc\rsc\src\nb\PosixSignalRegistry.h">
      <Filter>Header Files</Filter>
    </ClInclude>
    <ClInclude Include="C:\Users\Greg\Documents\rsc\rsc\src\nb\Protected.h">
      <Filter>Header Files</Filter>
    </ClInclude>
    <ClInclude Include="C:\Users\Greg\Documents\rsc\rsc\src\nb\Q1Link.h">
      <Filter>Header Files</Filter>
    </ClInclude>
    <ClInclude Include="C:\Users\Greg\Documents\rsc\rsc\src\nb\Q1Way.h">
      <Filter>Header Files</Filter>
    </ClInclude>
    <ClInclude Include="C:\Users\Greg\Documents\rsc\rsc\src\nb\Q2Link.h">
      <Filter>Header Files</Filter>
    </ClInclude>
    <ClInclude Include="C:\Users\Greg\Documents\rsc\rsc\src\nb\Q2Way.h">
      <Filter>Header Files</Filter>
    </ClInclude>
    <ClInclude Include="C:\Users\Greg\Documents\rsc\rsc\src\nb\RegCell.h">
      <Filter>Header Files</Filter>
    </ClInclude>
    <ClInclude Include="C:\Users\Greg\Documents\rsc\rsc\src\nb\Registry.h">
      <Filter>Header Files</Filter>
    </ClInclude>
    <ClInclude Include="C:\Users\Greg\Documents\rsc\rsc\src\nb\Restart.h">
      <Filter>Header Files</Filter>
    </ClInclude>
    <ClInclude Include="C:\Users\Greg\Documents\rsc\rsc\src\nb\RootThread.h">
      <Filter>Header Files</Filter>
    </ClInclude>
    <ClInclude Include="C:\Users\Greg\Documents\rsc\rsc\src\nb\SignalException.h">
      <Filter>Header Files</Filter>
    </ClInclude>
    <ClInclude Include="C:\Users\Greg\Documents\rsc\rsc\src\nb\Singleton.h">
      <Filter>Header Files</Filter>
    </ClInclude>
    <ClInclude Include="C:\Users\Greg\Documents\rsc\rsc\src\nb\Singletons.h">
      <Filter>Header Files</Filter>
    </ClInclude>
    <ClInclude Include="C:\Users\Greg\Documents\rsc\rsc\src\nb\SoftwareException.h">
      <Filter>Header Files</Filter>
    </ClInclude>
    <ClInclude Include="C:\Users\Greg\Documents\rsc\rsc\src\nb\Statistics.h">
      <Filter>Header Files</Filter>
    </ClInclude>
    <ClInclude Include="C:\Users\Greg\Documents\rsc\rsc\src\nb\StatisticsGroup.h">
      <Filter>Header Files</Filter>
    </ClInclude>
    <ClInclude Include="C:\Users\Greg\Documents\rsc\rsc\src\nb\StatisticsRegistry.h">
      <Filter>Header Files</Filter>
    </ClInclude>
    <ClInclude Include="C:\Users\Greg\Documents\rsc\rsc\src\nb\StatisticsThread.h">
      <Filter>Header Files</Filter>
    </ClInclude>
    <ClInclude Include="C:\Users\Greg\Documents\rsc\rsc\src\nb\StreamRequest.h">
      <Filter>Header Files</Filter>
    </ClInclude>
    <ClInclude Include="C:\Users\Greg\Documents\rsc\rsc\src\nb\Symbol.h">
      <Filter>Header Files</Filter>
    </ClInclude>
    <ClInclude Include="C:\Users\Greg\Documents\rsc\rsc\src\nb\SymbolRegistry.h">
      <Filter>Header Files</Filter>
    </ClInclude>
    <ClInclude Include="C:\Users\Greg\Documents\rsc\rsc\src\nb\SysConsole.h">
      <Filter>Header Files</Filter>
    </ClInclude>
    <ClInclude Include="C:\Users\Greg\Documents\rsc\rsc\src\nb\SysDecls.h">
      <Filter>Header Files</Filter>
    </ClInclude>
    <ClInclude Include="C:\Users\Greg\Documents\rsc\rsc\src\nb\SysFile.h">
      <Filter>Header Files</Filter>
    </ClInclude>
    <ClInclude Include="C:\Users\Greg\Documents\rsc\rsc\src\nb\SysHeap.h">
      <Filter>Header Files</Filter>
    </ClInclude>
    <ClInclude Include="C:\Users\Greg\Documents\rsc\rsc\src\nb\SysLock.h">
      <Filter>Header Files</Filter>
    </ClInclude>
    <ClInclude Include="C:\Users\Greg\Documents\rsc\rsc\src\nb\SysMemory.h">
      <Filter>Header Files</Filter>
    </ClInclude>
    <ClInclude Include="C:\Users\Greg\Documents\rsc\rsc\src\nb\SysMutex.h">
      <Filter>Header Files</Filter>
    </ClInclude>
    <ClInclude Include="C:\Users\Greg\Documents\rsc\rsc\src\nb\SysSignals.h">
      <Filter>Header Files</Filter>
    </ClInclude>
    <ClInclude Include="C:\Users\Greg\Documents\rsc\rsc\src\nb\SysThread.h">
      <Filter>Header Files</Filter>
    </ClInclude>
    <ClInclude Include="C:\Users\Greg\Documents\rsc\rsc\src\nb\SysThreadStack.h">
      <Filter>Header Files</Filter>
    </ClInclude>
    <ClInclude Include="C:\Users\Greg\Documents\rsc\rsc\src\nb\SysTickTimer.h">
      <Filter>Header Files</Filter>
    </ClInclude>
    <ClInclude Include="C:\Users\Greg\Documents\rsc\rsc\src\nb\SysTime.h">
      <Filter>Header Files</Filter>
    </ClInclude>
    <ClInclude Include="C:\Users\Greg\Documents\rsc\rsc\src\nb\SysTypes.h">
      <Filter>Header Files</Filter>
    </ClInclude>
    <ClInclude Include="C:\Users\Greg\Documents\rsc\rsc\src\nb\Temporary.h">
      <Filter>Header Files</Filter>
    </ClInclude>
    <ClInclude Include="C:\Users\Greg\Documents\rsc\rsc\src\nb\ThisThread.h">
      <Filter>Header Files</Filter>
    </ClInclude>
    <ClInclude Include="C:\Users\Greg\Documents\rsc\rsc\src\nb\Thread.h">
      <Filter>Header Files</Filter>
    </ClInclude>
    <ClInclude Include="C:\Users\Greg\Documents\rsc\rsc\src\nb\ThreadAdmin.h">
      <Filter>Header Files</Filter>
    </ClInclude>
    <ClInclude Include="C:\Users\Greg\Documents\rsc\rsc\src\nb\ThreadRegistry.h">
      <Filter>Header Files</Filter>
    </ClInclude>
    <ClInclude Include="C:\Users\Greg\Documents\rsc\rsc\src\nb\TimedRecord.h">
      <Filter>Header Files</Filter>
    </ClInclude>
    <ClInclude Include="C:\Users\Greg\Documents\rsc\rsc\src\nb\TimePoint.h">
      <Filter>Header Files</Filter>
    </ClInclude>
    <ClInclude Include="C:\Users\Greg\Documents\rsc\rsc\src\nb\Tool.h">
      <Filter>Header Files</Filter>
    </ClInclude>
    <ClInclude Include="C:\Users\Greg\Documents\rsc\rsc\src\nb\ToolRegistry.h">
      <Filter>Header Files</Filter>
    </ClInclude>
    <ClInclude Include="C:\Users\Greg\Documents\rsc\rsc\src\nb\ToolTypes.h">
      <Filter>Header Files</Filter>
    </ClInclude>
    <ClInclude Include="C:\Users\Greg\Documents\rsc\rsc\src\nb\TraceBuffer.h">
      <Filter>Header Files</Filter>
    </ClInclude>
    <ClInclude Include="C:\Users\Greg\Documents\rsc\rsc\src\nb\TraceDump.h">
      <Filter>Header Files</Filter>
    </ClInclude>
    <ClInclude Include="C:\Users\Greg\Documents\rsc\rsc\src\nb\TraceRecord.h">
      <Filter>Header Files</Filter>
    </ClInclude>
  </ItemGroup>
  <ItemGroup>
    <CustomBuild Include="C:\Users\Greg\Documents\rsc\rsc\src\nb\CMakeLists.txt" />
  </ItemGroup>
  <ItemGroup>
    <Filter Include="Header Files">
      <UniqueIdentifier>{7D8225C1-7BE3-391A-ACD6-AA9F106BA8F2}</UniqueIdentifier>
    </Filter>
    <Filter Include="Source Files">
      <UniqueIdentifier>{CD31E931-6416-3FC6-A175-57F96F638153}</UniqueIdentifier>
    </Filter>
  </ItemGroup>
</Project>
