<?xml version="1.0" encoding="utf-8"?>
<Project ToolsVersion="4.0" xmlns="http://schemas.microsoft.com/developer/msbuild/2003">
  <ItemGroup>
    <Filter Include="Source Files">
      <UniqueIdentifier>{4FC737F1-C7A5-4376-A066-2A32D752A2FF}</UniqueIdentifier>
      <Extensions>cpp;c;cc;cxx;def;odl;idl;hpj;bat;asm;asmx</Extensions>
    </Filter>
    <Filter Include="Header Files">
      <UniqueIdentifier>{93995380-89BD-4b04-88EB-625FBE52EBFB}</UniqueIdentifier>
      <Extensions>h;hh;hpp;hxx;hm;inl;inc;xsd</Extensions>
    </Filter>
    <Filter Include="Resource Files">
      <UniqueIdentifier>{67DA6AB6-F800-4c08-8B7A-83BB121AAD01}</UniqueIdentifier>
      <Extensions>rc;ico;cur;bmp;dlg;rc2;rct;bin;rgs;gif;jpg;jpeg;jpe;resx;tiff;tif;png;wav;mfcribbon-ms</Extensions>
    </Filter>
  </ItemGroup>
  <ItemGroup>
    <ClCompile Include="PbModule.cpp">
      <Filter>Source Files</Filter>
    </ClCompile>
    <ClCompile Include="PotsBicFeature.cpp">
      <Filter>Source Files</Filter>
    </ClCompile>
    <ClCompile Include="PotsBocFeature.cpp">
      <Filter>Source Files</Filter>
    </ClCompile>
    <ClCompile Include="PotsCfbFeature.cpp">
      <Filter>Source Files</Filter>
    </ClCompile>
    <ClCompile Include="PotsCfnFeature.cpp">
      <Filter>Source Files</Filter>
    </ClCompile>
    <ClCompile Include="PotsCfuFeature.cpp">
      <Filter>Source Files</Filter>
    </ClCompile>
    <ClCompile Include="PotsCircuit.cpp">
      <Filter>Source Files</Filter>
    </ClCompile>
    <ClCompile Include="PotsCliParms.cpp">
      <Filter>Source Files</Filter>
    </ClCompile>
    <ClCompile Include="PotsCwtFeature.cpp">
      <Filter>Source Files</Filter>
    </ClCompile>
    <ClCompile Include="PotsCxfFeature.cpp">
      <Filter>Source Files</Filter>
    </ClCompile>
    <ClCompile Include="PotsFeature.cpp">
      <Filter>Source Files</Filter>
    </ClCompile>
    <ClCompile Include="PotsFeatureProfile.cpp">
      <Filter>Source Files</Filter>
    </ClCompile>
    <ClCompile Include="PotsFeatureRegistry.cpp">
      <Filter>Source Files</Filter>
    </ClCompile>
    <ClCompile Include="PotsFeatures.cpp">
      <Filter>Source Files</Filter>
    </ClCompile>
    <ClCompile Include="PotsHtlFeature.cpp">
      <Filter>Source Files</Filter>
    </ClCompile>
    <ClCompile Include="PotsIncrement.cpp">
      <Filter>Source Files</Filter>
    </ClCompile>
    <ClCompile Include="PotsMessages.cpp">
      <Filter>Source Files</Filter>
    </ClCompile>
    <ClCompile Include="PotsProfile.cpp">
      <Filter>Source Files</Filter>
    </ClCompile>
    <ClCompile Include="PotsProfileRegistry.cpp">
      <Filter>Source Files</Filter>
    </ClCompile>
    <ClCompile Include="PotsProtocol.cpp">
      <Filter>Source Files</Filter>
    </ClCompile>
    <ClCompile Include="PotsSusFeature.cpp">
      <Filter>Source Files</Filter>
    </ClCompile>
    <ClCompile Include="PotsTwcFeature.cpp">
      <Filter>Source Files</Filter>
    </ClCompile>
    <ClCompile Include="PotsWmlFeature.cpp">
      <Filter>Source Files</Filter>
    </ClCompile>
    <ClCompile Include="PotsLogs.cpp">
      <Filter>Source Files</Filter>
    </ClCompile>
  </ItemGroup>
  <ItemGroup>
    <ClInclude Include="PbModule.h">
      <Filter>Header Files</Filter>
    </ClInclude>
    <ClInclude Include="PotsBicFeature.h">
      <Filter>Header Files</Filter>
    </ClInclude>
    <ClInclude Include="PotsBocFeature.h">
      <Filter>Header Files</Filter>
    </ClInclude>
    <ClInclude Include="PotsCfbFeature.h">
      <Filter>Header Files</Filter>
    </ClInclude>
    <ClInclude Include="PotsCfnFeature.h">
      <Filter>Header Files</Filter>
    </ClInclude>
    <ClInclude Include="PotsCfuFeature.h">
      <Filter>Header Files</Filter>
    </ClInclude>
    <ClInclude Include="PotsCircuit.h">
      <Filter>Header Files</Filter>
    </ClInclude>
    <ClInclude Include="PotsCliParms.h">
      <Filter>Header Files</Filter>
    </ClInclude>
    <ClInclude Include="PotsCwtFeature.h">
      <Filter>Header Files</Filter>
    </ClInclude>
    <ClInclude Include="PotsCxfFeature.h">
      <Filter>Header Files</Filter>
    </ClInclude>
    <ClInclude Include="PotsFeature.h">
      <Filter>Header Files</Filter>
    </ClInclude>
    <ClInclude Include="PotsFeatureProfile.h">
      <Filter>Header Files</Filter>
    </ClInclude>
    <ClInclude Include="PotsFeatureRegistry.h">
      <Filter>Header Files</Filter>
    </ClInclude>
    <ClInclude Include="PotsFeatures.h">
      <Filter>Header Files</Filter>
    </ClInclude>
    <ClInclude Include="PotsHtlFeature.h">
      <Filter>Header Files</Filter>
    </ClInclude>
    <ClInclude Include="PotsIncrement.h">
      <Filter>Header Files</Filter>
    </ClInclude>
    <ClInclude Include="PotsProfile.h">
      <Filter>Header Files</Filter>
    </ClInclude>
    <ClInclude Include="PotsProfileRegistry.h">
      <Filter>Header Files</Filter>
    </ClInclude>
    <ClInclude Include="PotsProtocol.h">
      <Filter>Header Files</Filter>
    </ClInclude>
    <ClInclude Include="PotsSusFeature.h">
      <Filter>Header Files</Filter>
    </ClInclude>
    <ClInclude Include="PotsTwcFeature.h">
      <Filter>Header Files</Filter>
    </ClInclude>
    <ClInclude Include="PotsWmlFeature.h">
      <Filter>Header Files</Filter>
    </ClInclude>
    <ClInclude Include="PotsLogs.h">
      <Filter>Header Files</Filter>
    </ClInclude>
  </ItemGroup>
</Project>