<?xml version="1.0" encoding="utf-8"?>
<Project ToolsVersion="17.0" xmlns="http://schemas.microsoft.com/developer/msbuild/2003">
  <ItemGroup>
    <ClCompile Include="C:\Users\Greg\Documents\rsc\rsc\src\pb\PbModule.cpp">
      <Filter>Source Files</Filter>
    </ClCompile>
    <ClCompile Include="C:\Users\Greg\Documents\rsc\rsc\src\pb\PotsBicFeature.cpp">
      <Filter>Source Files</Filter>
    </ClCompile>
    <ClCompile Include="C:\Users\Greg\Documents\rsc\rsc\src\pb\PotsBocFeature.cpp">
      <Filter>Source Files</Filter>
    </ClCompile>
    <ClCompile Include="C:\Users\Greg\Documents\rsc\rsc\src\pb\PotsCfbFeature.cpp">
      <Filter>Source Files</Filter>
    </ClCompile>
    <ClCompile Include="C:\Users\Greg\Documents\rsc\rsc\src\pb\PotsCfnFeature.cpp">
      <Filter>Source Files</Filter>
    </ClCompile>
    <ClCompile Include="C:\Users\Greg\Documents\rsc\rsc\src\pb\PotsCfuFeature.cpp">
      <Filter>Source Files</Filter>
    </ClCompile>
    <ClCompile Include="C:\Users\Greg\Documents\rsc\rsc\src\pb\PotsCircuit.cpp">
      <Filter>Source Files</Filter>
    </ClCompile>
    <ClCompile Include="C:\Users\Greg\Documents\rsc\rsc\src\pb\PotsCliParms.cpp">
      <Filter>Source Files</Filter>
    </ClCompile>
    <ClCompile Include="C:\Users\Greg\Documents\rsc\rsc\src\pb\PotsCwtFeature.cpp">
      <Filter>Source Files</Filter>
    </ClCompile>
    <ClCompile Include="C:\Users\Greg\Documents\rsc\rsc\src\pb\PotsCxfFeature.cpp">
      <Filter>Source Files</Filter>
    </ClCompile>
    <ClCompile Include="C:\Users\Greg\Documents\rsc\rsc\src\pb\PotsFeature.cpp">
      <Filter>Source Files</Filter>
    </ClCompile>
    <ClCompile Include="C:\Users\Greg\Documents\rsc\rsc\src\pb\PotsFeatureProfile.cpp">
      <Filter>Source Files</Filter>
    </ClCompile>
    <ClCompile Include="C:\Users\Greg\Documents\rsc\rsc\src\pb\PotsFeatureRegistry.cpp">
      <Filter>Source Files</Filter>
    </ClCompile>
    <ClCompile Include="C:\Users\Greg\Documents\rsc\rsc\src\pb\PotsFeatures.cpp">
      <Filter>Source Files</Filter>
    </ClCompile>
    <ClCompile Include="C:\Users\Greg\Documents\rsc\rsc\src\pb\PotsHtlFeature.cpp">
      <Filter>Source Files</Filter>
    </ClCompile>
    <ClCompile Include="C:\Users\Greg\Documents\rsc\rsc\src\pb\PotsIncrement.cpp">
      <Filter>Source Files</Filter>
    </ClCompile>
    <ClCompile Include="C:\Users\Greg\Documents\rsc\rsc\src\pb\PotsLogs.cpp">
      <Filter>Source Files</Filter>
    </ClCompile>
    <ClCompile Include="C:\Users\Greg\Documents\rsc\rsc\src\pb\PotsMessages.cpp">
      <Filter>Source Files</Filter>
    </ClCompile>
    <ClCompile Include="C:\Users\Greg\Documents\rsc\rsc\src\pb\PotsProfile.cpp">
      <Filter>Source Files</Filter>
    </ClCompile>
    <ClCompile Include="C:\Users\Greg\Documents\rsc\rsc\src\pb\PotsProfileRegistry.cpp">
      <Filter>Source Files</Filter>
    </ClCompile>
    <ClCompile Include="C:\Users\Greg\Documents\rsc\rsc\src\pb\PotsProtocol.cpp">
      <Filter>Source Files</Filter>
    </ClCompile>
    <ClCompile Include="C:\Users\Greg\Documents\rsc\rsc\src\pb\PotsSusFeature.cpp">
      <Filter>Source Files</Filter>
    </ClCompile>
    <ClCompile Include="C:\Users\Greg\Documents\rsc\rsc\src\pb\PotsTwcFeature.cpp">
      <Filter>Source Files</Filter>
    </ClCompile>
    <ClCompile Include="C:\Users\Greg\Documents\rsc\rsc\src\pb\PotsWmlFeature.cpp">
      <Filter>Source Files</Filter>
    </ClCompile>
  </ItemGroup>
  <ItemGroup>
    <ClInclude Include="C:\Users\Greg\Documents\rsc\rsc\src\pb\PbModule.h">
      <Filter>Header Files</Filter>
    </ClInclude>
    <ClInclude Include="C:\Users\Greg\Documents\rsc\rsc\src\pb\PotsBicFeature.h">
      <Filter>Header Files</Filter>
    </ClInclude>
    <ClInclude Include="C:\Users\Greg\Documents\rsc\rsc\src\pb\PotsBocFeature.h">
      <Filter>Header Files</Filter>
    </ClInclude>
    <ClInclude Include="C:\Users\Greg\Documents\rsc\rsc\src\pb\PotsCfbFeature.h">
      <Filter>Header Files</Filter>
    </ClInclude>
    <ClInclude Include="C:\Users\Greg\Documents\rsc\rsc\src\pb\PotsCfnFeature.h">
      <Filter>Header Files</Filter>
    </ClInclude>
    <ClInclude Include="C:\Users\Greg\Documents\rsc\rsc\src\pb\PotsCfuFeature.h">
      <Filter>Header Files</Filter>
    </ClInclude>
    <ClInclude Include="C:\Users\Greg\Documents\rsc\rsc\src\pb\PotsCircuit.h">
      <Filter>Header Files</Filter>
    </ClInclude>
    <ClInclude Include="C:\Users\Greg\Documents\rsc\rsc\src\pb\PotsCliParms.h">
      <Filter>Header Files</Filter>
    </ClInclude>
    <ClInclude Include="C:\Users\Greg\Documents\rsc\rsc\src\pb\PotsCwtFeature.h">
      <Filter>Header Files</Filter>
    </ClInclude>
    <ClInclude Include="C:\Users\Greg\Documents\rsc\rsc\src\pb\PotsCxfFeature.h">
      <Filter>Header Files</Filter>
    </ClInclude>
    <ClInclude Include="C:\Users\Greg\Documents\rsc\rsc\src\pb\PotsFeature.h">
      <Filter>Header Files</Filter>
    </ClInclude>
    <ClInclude Include="C:\Users\Greg\Documents\rsc\rsc\src\pb\PotsFeatureProfile.h">
      <Filter>Header Files</Filter>
    </ClInclude>
    <ClInclude Include="C:\Users\Greg\Documents\rsc\rsc\src\pb\PotsFeatureRegistry.h">
      <Filter>Header Files</Filter>
    </ClInclude>
    <ClInclude Include="C:\Users\Greg\Documents\rsc\rsc\src\pb\PotsFeatures.h">
      <Filter>Header Files</Filter>
    </ClInclude>
    <ClInclude Include="C:\Users\Greg\Documents\rsc\rsc\src\pb\PotsHtlFeature.h">
      <Filter>Header Files</Filter>
    </ClInclude>
    <ClInclude Include="C:\Users\Greg\Documents\rsc\rsc\src\pb\PotsIncrement.h">
      <Filter>Header Files</Filter>
    </ClInclude>
    <ClInclude Include="C:\Users\Greg\Documents\rsc\rsc\src\pb\PotsLogs.h">
      <Filter>Header Files</Filter>
    </ClInclude>
    <ClInclude Include="C:\Users\Greg\Documents\rsc\rsc\src\pb\PotsProfile.h">
      <Filter>Header Files</Filter>
    </ClInclude>
    <ClInclude Include="C:\Users\Greg\Documents\rsc\rsc\src\pb\PotsProfileRegistry.h">
      <Filter>Header Files</Filter>
    </ClInclude>
    <ClInclude Include="C:\Users\Greg\Documents\rsc\rsc\src\pb\PotsProtocol.h">
      <Filter>Header Files</Filter>
    </ClInclude>
    <ClInclude Include="C:\Users\Greg\Documents\rsc\rsc\src\pb\PotsSusFeature.h">
      <Filter>Header Files</Filter>
    </ClInclude>
    <ClInclude Include="C:\Users\Greg\Documents\rsc\rsc\src\pb\PotsTwcFeature.h">
      <Filter>Header Files</Filter>
    </ClInclude>
    <ClInclude Include="C:\Users\Greg\Documents\rsc\rsc\src\pb\PotsWmlFeature.h">
      <Filter>Header Files</Filter>
    </ClInclude>
  </ItemGroup>
  <ItemGroup>
    <CustomBuild Include="C:\Users\Greg\Documents\rsc\rsc\src\pb\CMakeLists.txt" />
  </ItemGroup>
  <ItemGroup>
    <Filter Include="Header Files">
      <UniqueIdentifier>{7D8225C1-7BE3-391A-ACD6-AA9F106BA8F2}</UniqueIdentifier>
    </Filter>
    <Filter Include="Source Files">
      <UniqueIdentifier>{CD31E931-6416-3FC6-A175-57F96F638153}</UniqueIdentifier>
    </Filter>
  </ItemGroup>
</Project>
