<?xml version="1.0" encoding="utf-8"?>
<Project ToolsVersion="4.0" xmlns="http://schemas.microsoft.com/developer/msbuild/2003">
  <ItemGroup>
    <ClInclude Include="DipModule.h" />
    <ClInclude Include="BaseBot.h" />
    <ClInclude Include="DipProtocol.h" />
    <ClInclude Include="TokenTextMap.h" />
    <ClInclude Include="TokenMessage.h" />
    <ClInclude Include="Token.h" />
    <ClInclude Include="DipTypes.h" />
    <ClInclude Include="MapAndUnits.h" />
    <ClInclude Include="BotThread.h" />
    <ClInclude Include="StartupParameters.h" />
    <ClInclude Include="Province.h" />
    <ClInclude Include="Location.h" />
    <ClInclude Include="UnitOrder.h" />
    <ClInclude Include="WinterOrders.h" />
    <ClInclude Include="ConvoySubversion.h" />
    <ClInclude Include="BotType.h" />
    <ClInclude Include="BotTrace.h" />
    <ClInclude Include="BotTracer.h" />
  </ItemGroup>
  <ItemGroup>
    <ClCompile Include="DipModule.cpp" />
    <ClCompile Include="BaseBot.cpp" />
    <ClCompile Include="TokenTextMap.cpp" />
    <ClCompile Include="TokenMessage.cpp" />
    <ClCompile Include="Token.cpp" />
    <ClCompile Include="MapAndUnits.cpp" />
    <ClCompile Include="Adjudicator.cpp" />
    <ClCompile Include="BotThread.cpp" />
    <ClCompile Include="DipProtocol.cpp" />
    <ClCompile Include="StartupParameters.cpp" />
    <ClCompile Include="Province.cpp" />
    <ClCompile Include="Location.cpp" />
    <ClCompile Include="UnitOrder.cpp" />
    <ClCompile Include="WinterOrders.cpp" />
    <ClCompile Include="ConvoySubversion.cpp" />
    <ClCompile Include="BotTrace.cpp" />
    <ClCompile Include="BotTracer.cpp" />
  </ItemGroup>
</Project>