<?xml version="1.0" encoding="utf-8"?>
<Project ToolsVersion="4.0" xmlns="http://schemas.microsoft.com/developer/msbuild/2003">
  <ItemGroup>
    <Filter Include="Source Files">
      <UniqueIdentifier>{4FC737F1-C7A5-4376-A066-2A32D752A2FF}</UniqueIdentifier>
      <Extensions>cpp;c;cc;cxx;def;odl;idl;hpj;bat;asm;asmx</Extensions>
    </Filter>
    <Filter Include="Header Files">
      <UniqueIdentifier>{93995380-89BD-4b04-88EB-625FBE52EBFB}</UniqueIdentifier>
      <Extensions>h;hh;hpp;hxx;hm;inl;inc;xsd</Extensions>
    </Filter>
    <Filter Include="Resource Files">
      <UniqueIdentifier>{67DA6AB6-F800-4c08-8B7A-83BB121AAD01}</UniqueIdentifier>
      <Extensions>rc;ico;cur;bmp;dlg;rc2;rct;bin;rgs;gif;jpg;jpeg;jpe;resx;tiff;tif;png;wav;mfcribbon-ms</Extensions>
    </Filter>
  </ItemGroup>
  <ItemGroup>
    <ClCompile Include="AnalyzeMsgEvent.cpp">
      <Filter>Source Files</Filter>
    </ClCompile>
    <ClCompile Include="AnalyzeSapEvent.cpp">
      <Filter>Source Files</Filter>
    </ClCompile>
    <ClCompile Include="AnalyzeSnpEvent.cpp">
      <Filter>Source Files</Filter>
    </ClCompile>
    <ClCompile Include="Context.cpp">
      <Filter>Source Files</Filter>
    </ClCompile>
    <ClCompile Include="Event.cpp">
      <Filter>Source Files</Filter>
    </ClCompile>
    <ClCompile Include="EventHandler.cpp">
      <Filter>Source Files</Filter>
    </ClCompile>
    <ClCompile Include="Factory.cpp">
      <Filter>Source Files</Filter>
    </ClCompile>
    <ClCompile Include="FactoryRegistry.cpp">
      <Filter>Source Files</Filter>
    </ClCompile>
    <ClCompile Include="ForceTransitionEvent.cpp">
      <Filter>Source Files</Filter>
    </ClCompile>
    <ClCompile Include="GlobalAddress.cpp">
      <Filter>Source Files</Filter>
    </ClCompile>
    <ClCompile Include="InitiationReqEvent.cpp">
      <Filter>Source Files</Filter>
    </ClCompile>
    <ClCompile Include="Initiator.cpp">
      <Filter>Source Files</Filter>
    </ClCompile>
    <ClCompile Include="InvokerPool.cpp">
      <Filter>Source Files</Filter>
    </ClCompile>
    <ClCompile Include="InvokerPoolRegistry.cpp">
      <Filter>Source Files</Filter>
    </ClCompile>
    <ClCompile Include="InvokerThread.cpp">
      <Filter>Source Files</Filter>
    </ClCompile>
    <ClCompile Include="LocalAddress.cpp">
      <Filter>Source Files</Filter>
    </ClCompile>
    <ClCompile Include="Message.cpp">
      <Filter>Source Files</Filter>
    </ClCompile>
    <ClCompile Include="MsgContext.cpp">
      <Filter>Source Files</Filter>
    </ClCompile>
    <ClCompile Include="MsgFactory.cpp">
      <Filter>Source Files</Filter>
    </ClCompile>
    <ClCompile Include="MsgHeader.cpp">
      <Filter>Source Files</Filter>
    </ClCompile>
    <ClCompile Include="MsgPort.cpp">
      <Filter>Source Files</Filter>
    </ClCompile>
    <ClCompile Include="Parameter.cpp">
      <Filter>Source Files</Filter>
    </ClCompile>
    <ClCompile Include="Protocol.cpp">
      <Filter>Source Files</Filter>
    </ClCompile>
    <ClCompile Include="ProtocolLayer.cpp">
      <Filter>Source Files</Filter>
    </ClCompile>
    <ClCompile Include="ProtocolRegistry.cpp">
      <Filter>Source Files</Filter>
    </ClCompile>
    <ClCompile Include="ProtocolSM.cpp">
      <Filter>Source Files</Filter>
    </ClCompile>
    <ClCompile Include="PsmContext.cpp">
      <Filter>Source Files</Filter>
    </ClCompile>
    <ClCompile Include="PsmFactory.cpp">
      <Filter>Source Files</Filter>
    </ClCompile>
    <ClCompile Include="RootServiceSM.cpp">
      <Filter>Source Files</Filter>
    </ClCompile>
    <ClCompile Include="SbCliParms.cpp">
      <Filter>Source Files</Filter>
    </ClCompile>
    <ClCompile Include="SbExtInputHandler.cpp">
      <Filter>Source Files</Filter>
    </ClCompile>
    <ClCompile Include="SbHandlers.cpp">
      <Filter>Source Files</Filter>
    </ClCompile>
    <ClCompile Include="SbIncrement.cpp">
      <Filter>Source Files</Filter>
    </ClCompile>
    <ClCompile Include="SbInputHandler.cpp">
      <Filter>Source Files</Filter>
    </ClCompile>
    <ClCompile Include="SbInvokerPools.cpp">
      <Filter>Source Files</Filter>
    </ClCompile>
    <ClCompile Include="SbIpBuffer.cpp">
      <Filter>Source Files</Filter>
    </ClCompile>
    <ClCompile Include="SbModule.cpp">
      <Filter>Source Files</Filter>
    </ClCompile>
    <ClCompile Include="SbPools.cpp">
      <Filter>Source Files</Filter>
    </ClCompile>
    <ClCompile Include="SbTrace.cpp">
      <Filter>Source Files</Filter>
    </ClCompile>
    <ClCompile Include="SbTracer.cpp">
      <Filter>Source Files</Filter>
    </ClCompile>
    <ClCompile Include="Service.cpp">
      <Filter>Source Files</Filter>
    </ClCompile>
    <ClCompile Include="ServiceRegistry.cpp">
      <Filter>Source Files</Filter>
    </ClCompile>
    <ClCompile Include="ServiceSM.cpp">
      <Filter>Source Files</Filter>
    </ClCompile>
    <ClCompile Include="Signal.cpp">
      <Filter>Source Files</Filter>
    </ClCompile>
    <ClCompile Include="SsmContext.cpp">
      <Filter>Source Files</Filter>
    </ClCompile>
    <ClCompile Include="SsmFactory.cpp">
      <Filter>Source Files</Filter>
    </ClCompile>
    <ClCompile Include="State.cpp">
      <Filter>Source Files</Filter>
    </ClCompile>
    <ClCompile Include="TextTlvMessage.cpp">
      <Filter>Source Files</Filter>
    </ClCompile>
    <ClCompile Include="Timer.cpp">
      <Filter>Source Files</Filter>
    </ClCompile>
    <ClCompile Include="TimerProtocol.cpp">
      <Filter>Source Files</Filter>
    </ClCompile>
    <ClCompile Include="TimerRegistry.cpp">
      <Filter>Source Files</Filter>
    </ClCompile>
    <ClCompile Include="TimerThread.cpp">
      <Filter>Source Files</Filter>
    </ClCompile>
    <ClCompile Include="TlvMessage.cpp">
      <Filter>Source Files</Filter>
    </ClCompile>
    <ClCompile Include="TlvParameter.cpp">
      <Filter>Source Files</Filter>
    </ClCompile>
    <ClCompile Include="TlvProtocol.cpp">
      <Filter>Source Files</Filter>
    </ClCompile>
    <ClCompile Include="Trigger.cpp">
      <Filter>Source Files</Filter>
    </ClCompile>
    <ClCompile Include="SbTypes.cpp">
      <Filter>Source Files</Filter>
    </ClCompile>
  </ItemGroup>
  <ItemGroup>
    <ClInclude Include="Context.h">
      <Filter>Header Files</Filter>
    </ClInclude>
    <ClInclude Include="Event.h">
      <Filter>Header Files</Filter>
    </ClInclude>
    <ClInclude Include="EventHandler.h">
      <Filter>Header Files</Filter>
    </ClInclude>
    <ClInclude Include="Factory.h">
      <Filter>Header Files</Filter>
    </ClInclude>
    <ClInclude Include="FactoryRegistry.h">
      <Filter>Header Files</Filter>
    </ClInclude>
    <ClInclude Include="GlobalAddress.h">
      <Filter>Header Files</Filter>
    </ClInclude>
    <ClInclude Include="Initiator.h">
      <Filter>Header Files</Filter>
    </ClInclude>
    <ClInclude Include="InvokerPool.h">
      <Filter>Header Files</Filter>
    </ClInclude>
    <ClInclude Include="InvokerPoolRegistry.h">
      <Filter>Header Files</Filter>
    </ClInclude>
    <ClInclude Include="InvokerThread.h">
      <Filter>Header Files</Filter>
    </ClInclude>
    <ClInclude Include="LocalAddress.h">
      <Filter>Header Files</Filter>
    </ClInclude>
    <ClInclude Include="Message.h">
      <Filter>Header Files</Filter>
    </ClInclude>
    <ClInclude Include="MsgContext.h">
      <Filter>Header Files</Filter>
    </ClInclude>
    <ClInclude Include="MsgFactory.h">
      <Filter>Header Files</Filter>
    </ClInclude>
    <ClInclude Include="MsgHeader.h">
      <Filter>Header Files</Filter>
    </ClInclude>
    <ClInclude Include="MsgPort.h">
      <Filter>Header Files</Filter>
    </ClInclude>
    <ClInclude Include="Parameter.h">
      <Filter>Header Files</Filter>
    </ClInclude>
    <ClInclude Include="Protocol.h">
      <Filter>Header Files</Filter>
    </ClInclude>
    <ClInclude Include="ProtocolLayer.h">
      <Filter>Header Files</Filter>
    </ClInclude>
    <ClInclude Include="ProtocolRegistry.h">
      <Filter>Header Files</Filter>
    </ClInclude>
    <ClInclude Include="PsmContext.h">
      <Filter>Header Files</Filter>
    </ClInclude>
    <ClInclude Include="PsmFactory.h">
      <Filter>Header Files</Filter>
    </ClInclude>
    <ClInclude Include="RootServiceSM.h">
      <Filter>Header Files</Filter>
    </ClInclude>
    <ClInclude Include="SbAppIds.h">
      <Filter>Header Files</Filter>
    </ClInclude>
    <ClInclude Include="SbCliParms.h">
      <Filter>Header Files</Filter>
    </ClInclude>
    <ClInclude Include="SbEvents.h">
      <Filter>Header Files</Filter>
    </ClInclude>
    <ClInclude Include="SbExtInputHandler.h">
      <Filter>Header Files</Filter>
    </ClInclude>
    <ClInclude Include="SbHandlers.h">
      <Filter>Header Files</Filter>
    </ClInclude>
    <ClInclude Include="SbIncrement.h">
      <Filter>Header Files</Filter>
    </ClInclude>
    <ClInclude Include="SbInputHandler.h">
      <Filter>Header Files</Filter>
    </ClInclude>
    <ClInclude Include="SbInvokerPools.h">
      <Filter>Header Files</Filter>
    </ClInclude>
    <ClInclude Include="SbIpBuffer.h">
      <Filter>Header Files</Filter>
    </ClInclude>
    <ClInclude Include="SbModule.h">
      <Filter>Header Files</Filter>
    </ClInclude>
    <ClInclude Include="SbPools.h">
      <Filter>Header Files</Filter>
    </ClInclude>
    <ClInclude Include="SbTrace.h">
      <Filter>Header Files</Filter>
    </ClInclude>
    <ClInclude Include="SbTracer.h">
      <Filter>Header Files</Filter>
    </ClInclude>
    <ClInclude Include="SbTypes.h">
      <Filter>Header Files</Filter>
    </ClInclude>
    <ClInclude Include="Service.h">
      <Filter>Header Files</Filter>
    </ClInclude>
    <ClInclude Include="ServiceRegistry.h">
      <Filter>Header Files</Filter>
    </ClInclude>
    <ClInclude Include="ServiceSM.h">
      <Filter>Header Files</Filter>
    </ClInclude>
    <ClInclude Include="Signal.h">
      <Filter>Header Files</Filter>
    </ClInclude>
    <ClInclude Include="SsmContext.h">
      <Filter>Header Files</Filter>
    </ClInclude>
    <ClInclude Include="SsmFactory.h">
      <Filter>Header Files</Filter>
    </ClInclude>
    <ClInclude Include="State.h">
      <Filter>Header Files</Filter>
    </ClInclude>
    <ClInclude Include="TextTlvMessage.h">
      <Filter>Header Files</Filter>
    </ClInclude>
    <ClInclude Include="Timer.h">
      <Filter>Header Files</Filter>
    </ClInclude>
    <ClInclude Include="TimerProtocol.h">
      <Filter>Header Files</Filter>
    </ClInclude>
    <ClInclude Include="TimerRegistry.h">
      <Filter>Header Files</Filter>
    </ClInclude>
    <ClInclude Include="TimerThread.h">
      <Filter>Header Files</Filter>
    </ClInclude>
    <ClInclude Include="TlvIntParameter.h">
      <Filter>Header Files</Filter>
    </ClInclude>
    <ClInclude Include="TlvMessage.h">
      <Filter>Header Files</Filter>
    </ClInclude>
    <ClInclude Include="TlvParameter.h">
      <Filter>Header Files</Filter>
    </ClInclude>
    <ClInclude Include="TlvProtocol.h">
      <Filter>Header Files</Filter>
    </ClInclude>
    <ClInclude Include="Trigger.h">
      <Filter>Header Files</Filter>
    </ClInclude>
    <ClInclude Include="ProtocolSM.h">
      <Filter>Header Files</Filter>
    </ClInclude>
  </ItemGroup>
</Project>