<?xml version="1.0" encoding="utf-8"?>
<Project ToolsVersion="4.0" xmlns="http://schemas.microsoft.com/developer/msbuild/2003">
  <ItemGroup>
    <Filter Include="Source Files">
      <UniqueIdentifier>{4FC737F1-C7A5-4376-A066-2A32D752A2FF}</UniqueIdentifier>
      <Extensions>cpp;c;cc;cxx;def;odl;idl;hpj;bat;asm;asmx</Extensions>
    </Filter>
    <Filter Include="Header Files">
      <UniqueIdentifier>{93995380-89BD-4b04-88EB-625FBE52EBFB}</UniqueIdentifier>
      <Extensions>h;hh;hpp;hxx;hm;inl;inc;xsd</Extensions>
    </Filter>
    <Filter Include="Resource Files">
      <UniqueIdentifier>{67DA6AB6-F800-4c08-8B7A-83BB121AAD01}</UniqueIdentifier>
      <Extensions>rc;ico;cur;bmp;dlg;rc2;rct;bin;rgs;gif;jpg;jpeg;jpe;resx;tiff;tif;png;wav;mfcribbon-ms</Extensions>
    </Filter>
  </ItemGroup>
  <ItemGroup>
    <ClCompile Include="InputHandler.cpp">
      <Filter>Source Files</Filter>
    </ClCompile>
    <ClCompile Include="IoThread.cpp">
      <Filter>Source Files</Filter>
    </ClCompile>
    <ClCompile Include="IpBuffer.cpp">
      <Filter>Source Files</Filter>
    </ClCompile>
    <ClCompile Include="IpPort.cpp">
      <Filter>Source Files</Filter>
    </ClCompile>
    <ClCompile Include="IpPortCfgParm.cpp">
      <Filter>Source Files</Filter>
    </ClCompile>
    <ClCompile Include="IpPortRegistry.cpp">
      <Filter>Source Files</Filter>
    </ClCompile>
    <ClCompile Include="IpService.cpp">
      <Filter>Source Files</Filter>
    </ClCompile>
    <ClCompile Include="IpServiceRegistry.cpp">
      <Filter>Source Files</Filter>
    </ClCompile>
    <ClCompile Include="NwCliParms.cpp">
      <Filter>Source Files</Filter>
    </ClCompile>
    <ClCompile Include="NwIncrement.cpp">
      <Filter>Source Files</Filter>
    </ClCompile>
    <ClCompile Include="NwModule.cpp">
      <Filter>Source Files</Filter>
    </ClCompile>
    <ClCompile Include="NwTrace.cpp">
      <Filter>Source Files</Filter>
    </ClCompile>
    <ClCompile Include="NwTracer.cpp">
      <Filter>Source Files</Filter>
    </ClCompile>
    <ClCompile Include="NwTypes.cpp">
      <Filter>Source Files</Filter>
    </ClCompile>
    <ClCompile Include="SysIpL2Addr.cpp">
      <Filter>Source Files</Filter>
    </ClCompile>
    <ClCompile Include="SysIpL2Addr.win.cpp">
      <Filter>Source Files</Filter>
    </ClCompile>
    <ClCompile Include="SysIpL3Addr.cpp">
      <Filter>Source Files</Filter>
    </ClCompile>
    <ClCompile Include="SysIpL3Addr.win.cpp">
      <Filter>Source Files</Filter>
    </ClCompile>
    <ClCompile Include="SysSocket.cpp">
      <Filter>Source Files</Filter>
    </ClCompile>
    <ClCompile Include="SysSocket.win.cpp">
      <Filter>Source Files</Filter>
    </ClCompile>
    <ClCompile Include="SysTcpSocket.cpp">
      <Filter>Source Files</Filter>
    </ClCompile>
    <ClCompile Include="SysTcpSocket.win.cpp">
      <Filter>Source Files</Filter>
    </ClCompile>
    <ClCompile Include="SysUdpSocket.cpp">
      <Filter>Source Files</Filter>
    </ClCompile>
    <ClCompile Include="SysUdpSocket.win.cpp">
      <Filter>Source Files</Filter>
    </ClCompile>
    <ClCompile Include="TcpIoThread.cpp">
      <Filter>Source Files</Filter>
    </ClCompile>
    <ClCompile Include="TcpIpPort.cpp">
      <Filter>Source Files</Filter>
    </ClCompile>
    <ClCompile Include="TcpIpService.cpp">
      <Filter>Source Files</Filter>
    </ClCompile>
    <ClCompile Include="UdpIoThread.cpp">
      <Filter>Source Files</Filter>
    </ClCompile>
    <ClCompile Include="UdpIpPort.cpp">
      <Filter>Source Files</Filter>
    </ClCompile>
    <ClCompile Include="UdpIpService.cpp">
      <Filter>Source Files</Filter>
    </ClCompile>
    <ClCompile Include="NwLogs.cpp">
      <Filter>Source Files</Filter>
    </ClCompile>
    <ClCompile Include="NwDaemons.cpp">
      <Filter>Source Files</Filter>
    </ClCompile>
    <ClCompile Include="LocalAddrTest.cpp">
      <Filter>Source Files</Filter>
    </ClCompile>
    <ClCompile Include="NwPools.cpp">
      <Filter>Source Files</Filter>
    </ClCompile>
    <ClCompile Include="ByteBuffer.cpp">
      <Filter>Source Files</Filter>
    </ClCompile>
  </ItemGroup>
  <ItemGroup>
    <ClInclude Include="InputHandler.h">
      <Filter>Header Files</Filter>
    </ClInclude>
    <ClInclude Include="IoThread.h">
      <Filter>Header Files</Filter>
    </ClInclude>
    <ClInclude Include="IpBuffer.h">
      <Filter>Header Files</Filter>
    </ClInclude>
    <ClInclude Include="IpPort.h">
      <Filter>Header Files</Filter>
    </ClInclude>
    <ClInclude Include="IpPortCfgParm.h">
      <Filter>Header Files</Filter>
    </ClInclude>
    <ClInclude Include="IpPortRegistry.h">
      <Filter>Header Files</Filter>
    </ClInclude>
    <ClInclude Include="IpService.h">
      <Filter>Header Files</Filter>
    </ClInclude>
    <ClInclude Include="IpServiceRegistry.h">
      <Filter>Header Files</Filter>
    </ClInclude>
    <ClInclude Include="NwCliParms.h">
      <Filter>Header Files</Filter>
    </ClInclude>
    <ClInclude Include="NwIncrement.h">
      <Filter>Header Files</Filter>
    </ClInclude>
    <ClInclude Include="NwModule.h">
      <Filter>Header Files</Filter>
    </ClInclude>
    <ClInclude Include="NwTrace.h">
      <Filter>Header Files</Filter>
    </ClInclude>
    <ClInclude Include="NwTracer.h">
      <Filter>Header Files</Filter>
    </ClInclude>
    <ClInclude Include="NwTypes.h">
      <Filter>Header Files</Filter>
    </ClInclude>
    <ClInclude Include="SysIpL2Addr.h">
      <Filter>Header Files</Filter>
    </ClInclude>
    <ClInclude Include="SysIpL3Addr.h">
      <Filter>Header Files</Filter>
    </ClInclude>
    <ClInclude Include="SysSocket.h">
      <Filter>Header Files</Filter>
    </ClInclude>
    <ClInclude Include="SysTcpSocket.h">
      <Filter>Header Files</Filter>
    </ClInclude>
    <ClInclude Include="SysUdpSocket.h">
      <Filter>Header Files</Filter>
    </ClInclude>
    <ClInclude Include="TcpIoThread.h">
      <Filter>Header Files</Filter>
    </ClInclude>
    <ClInclude Include="TcpIpPort.h">
      <Filter>Header Files</Filter>
    </ClInclude>
    <ClInclude Include="TcpIpService.h">
      <Filter>Header Files</Filter>
    </ClInclude>
    <ClInclude Include="UdpIoThread.h">
      <Filter>Header Files</Filter>
    </ClInclude>
    <ClInclude Include="UdpIpPort.h">
      <Filter>Header Files</Filter>
    </ClInclude>
    <ClInclude Include="UdpIpService.h">
      <Filter>Header Files</Filter>
    </ClInclude>
    <ClInclude Include="NwLogs.h">
      <Filter>Header Files</Filter>
    </ClInclude>
    <ClInclude Include="NwDaemons.h">
      <Filter>Header Files</Filter>
    </ClInclude>
    <ClInclude Include="LocalAddrTest.h">
      <Filter>Header Files</Filter>
    </ClInclude>
    <ClInclude Include="NwPools.h">
      <Filter>Header Files</Filter>
    </ClInclude>
    <ClInclude Include="ByteBuffer.h">
      <Filter>Header Files</Filter>
    </ClInclude>
  </ItemGroup>
</Project>