<?xml version="1.0" encoding="utf-8"?>
<Project ToolsVersion="4.0" xmlns="http://schemas.microsoft.com/developer/msbuild/2003">
  <ItemGroup>
    <Filter Include="Source Files">
      <UniqueIdentifier>{4FC737F1-C7A5-4376-A066-2A32D752A2FF}</UniqueIdentifier>
      <Extensions>cpp;c;cc;cxx;def;odl;idl;hpj;bat;asm;asmx</Extensions>
    </Filter>
    <Filter Include="Header Files">
      <UniqueIdentifier>{93995380-89BD-4b04-88EB-625FBE52EBFB}</UniqueIdentifier>
      <Extensions>h;hh;hpp;hxx;hm;inl;inc;xsd</Extensions>
    </Filter>
    <Filter Include="Resource Files">
      <UniqueIdentifier>{67DA6AB6-F800-4c08-8B7A-83BB121AAD01}</UniqueIdentifier>
      <Extensions>rc;ico;cur;bmp;dlg;rc2;rct;bin;rgs;gif;jpg;jpeg;jpe;resx;tiff;tif;png;wav;mfcribbon-ms</Extensions>
    </Filter>
  </ItemGroup>
  <ItemGroup>
    <ClCompile Include="BcAddress.cpp">
      <Filter>Source Files</Filter>
    </ClCompile>
    <ClCompile Include="BcCause.cpp">
      <Filter>Source Files</Filter>
    </ClCompile>
    <ClCompile Include="BcEvents.cpp">
      <Filter>Source Files</Filter>
    </ClCompile>
    <ClCompile Include="BcFactory.cpp">
      <Filter>Source Files</Filter>
    </ClCompile>
    <ClCompile Include="BcHandlers.cpp">
      <Filter>Source Files</Filter>
    </ClCompile>
    <ClCompile Include="BcProgress.cpp">
      <Filter>Source Files</Filter>
    </ClCompile>
    <ClCompile Include="BcProtocol.cpp">
      <Filter>Source Files</Filter>
    </ClCompile>
    <ClCompile Include="BcRouting.cpp">
      <Filter>Source Files</Filter>
    </ClCompile>
    <ClCompile Include="BcService.cpp">
      <Filter>Source Files</Filter>
    </ClCompile>
    <ClCompile Include="BcSsm.cpp">
      <Filter>Source Files</Filter>
    </ClCompile>
    <ClCompile Include="BcStates.cpp">
      <Filter>Source Files</Filter>
    </ClCompile>
    <ClCompile Include="BcTriggers.cpp">
      <Filter>Source Files</Filter>
    </ClCompile>
    <ClCompile Include="CbModule.cpp">
      <Filter>Source Files</Filter>
    </ClCompile>
    <ClCompile Include="DigitString.cpp">
      <Filter>Source Files</Filter>
    </ClCompile>
    <ClCompile Include="ProxyBcSessions.cpp">
      <Filter>Source Files</Filter>
    </ClCompile>
    <ClCompile Include="ServiceCodeRegistry.cpp">
      <Filter>Source Files</Filter>
    </ClCompile>
    <ClCompile Include="TestCallFactory.cpp">
      <Filter>Source Files</Filter>
    </ClCompile>
  </ItemGroup>
  <ItemGroup>
    <ClInclude Include="BcAddress.h">
      <Filter>Header Files</Filter>
    </ClInclude>
    <ClInclude Include="BcCause.h">
      <Filter>Header Files</Filter>
    </ClInclude>
    <ClInclude Include="BcProgress.h">
      <Filter>Header Files</Filter>
    </ClInclude>
    <ClInclude Include="BcProtocol.h">
      <Filter>Header Files</Filter>
    </ClInclude>
    <ClInclude Include="BcRouting.h">
      <Filter>Header Files</Filter>
    </ClInclude>
    <ClInclude Include="BcSessions.h">
      <Filter>Header Files</Filter>
    </ClInclude>
    <ClInclude Include="CbModule.h">
      <Filter>Header Files</Filter>
    </ClInclude>
    <ClInclude Include="ProxyBcSessions.h">
      <Filter>Header Files</Filter>
    </ClInclude>
    <ClInclude Include="ServiceCodeRegistry.h">
      <Filter>Header Files</Filter>
    </ClInclude>
  </ItemGroup>
</Project>