<?xml version="1.0" encoding="utf-8"?>
<Project ToolsVersion="17.0" xmlns="http://schemas.microsoft.com/developer/msbuild/2003">
  <ItemGroup>
    <ClCompile Include="C:\Users\Greg\Documents\rsc\rsc\src\dip\Adjudicator.cpp" />
    <ClCompile Include="C:\Users\Greg\Documents\rsc\rsc\src\dip\BaseBot.cpp" />
    <ClCompile Include="C:\Users\Greg\Documents\rsc\rsc\src\dip\BotThread.cpp" />
    <ClCompile Include="C:\Users\Greg\Documents\rsc\rsc\src\dip\BotTrace.cpp" />
    <ClCompile Include="C:\Users\Greg\Documents\rsc\rsc\src\dip\BotTracer.cpp" />
    <ClCompile Include="C:\Users\Greg\Documents\rsc\rsc\src\dip\ConvoySubversion.cpp" />
    <ClCompile Include="C:\Users\Greg\Documents\rsc\rsc\src\dip\DipModule.cpp" />
    <ClCompile Include="C:\Users\Greg\Documents\rsc\rsc\src\dip\DipProtocol.cpp" />
    <ClCompile Include="C:\Users\Greg\Documents\rsc\rsc\src\dip\Location.cpp" />
    <ClCompile Include="C:\Users\Greg\Documents\rsc\rsc\src\dip\MapAndUnits.cpp" />
    <ClCompile Include="C:\Users\Greg\Documents\rsc\rsc\src\dip\Province.cpp" />
    <ClCompile Include="C:\Users\Greg\Documents\rsc\rsc\src\dip\StartupParameters.cpp" />
    <ClCompile Include="C:\Users\Greg\Documents\rsc\rsc\src\dip\Token.cpp" />
    <ClCompile Include="C:\Users\Greg\Documents\rsc\rsc\src\dip\TokenMessage.cpp" />
    <ClCompile Include="C:\Users\Greg\Documents\rsc\rsc\src\dip\TokenTextMap.cpp" />
    <ClCompile Include="C:\Users\Greg\Documents\rsc\rsc\src\dip\UnitOrder.cpp" />
    <ClCompile Include="C:\Users\Greg\Documents\rsc\rsc\src\dip\WinterOrders.cpp" />
  </ItemGroup>
  <ItemGroup>
    <ClInclude Include="C:\Users\Greg\Documents\rsc\rsc\src\dip\BaseBot.h" />
    <ClInclude Include="C:\Users\Greg\Documents\rsc\rsc\src\dip\BotThread.h" />
    <ClInclude Include="C:\Users\Greg\Documents\rsc\rsc\src\dip\BotTrace.h" />
    <ClInclude Include="C:\Users\Greg\Documents\rsc\rsc\src\dip\BotTracer.h" />
    <ClInclude Include="C:\Users\Greg\Documents\rsc\rsc\src\dip\BotType.h" />
    <ClInclude Include="C:\Users\Greg\Documents\rsc\rsc\src\dip\ConvoySubversion.h" />
    <ClInclude Include="C:\Users\Greg\Documents\rsc\rsc\src\dip\DipModule.h" />
    <ClInclude Include="C:\Users\Greg\Documents\rsc\rsc\src\dip\DipProtocol.h" />
    <ClInclude Include="C:\Users\Greg\Documents\rsc\rsc\src\dip\DipTypes.h" />
    <ClInclude Include="C:\Users\Greg\Documents\rsc\rsc\src\dip\Location.h" />
    <ClInclude Include="C:\Users\Greg\Documents\rsc\rsc\src\dip\MapAndUnits.h" />
    <ClInclude Include="C:\Users\Greg\Documents\rsc\rsc\src\dip\Province.h" />
    <ClInclude Include="C:\Users\Greg\Documents\rsc\rsc\src\dip\StartupParameters.h" />
    <ClInclude Include="C:\Users\Greg\Documents\rsc\rsc\src\dip\Token.h" />
    <ClInclude Include="C:\Users\Greg\Documents\rsc\rsc\src\dip\TokenMessage.h" />
    <ClInclude Include="C:\Users\Greg\Documents\rsc\rsc\src\dip\TokenTextMap.h" />
    <ClInclude Include="C:\Users\Greg\Documents\rsc\rsc\src\dip\UnitOrder.h" />
    <ClInclude Include="C:\Users\Greg\Documents\rsc\rsc\src\dip\WinterOrders.h" />
  </ItemGroup>
  <ItemGroup>
    <CustomBuild Include="C:\Users\Greg\Documents\rsc\rsc\src\dip\CMakeLists.txt" />
  </ItemGroup>
  <ItemGroup>
  </ItemGroup>
</Project>
