<?xml version="1.0" encoding="utf-8"?>
<Project ToolsVersion="17.0" xmlns="http://schemas.microsoft.com/developer/msbuild/2003">
  <ItemGroup>
    <ClCompile Include="C:\Users\Greg\Documents\rsc\rsc\src\nt\FunctionProfiler.cpp">
      <Filter>Source Files</Filter>
    </ClCompile>
    <ClCompile Include="C:\Users\Greg\Documents\rsc\rsc\src\nt\FunctionStats.cpp">
      <Filter>Source Files</Filter>
    </ClCompile>
    <ClCompile Include="C:\Users\Greg\Documents\rsc\rsc\src\nt\NtIncrement.cpp">
      <Filter>Source Files</Filter>
    </ClCompile>
    <ClCompile Include="C:\Users\Greg\Documents\rsc\rsc\src\nt\NtModule.cpp">
      <Filter>Source Files</Filter>
    </ClCompile>
    <ClCompile Include="C:\Users\Greg\Documents\rsc\rsc\src\nt\NtTestData.cpp">
      <Filter>Source Files</Filter>
    </ClCompile>
    <ClCompile Include="C:\Users\Greg\Documents\rsc\rsc\src\nt\TestDatabase.cpp">
      <Filter>Source Files</Filter>
    </ClCompile>
  </ItemGroup>
  <ItemGroup>
    <ClInclude Include="C:\Users\Greg\Documents\rsc\rsc\src\nt\FunctionProfiler.h">
      <Filter>Header Files</Filter>
    </ClInclude>
    <ClInclude Include="C:\Users\Greg\Documents\rsc\rsc\src\nt\FunctionStats.h">
      <Filter>Header Files</Filter>
    </ClInclude>
    <ClInclude Include="C:\Users\Greg\Documents\rsc\rsc\src\nt\NtIncrement.h">
      <Filter>Header Files</Filter>
    </ClInclude>
    <ClInclude Include="C:\Users\Greg\Documents\rsc\rsc\src\nt\NtModule.h">
      <Filter>Header Files</Filter>
    </ClInclude>
    <ClInclude Include="C:\Users\Greg\Documents\rsc\rsc\src\nt\NtTestData.h">
      <Filter>Header Files</Filter>
    </ClInclude>
    <ClInclude Include="C:\Users\Greg\Documents\rsc\rsc\src\nt\TestDatabase.h">
      <Filter>Header Files</Filter>
    </ClInclude>
  </ItemGroup>
  <ItemGroup>
    <CustomBuild Include="C:\Users\Greg\Documents\rsc\rsc\src\nt\CMakeLists.txt" />
  </ItemGroup>
  <ItemGroup>
    <Filter Include="Header Files">
      <UniqueIdentifier>{7D8225C1-7BE3-391A-ACD6-AA9F106BA8F2}</UniqueIdentifier>
    </Filter>
    <Filter Include="Source Files">
      <UniqueIdentifier>{CD31E931-6416-3FC6-A175-57F96F638153}</UniqueIdentifier>
    </Filter>
  </ItemGroup>
</Project>
