
Microsoft Visual Studio Solution File, Format Version 12.00
# Visual Studio Version 17
Project("{2150E333-8FDC-42A3-9474-1A3956D46DE8}") = "CMakePredefinedTargets", "CMakePredefinedTargets", "{1FAEBC30-EB6F-336F-BDA0-B43BE8F8925F}"
EndProject
Project("{8BC9CEB8-8B4A-11D0-8D11-00A0C91BC942}") = "ALL_BUILD", "ALL_BUILD.vcxproj", "{363C68C2-E6C9-3F53-BFA7-610F6D8C5AC0}"
	ProjectSection(ProjectDependencies) = postProject
		{C4265043-5604-303D-8600-D44262787CDD} = {C4265043-5604-303D-8600-D44262787CDD}
		{EBC02642-602D-33C9-B1B3-D5A2388E0426} = {EBC02642-602D-33C9-B1B3-D5A2388E0426}
		{1A615CF3-9BB0-3586-BD80-1671B35A878F} = {1A615CF3-9BB0-3586-BD80-1671B35A878F}
		{56B0E0DF-BEF7-34B7-9DB6-6CB201C1245A} = {56B0E0DF-BEF7-34B7-9DB6-6CB201C1245A}
		{31E4081B-A6CF-3D8D-9393-250688191AA2} = {31E4081B-A6CF-3D8D-9393-250688191AA2}
		{10447D99-6E67-3FA7-91F9-1C1F17340847} = {10447D99-6E67-3FA7-91F9-1C1F17340847}
		{21A279C2-D8EE-3813-B7D9-0377298556C7} = {21A279C2-D8EE-3813-B7D9-0377298556C7}
		{738A376E-1D97-3B81-95CD-CDBB0AEB3E76} = {738A376E-1D97-3B81-95CD-CDBB0AEB3E76}
		{90CE693F-5DC2-356F-AB0C-C2D18B28FF70} = {90CE693F-5DC2-356F-AB0C-C2D18B28FF70}
		{04423FE6-2659-3D81-9A59-3EF8DFCAC932} = {04423FE6-2659-3D81-9A59-3EF8DFCAC932}
		{16C90F96-01EF-3A15-B2BC-03094C36D6BA} = {16C90F96-01EF-3A15-B2BC-03094C36D6BA}
		{1383F019-1D7F-3715-9A4A-14259D18F767} = {1383F019-1D7F-3715-9A4A-14259D18F767}
		{2246B4CF-EE2A-3BE6-9B20-87F43E62FC55} = {2246B4CF-EE2A-3BE6-9B20-87F43E62FC55}
		{3C9FC3A3-C436-3A26-86EF-AC6953485C3E} = {3C9FC3A3-C436-3A26-86EF-AC6953485C3E}
		{ADA6B43D-B5AC-3144-8784-0323C756DA61} = {ADA6B43D-B5AC-3144-8784-0323C756DA61}
		{ABEA2865-992D-3B75-BBA0-CB774D48F7DF} = {ABEA2865-992D-3B75-BBA0-CB774D48F7DF}
		{9770A771-86B5-39D5-AC74-556AA7E38DB4} = {9770A771-86B5-39D5-AC74-556AA7E38DB4}
		{F726C7F5-8D6A-306A-8F18-FF97C3768CED} = {F726C7F5-8D6A-306A-8F18-FF97C3768CED}
	EndProjectSection
EndProject
Project("{8BC9CEB8-8B4A-11D0-8D11-00A0C91BC942}") = "ZERO_CHECK", "ZERO_CHECK.vcxproj", "{C4265043-5604-303D-8600-D44262787CDD}"
	ProjectSection(ProjectDependencies) = postProject
	EndProjectSection
EndProject
Project("{8BC9CEB8-8B4A-11D0-8D11-00A0C91BC942}") = "an", "an\an.vcxproj", "{EBC02642-602D-33C9-B1B3-D5A2388E0426}"
	ProjectSection(ProjectDependencies) = postProject
		{C4265043-5604-303D-8600-D44262787CDD} = {C4265043-5604-303D-8600-D44262787CDD}
		{1A615CF3-9BB0-3586-BD80-1671B35A878F} = {1A615CF3-9BB0-3586-BD80-1671B35A878F}
		{738A376E-1D97-3B81-95CD-CDBB0AEB3E76} = {738A376E-1D97-3B81-95CD-CDBB0AEB3E76}
		{90CE693F-5DC2-356F-AB0C-C2D18B28FF70} = {90CE693F-5DC2-356F-AB0C-C2D18B28FF70}
		{04423FE6-2659-3D81-9A59-3EF8DFCAC932} = {04423FE6-2659-3D81-9A59-3EF8DFCAC932}
		{16C90F96-01EF-3A15-B2BC-03094C36D6BA} = {16C90F96-01EF-3A15-B2BC-03094C36D6BA}
		{2246B4CF-EE2A-3BE6-9B20-87F43E62FC55} = {2246B4CF-EE2A-3BE6-9B20-87F43E62FC55}
		{ABEA2865-992D-3B75-BBA0-CB774D48F7DF} = {ABEA2865-992D-3B75-BBA0-CB774D48F7DF}
		{F726C7F5-8D6A-306A-8F18-FF97C3768CED} = {F726C7F5-8D6A-306A-8F18-FF97C3768CED}
	EndProjectSection
EndProject
Project("{8BC9CEB8-8B4A-11D0-8D11-00A0C91BC942}") = "cb", "cb\cb.vcxproj", "{1A615CF3-9BB0-3586-BD80-1671B35A878F}"
	ProjectSection(ProjectDependencies) = postProject
		{C4265043-5604-303D-8600-D44262787CDD} = {C4265043-5604-303D-8600-D44262787CDD}
		{738A376E-1D97-3B81-95CD-CDBB0AEB3E76} = {738A376E-1D97-3B81-95CD-CDBB0AEB3E76}
		{90CE693F-5DC2-356F-AB0C-C2D18B28FF70} = {90CE693F-5DC2-356F-AB0C-C2D18B28FF70}
		{04423FE6-2659-3D81-9A59-3EF8DFCAC932} = {04423FE6-2659-3D81-9A59-3EF8DFCAC932}
		{16C90F96-01EF-3A15-B2BC-03094C36D6BA} = {16C90F96-01EF-3A15-B2BC-03094C36D6BA}
		{ABEA2865-992D-3B75-BBA0-CB774D48F7DF} = {ABEA2865-992D-3B75-BBA0-CB774D48F7DF}
		{F726C7F5-8D6A-306A-8F18-FF97C3768CED} = {F726C7F5-8D6A-306A-8F18-FF97C3768CED}
	EndProjectSection
EndProject
Project("{8BC9CEB8-8B4A-11D0-8D11-00A0C91BC942}") = "cn", "cn\cn.vcxproj", "{56B0E0DF-BEF7-34B7-9DB6-6CB201C1245A}"
	ProjectSection(ProjectDependencies) = postProject
		{C4265043-5604-303D-8600-D44262787CDD} = {C4265043-5604-303D-8600-D44262787CDD}
		{90CE693F-5DC2-356F-AB0C-C2D18B28FF70} = {90CE693F-5DC2-356F-AB0C-C2D18B28FF70}
		{16C90F96-01EF-3A15-B2BC-03094C36D6BA} = {16C90F96-01EF-3A15-B2BC-03094C36D6BA}
		{ABEA2865-992D-3B75-BBA0-CB774D48F7DF} = {ABEA2865-992D-3B75-BBA0-CB774D48F7DF}
	EndProjectSection
EndProject
Project("{8BC9CEB8-8B4A-11D0-8D11-00A0C91BC942}") = "ct", "ct\ct.vcxproj", "{31E4081B-A6CF-3D8D-9393-250688191AA2}"
	ProjectSection(ProjectDependencies) = postProject
		{C4265043-5604-303D-8600-D44262787CDD} = {C4265043-5604-303D-8600-D44262787CDD}
		{90CE693F-5DC2-356F-AB0C-C2D18B28FF70} = {90CE693F-5DC2-356F-AB0C-C2D18B28FF70}
		{04423FE6-2659-3D81-9A59-3EF8DFCAC932} = {04423FE6-2659-3D81-9A59-3EF8DFCAC932}
	EndProjectSection
EndProject
Project("{8BC9CEB8-8B4A-11D0-8D11-00A0C91BC942}") = "dip", "dip\dip.vcxproj", "{10447D99-6E67-3FA7-91F9-1C1F17340847}"
	ProjectSection(ProjectDependencies) = postProject
		{C4265043-5604-303D-8600-D44262787CDD} = {C4265043-5604-303D-8600-D44262787CDD}
		{90CE693F-5DC2-356F-AB0C-C2D18B28FF70} = {90CE693F-5DC2-356F-AB0C-C2D18B28FF70}
		{16C90F96-01EF-3A15-B2BC-03094C36D6BA} = {16C90F96-01EF-3A15-B2BC-03094C36D6BA}
	EndProjectSection
EndProject
Project("{8BC9CEB8-8B4A-11D0-8D11-00A0C91BC942}") = "launcher", "launcher\launcher.vcxproj", "{21A279C2-D8EE-3813-B7D9-0377298556C7}"
	ProjectSection(ProjectDependencies) = postProject
		{C4265043-5604-303D-8600-D44262787CDD} = {C4265043-5604-303D-8600-D44262787CDD}
	EndProjectSection
EndProject
Project("{8BC9CEB8-8B4A-11D0-8D11-00A0C91BC942}") = "mb", "mb\mb.vcxproj", "{738A376E-1D97-3B81-95CD-CDBB0AEB3E76}"
	ProjectSection(ProjectDependencies) = postProject
		{C4265043-5604-303D-8600-D44262787CDD} = {C4265043-5604-303D-8600-D44262787CDD}
		{90CE693F-5DC2-356F-AB0C-C2D18B28FF70} = {90CE693F-5DC2-356F-AB0C-C2D18B28FF70}
		{16C90F96-01EF-3A15-B2BC-03094C36D6BA} = {16C90F96-01EF-3A15-B2BC-03094C36D6BA}
		{ABEA2865-992D-3B75-BBA0-CB774D48F7DF} = {ABEA2865-992D-3B75-BBA0-CB774D48F7DF}
	EndProjectSection
EndProject
Project("{8BC9CEB8-8B4A-11D0-8D11-00A0C91BC942}") = "nb", "nb\nb.vcxproj", "{90CE693F-5DC2-356F-AB0C-C2D18B28FF70}"
	ProjectSection(ProjectDependencies) = postProject
		{C4265043-5604-303D-8600-D44262787CDD} = {C4265043-5604-303D-8600-D44262787CDD}
	EndProjectSection
EndProject
Project("{8BC9CEB8-8B4A-11D0-8D11-00A0C91BC942}") = "nt", "nt\nt.vcxproj", "{04423FE6-2659-3D81-9A59-3EF8DFCAC932}"
	ProjectSection(ProjectDependencies) = postProject
		{C4265043-5604-303D-8600-D44262787CDD} = {C4265043-5604-303D-8600-D44262787CDD}
		{90CE693F-5DC2-356F-AB0C-C2D18B28FF70} = {90CE693F-5DC2-356F-AB0C-C2D18B28FF70}
	EndProjectSection
EndProject
Project("{8BC9CEB8-8B4A-11D0-8D11-00A0C91BC942}") = "nw", "nw\nw.vcxproj", "{16C90F96-01EF-3A15-B2BC-03094C36D6BA}"
	ProjectSection(ProjectDependencies) = postProject
		{C4265043-5604-303D-8600-D44262787CDD} = {C4265043-5604-303D-8600-D44262787CDD}
		{90CE693F-5DC2-356F-AB0C-C2D18B28FF70} = {90CE693F-5DC2-356F-AB0C-C2D18B28FF70}
	EndProjectSection
EndProject
Project("{8BC9CEB8-8B4A-11D0-8D11-00A0C91BC942}") = "on", "on\on.vcxproj", "{1383F019-1D7F-3715-9A4A-14259D18F767}"
	ProjectSection(ProjectDependencies) = postProject
		{C4265043-5604-303D-8600-D44262787CDD} = {C4265043-5604-303D-8600-D44262787CDD}
		{1A615CF3-9BB0-3586-BD80-1671B35A878F} = {1A615CF3-9BB0-3586-BD80-1671B35A878F}
		{56B0E0DF-BEF7-34B7-9DB6-6CB201C1245A} = {56B0E0DF-BEF7-34B7-9DB6-6CB201C1245A}
		{738A376E-1D97-3B81-95CD-CDBB0AEB3E76} = {738A376E-1D97-3B81-95CD-CDBB0AEB3E76}
		{90CE693F-5DC2-356F-AB0C-C2D18B28FF70} = {90CE693F-5DC2-356F-AB0C-C2D18B28FF70}
		{04423FE6-2659-3D81-9A59-3EF8DFCAC932} = {04423FE6-2659-3D81-9A59-3EF8DFCAC932}
		{16C90F96-01EF-3A15-B2BC-03094C36D6BA} = {16C90F96-01EF-3A15-B2BC-03094C36D6BA}
		{2246B4CF-EE2A-3BE6-9B20-87F43E62FC55} = {2246B4CF-EE2A-3BE6-9B20-87F43E62FC55}
		{ABEA2865-992D-3B75-BBA0-CB774D48F7DF} = {ABEA2865-992D-3B75-BBA0-CB774D48F7DF}
		{F726C7F5-8D6A-306A-8F18-FF97C3768CED} = {F726C7F5-8D6A-306A-8F18-FF97C3768CED}
	EndProjectSection
EndProject
Project("{8BC9CEB8-8B4A-11D0-8D11-00A0C91BC942}") = "pb", "pb\pb.vcxproj", "{2246B4CF-EE2A-3BE6-9B20-87F43E62FC55}"
	ProjectSection(ProjectDependencies) = postProject
		{C4265043-5604-303D-8600-D44262787CDD} = {C4265043-5604-303D-8600-D44262787CDD}
		{1A615CF3-9BB0-3586-BD80-1671B35A878F} = {1A615CF3-9BB0-3586-BD80-1671B35A878F}
		{738A376E-1D97-3B81-95CD-CDBB0AEB3E76} = {738A376E-1D97-3B81-95CD-CDBB0AEB3E76}
		{90CE693F-5DC2-356F-AB0C-C2D18B28FF70} = {90CE693F-5DC2-356F-AB0C-C2D18B28FF70}
		{04423FE6-2659-3D81-9A59-3EF8DFCAC932} = {04423FE6-2659-3D81-9A59-3EF8DFCAC932}
		{16C90F96-01EF-3A15-B2BC-03094C36D6BA} = {16C90F96-01EF-3A15-B2BC-03094C36D6BA}
		{ABEA2865-992D-3B75-BBA0-CB774D48F7DF} = {ABEA2865-992D-3B75-BBA0-CB774D48F7DF}
		{F726C7F5-8D6A-306A-8F18-FF97C3768CED} = {F726C7F5-8D6A-306A-8F18-FF97C3768CED}
	EndProjectSection
EndProject
Project("{8BC9CEB8-8B4A-11D0-8D11-00A0C91BC942}") = "rn", "rn\rn.vcxproj", "{3C9FC3A3-C436-3A26-86EF-AC6953485C3E}"
	ProjectSection(ProjectDependencies) = postProject
		{C4265043-5604-303D-8600-D44262787CDD} = {C4265043-5604-303D-8600-D44262787CDD}
		{1A615CF3-9BB0-3586-BD80-1671B35A878F} = {1A615CF3-9BB0-3586-BD80-1671B35A878F}
		{738A376E-1D97-3B81-95CD-CDBB0AEB3E76} = {738A376E-1D97-3B81-95CD-CDBB0AEB3E76}
		{90CE693F-5DC2-356F-AB0C-C2D18B28FF70} = {90CE693F-5DC2-356F-AB0C-C2D18B28FF70}
		{04423FE6-2659-3D81-9A59-3EF8DFCAC932} = {04423FE6-2659-3D81-9A59-3EF8DFCAC932}
		{16C90F96-01EF-3A15-B2BC-03094C36D6BA} = {16C90F96-01EF-3A15-B2BC-03094C36D6BA}
		{ABEA2865-992D-3B75-BBA0-CB774D48F7DF} = {ABEA2865-992D-3B75-BBA0-CB774D48F7DF}
		{F726C7F5-8D6A-306A-8F18-FF97C3768CED} = {F726C7F5-8D6A-306A-8F18-FF97C3768CED}
	EndProjectSection
EndProject
Project("{8BC9CEB8-8B4A-11D0-8D11-00A0C91BC942}") = "rsc", "rsc\rsc.vcxproj", "{ADA6B43D-B5AC-3144-8784-0323C756DA61}"
	ProjectSection(ProjectDependencies) = postProject
		{C4265043-5604-303D-8600-D44262787CDD} = {C4265043-5604-303D-8600-D44262787CDD}
		{EBC02642-602D-33C9-B1B3-D5A2388E0426} = {EBC02642-602D-33C9-B1B3-D5A2388E0426}
		{1A615CF3-9BB0-3586-BD80-1671B35A878F} = {1A615CF3-9BB0-3586-BD80-1671B35A878F}
		{56B0E0DF-BEF7-34B7-9DB6-6CB201C1245A} = {56B0E0DF-BEF7-34B7-9DB6-6CB201C1245A}
		{31E4081B-A6CF-3D8D-9393-250688191AA2} = {31E4081B-A6CF-3D8D-9393-250688191AA2}
		{10447D99-6E67-3FA7-91F9-1C1F17340847} = {10447D99-6E67-3FA7-91F9-1C1F17340847}
		{738A376E-1D97-3B81-95CD-CDBB0AEB3E76} = {738A376E-1D97-3B81-95CD-CDBB0AEB3E76}
		{90CE693F-5DC2-356F-AB0C-C2D18B28FF70} = {90CE693F-5DC2-356F-AB0C-C2D18B28FF70}
		{04423FE6-2659-3D81-9A59-3EF8DFCAC932} = {04423FE6-2659-3D81-9A59-3EF8DFCAC932}
		{16C90F96-01EF-3A15-B2BC-03094C36D6BA} = {16C90F96-01EF-3A15-B2BC-03094C36D6BA}
		{1383F019-1D7F-3715-9A4A-14259D18F767} = {1383F019-1D7F-3715-9A4A-14259D18F767}
		{2246B4CF-EE2A-3BE6-9B20-87F43E62FC55} = {2246B4CF-EE2A-3BE6-9B20-87F43E62FC55}
		{3C9FC3A3-C436-3A26-86EF-AC6953485C3E} = {3C9FC3A3-C436-3A26-86EF-AC6953485C3E}
		{ABEA2865-992D-3B75-BBA0-CB774D48F7DF} = {ABEA2865-992D-3B75-BBA0-CB774D48F7DF}
		{9770A771-86B5-39D5-AC74-556AA7E38DB4} = {9770A771-86B5-39D5-AC74-556AA7E38DB4}
		{F726C7F5-8D6A-306A-8F18-FF97C3768CED} = {F726C7F5-8D6A-306A-8F18-FF97C3768CED}
	EndProjectSection
EndProject
Project("{8BC9CEB8-8B4A-11D0-8D11-00A0C91BC942}") = "sb", "sb\sb.vcxproj", "{ABEA2865-992D-3B75-BBA0-CB774D48F7DF}"
	ProjectSection(ProjectDependencies) = postProject
		{C4265043-5604-303D-8600-D44262787CDD} = {C4265043-5604-303D-8600-D44262787CDD}
		{90CE693F-5DC2-356F-AB0C-C2D18B28FF70} = {90CE693F-5DC2-356F-AB0C-C2D18B28FF70}
		{16C90F96-01EF-3A15-B2BC-03094C36D6BA} = {16C90F96-01EF-3A15-B2BC-03094C36D6BA}
	EndProjectSection
EndProject
Project("{8BC9CEB8-8B4A-11D0-8D11-00A0C91BC942}") = "sn", "sn\sn.vcxproj", "{9770A771-86B5-39D5-AC74-556AA7E38DB4}"
	ProjectSection(ProjectDependencies) = postProject
		{C4265043-5604-303D-8600-D44262787CDD} = {C4265043-5604-303D-8600-D44262787CDD}
		{1A615CF3-9BB0-3586-BD80-1671B35A878F} = {1A615CF3-9BB0-3586-BD80-1671B35A878F}
		{738A376E-1D97-3B81-95CD-CDBB0AEB3E76} = {738A376E-1D97-3B81-95CD-CDBB0AEB3E76}
		{90CE693F-5DC2-356F-AB0C-C2D18B28FF70} = {90CE693F-5DC2-356F-AB0C-C2D18B28FF70}
		{16C90F96-01EF-3A15-B2BC-03094C36D6BA} = {16C90F96-01EF-3A15-B2BC-03094C36D6BA}
		{2246B4CF-EE2A-3BE6-9B20-87F43E62FC55} = {2246B4CF-EE2A-3BE6-9B20-87F43E62FC55}
		{ABEA2865-992D-3B75-BBA0-CB774D48F7DF} = {ABEA2865-992D-3B75-BBA0-CB774D48F7DF}
	EndProjectSection
EndProject
Project("{8BC9CEB8-8B4A-11D0-8D11-00A0C91BC942}") = "st", "st\st.vcxproj", "{F726C7F5-8D6A-306A-8F18-FF97C3768CED}"
	ProjectSection(ProjectDependencies) = postProject
		{C4265043-5604-303D-8600-D44262787CDD} = {C4265043-5604-303D-8600-D44262787CDD}
		{90CE693F-5DC2-356F-AB0C-C2D18B28FF70} = {90CE693F-5DC2-356F-AB0C-C2D18B28FF70}
		{04423FE6-2659-3D81-9A59-3EF8DFCAC932} = {04423FE6-2659-3D81-9A59-3EF8DFCAC932}
		{16C90F96-01EF-3A15-B2BC-03094C36D6BA} = {16C90F96-01EF-3A15-B2BC-03094C36D6BA}
		{ABEA2865-992D-3B75-BBA0-CB774D48F7DF} = {ABEA2865-992D-3B75-BBA0-CB774D48F7DF}
	EndProjectSection
EndProject
Global
	GlobalSection(SolutionConfigurationPlatforms) = preSolution
		Debug|x64 = Debug|x64
		Release|x64 = Release|x64
	EndGlobalSection
	GlobalSection(ProjectConfigurationPlatforms) = postSolution
		{363C68C2-E6C9-3F53-BFA7-610F6D8C5AC0}.Debug|x64.ActiveCfg = Debug|x64
		{363C68C2-E6C9-3F53-BFA7-610F6D8C5AC0}.Release|x64.ActiveCfg = Release|x64
		{C4265043-5604-303D-8600-D44262787CDD}.Debug|x64.ActiveCfg = Debug|x64
		{C4265043-5604-303D-8600-D44262787CDD}.Debug|x64.Build.0 = Debug|x64
		{C4265043-5604-303D-8600-D44262787CDD}.Release|x64.ActiveCfg = Release|x64
		{C4265043-5604-303D-8600-D44262787CDD}.Release|x64.Build.0 = Release|x64
		{EBC02642-602D-33C9-B1B3-D5A2388E0426}.Debug|x64.ActiveCfg = Debug|x64
		{EBC02642-602D-33C9-B1B3-D5A2388E0426}.Debug|x64.Build.0 = Debug|x64
		{EBC02642-602D-33C9-B1B3-D5A2388E0426}.Release|x64.ActiveCfg = Release|x64
		{EBC02642-602D-33C9-B1B3-D5A2388E0426}.Release|x64.Build.0 = Release|x64
		{1A615CF3-9BB0-3586-BD80-1671B35A878F}.Debug|x64.ActiveCfg = Debug|x64
		{1A615CF3-9BB0-3586-BD80-1671B35A878F}.Debug|x64.Build.0 = Debug|x64
		{1A615CF3-9BB0-3586-BD80-1671B35A878F}.Release|x64.ActiveCfg = Release|x64
		{1A615CF3-9BB0-3586-BD80-1671B35A878F}.Release|x64.Build.0 = Release|x64
		{56B0E0DF-BEF7-34B7-9DB6-6CB201C1245A}.Debug|x64.ActiveCfg = Debug|x64
		{56B0E0DF-BEF7-34B7-9DB6-6CB201C1245A}.Debug|x64.Build.0 = Debug|x64
		{56B0E0DF-BEF7-34B7-9DB6-6CB201C1245A}.Release|x64.ActiveCfg = Release|x64
		{56B0E0DF-BEF7-34B7-9DB6-6CB201C1245A}.Release|x64.Build.0 = Release|x64
		{31E4081B-A6CF-3D8D-9393-250688191AA2}.Debug|x64.ActiveCfg = Debug|x64
		{31E4081B-A6CF-3D8D-9393-250688191AA2}.Debug|x64.Build.0 = Debug|x64
		{31E4081B-A6CF-3D8D-9393-250688191AA2}.Release|x64.ActiveCfg = Release|x64
		{31E4081B-A6CF-3D8D-9393-250688191AA2}.Release|x64.Build.0 = Release|x64
		{10447D99-6E67-3FA7-91F9-1C1F17340847}.Debug|x64.ActiveCfg = Debug|x64
		{10447D99-6E67-3FA7-91F9-1C1F17340847}.Debug|x64.Build.0 = Debug|x64
		{10447D99-6E67-3FA7-91F9-1C1F17340847}.Release|x64.ActiveCfg = Release|x64
		{10447D99-6E67-3FA7-91F9-1C1F17340847}.Release|x64.Build.0 = Release|x64
		{21A279C2-D8EE-3813-B7D9-0377298556C7}.Debug|x64.ActiveCfg = Debug|x64
		{21A279C2-D8EE-3813-B7D9-0377298556C7}.Debug|x64.Build.0 = Debug|x64
		{21A279C2-D8EE-3813-B7D9-0377298556C7}.Release|x64.ActiveCfg = Release|x64
		{21A279C2-D8EE-3813-B7D9-0377298556C7}.Release|x64.Build.0 = Release|x64
		{738A376E-1D97-3B81-95CD-CDBB0AEB3E76}.Debug|x64.ActiveCfg = Debug|x64
		{738A376E-1D97-3B81-95CD-CDBB0AEB3E76}.Debug|x64.Build.0 = Debug|x64
		{738A376E-1D97-3B81-95CD-CDBB0AEB3E76}.Release|x64.ActiveCfg = Release|x64
		{738A376E-1D97-3B81-95CD-CDBB0AEB3E76}.Release|x64.Build.0 = Release|x64
		{90CE693F-5DC2-356F-AB0C-C2D18B28FF70}.Debug|x64.ActiveCfg = Debug|x64
		{90CE693F-5DC2-356F-AB0C-C2D18B28FF70}.Debug|x64.Build.0 = Debug|x64
		{90CE693F-5DC2-356F-AB0C-C2D18B28FF70}.Release|x64.ActiveCfg = Release|x64
		{90CE693F-5DC2-356F-AB0C-C2D18B28FF70}.Release|x64.Build.0 = Release|x64
		{04423FE6-2659-3D81-9A59-3EF8DFCAC932}.Debug|x64.ActiveCfg = Debug|x64
		{04423FE6-2659-3D81-9A59-3EF8DFCAC932}.Debug|x64.Build.0 = Debug|x64
		{04423FE6-2659-3D81-9A59-3EF8DFCAC932}.Release|x64.ActiveCfg = Release|x64
		{04423FE6-2659-3D81-9A59-3EF8DFCAC932}.Release|x64.Build.0 = Release|x64
		{16C90F96-01EF-3A15-B2BC-03094C36D6BA}.Debug|x64.ActiveCfg = Debug|x64
		{16C90F96-01EF-3A15-B2BC-03094C36D6BA}.Debug|x64.Build.0 = Debug|x64
		{16C90F96-01EF-3A15-B2BC-03094C36D6BA}.Release|x64.ActiveCfg = Release|x64
		{16C90F96-01EF-3A15-B2BC-03094C36D6BA}.Release|x64.Build.0 = Release|x64
		{1383F019-1D7F-3715-9A4A-14259D18F767}.Debug|x64.ActiveCfg = Debug|x64
		{1383F019-1D7F-3715-9A4A-14259D18F767}.Debug|x64.Build.0 = Debug|x64
		{1383F019-1D7F-3715-9A4A-14259D18F767}.Release|x64.ActiveCfg = Release|x64
		{1383F019-1D7F-3715-9A4A-14259D18F767}.Release|x64.Build.0 = Release|x64
		{2246B4CF-EE2A-3BE6-9B20-87F43E62FC55}.Debug|x64.ActiveCfg = Debug|x64
		{2246B4CF-EE2A-3BE6-9B20-87F43E62FC55}.Debug|x64.Build.0 = Debug|x64
		{2246B4CF-EE2A-3BE6-9B20-87F43E62FC55}.Release|x64.ActiveCfg = Release|x64
		{2246B4CF-EE2A-3BE6-9B20-87F43E62FC55}.Release|x64.Build.0 = Release|x64
		{3C9FC3A3-C436-3A26-86EF-AC6953485C3E}.Debug|x64.ActiveCfg = Debug|x64
		{3C9FC3A3-C436-3A26-86EF-AC6953485C3E}.Debug|x64.Build.0 = Debug|x64
		{3C9FC3A3-C436-3A26-86EF-AC6953485C3E}.Release|x64.ActiveCfg = Release|x64
		{3C9FC3A3-C436-3A26-86EF-AC6953485C3E}.Release|x64.Build.0 = Release|x64
		{ADA6B43D-B5AC-3144-8784-0323C756DA61}.Debug|x64.ActiveCfg = Debug|x64
		{ADA6B43D-B5AC-3144-8784-0323C756DA61}.Debug|x64.Build.0 = Debug|x64
		{ADA6B43D-B5AC-3144-8784-0323C756DA61}.Release|x64.ActiveCfg = Release|x64
		{ADA6B43D-B5AC-3144-8784-0323C756DA61}.Release|x64.Build.0 = Release|x64
		{ABEA2865-992D-3B75-BBA0-CB774D48F7DF}.Debug|x64.ActiveCfg = Debug|x64
		{ABEA2865-992D-3B75-BBA0-CB774D48F7DF}.Debug|x64.Build.0 = Debug|x64
		{ABEA2865-992D-3B75-BBA0-CB774D48F7DF}.Release|x64.ActiveCfg = Release|x64
		{ABEA2865-992D-3B75-BBA0-CB774D48F7DF}.Release|x64.Build.0 = Release|x64
		{9770A771-86B5-39D5-AC74-556AA7E38DB4}.Debug|x64.ActiveCfg = Debug|x64
		{9770A771-86B5-39D5-AC74-556AA7E38DB4}.Debug|x64.Build.0 = Debug|x64
		{9770A771-86B5-39D5-AC74-556AA7E38DB4}.Release|x64.ActiveCfg = Release|x64
		{9770A771-86B5-39D5-AC74-556AA7E38DB4}.Release|x64.Build.0 = Release|x64
		{F726C7F5-8D6A-306A-8F18-FF97C3768CED}.Debug|x64.ActiveCfg = Debug|x64
		{F726C7F5-8D6A-306A-8F18-FF97C3768CED}.Debug|x64.Build.0 = Debug|x64
		{F726C7F5-8D6A-306A-8F18-FF97C3768CED}.Release|x64.ActiveCfg = Release|x64
		{F726C7F5-8D6A-306A-8F18-FF97C3768CED}.Release|x64.Build.0 = Release|x64
	EndGlobalSection
	GlobalSection(NestedProjects) = preSolution
		{363C68C2-E6C9-3F53-BFA7-610F6D8C5AC0} = {1FAEBC30-EB6F-336F-BDA0-B43BE8F8925F}
		{C4265043-5604-303D-8600-D44262787CDD} = {1FAEBC30-EB6F-336F-BDA0-B43BE8F8925F}
	EndGlobalSection
	GlobalSection(ExtensibilityGlobals) = postSolution
		SolutionGuid = {D99C72D9-2D15-35B3-B9E9-ADA5BED0385C}
	EndGlobalSection
	GlobalSection(ExtensibilityAddIns) = postSolution
	EndGlobalSection
EndGlobal
